
Microsoft Visual Studio Solution File, Format Version 12.00
# Visual Studio Version 16
VisualStudioVersion = 16.0.29418.71
MinimumVisualStudioVersion = 10.0.40219.1
Project("{FAE04EC0-301F-11D3-BF4B-00C04F79EFBC}") = "MarathonApp.UWP", "MarathonApp\MarathonApp.UWP\MarathonApp.UWP.csproj", "{CCEACEC4-FC71-48F4-A79E-7C690C61E3FD}"
EndProject
Project("{FAE04EC0-301F-11D3-BF4B-00C04F79EFBC}") = "MarathonApp.Android", "MarathonApp\MarathonApp.Android\MarathonApp.Android.csproj", "{7A178775-9E21-4E84-9438-822BBBB463F6}"
EndProject
Project("{FAE04EC0-301F-11D3-BF4B-00C04F79EFBC}") = "MarathonApp.iOS", "MarathonApp\MarathonApp.iOS\MarathonApp.iOS.csproj", "{0BBA09B5-EB83-444C-AA2F-EC84DA5FD2FA}"
EndProject
Project("{FAE04EC0-301F-11D3-BF4B-00C04F79EFBC}") = "MarathonApp", "MarathonApp\MarathonApp\MarathonApp.csproj", "{8D8F1A11-3E77-4490-B75E-F5408B4622D0}"
EndProject
Global
	GlobalSection(SolutionConfigurationPlatforms) = preSolution
		Debug|Any CPU = Debug|Any CPU
		Debug|ARM = Debug|ARM
		Debug|iPhone = Debug|iPhone
		Debug|iPhoneSimulator = Debug|iPhoneSimulator
		Debug|x64 = Debug|x64
		Debug|x86 = Debug|x86
		Release|Any CPU = Release|Any CPU
		Release|ARM = Release|ARM
		Release|iPhone = Release|iPhone
		Release|iPhoneSimulator = Release|iPhoneSimulator
		Release|x64 = Release|x64
		Release|x86 = Release|x86
	EndGlobalSection
	GlobalSection(ProjectConfigurationPlatforms) = postSolution
		{CCEACEC4-FC71-48F4-A79E-7C690C61E3FD}.Debug|Any CPU.ActiveCfg = Debug|x86
		{CCEACEC4-FC71-48F4-A79E-7C690C61E3FD}.Debug|Any CPU.Build.0 = Debug|x86
		{CCEACEC4-FC71-48F4-A79E-7C690C61E3FD}.Debug|Any CPU.Deploy.0 = Debug|x86
		{CCEACEC4-FC71-48F4-A79E-7C690C61E3FD}.Debug|ARM.ActiveCfg = Debug|ARM
		{CCEACEC4-FC71-48F4-A79E-7C690C61E3FD}.Debug|ARM.Build.0 = Debug|ARM
		{CCEACEC4-FC71-48F4-A79E-7C690C61E3FD}.Debug|ARM.Deploy.0 = Debug|ARM
		{CCEACEC4-FC71-48F4-A79E-7C690C61E3FD}.Debug|iPhone.ActiveCfg = Debug|x86
		{CCEACEC4-FC71-48F4-A79E-7C690C61E3FD}.Debug|iPhone.Build.0 = Debug|x86
		{CCEACEC4-FC71-48F4-A79E-7C690C61E3FD}.Debug|iPhone.Deploy.0 = Debug|x86
		{CCEACEC4-FC71-48F4-A79E-7C690C61E3FD}.Debug|iPhoneSimulator.ActiveCfg = Debug|x86
		{CCEACEC4-FC71-48F4-A79E-7C690C61E3FD}.Debug|iPhoneSimulator.Build.0 = Debug|x86
		{CCEACEC4-FC71-48F4-A79E-7C690C61E3FD}.Debug|iPhoneSimulator.Deploy.0 = Debug|x86
		{CCEACEC4-FC71-48F4-A79E-7C690C61E3FD}.Debug|x64.ActiveCfg = Debug|x64
		{CCEACEC4-FC71-48F4-A79E-7C690C61E3FD}.Debug|x64.Build.0 = Debug|x64
		{CCEACEC4-FC71-48F4-A79E-7C690C61E3FD}.Debug|x64.Deploy.0 = Debug|x64
		{CCEACEC4-FC71-48F4-A79E-7C690C61E3FD}.Debug|x86.ActiveCfg = Debug|x86
		{CCEACEC4-FC71-48F4-A79E-7C690C61E3FD}.Debug|x86.Build.0 = Debug|x86
		{CCEACEC4-FC71-48F4-A79E-7C690C61E3FD}.Debug|x86.Deploy.0 = Debug|x86
		{CCEACEC4-FC71-48F4-A79E-7C690C61E3FD}.Release|Any CPU.ActiveCfg = Release|x86
		{CCEACEC4-FC71-48F4-A79E-7C690C61E3FD}.Release|Any CPU.Build.0 = Release|x86
		{CCEACEC4-FC71-48F4-A79E-7C690C61E3FD}.Release|Any CPU.Deploy.0 = Release|x86
		{CCEACEC4-FC71-48F4-A79E-7C690C61E3FD}.Release|ARM.ActiveCfg = Release|ARM
		{CCEACEC4-FC71-48F4-A79E-7C690C61E3FD}.Release|ARM.Build.0 = Release|ARM
		{CCEACEC4-FC71-48F4-A79E-7C690C61E3FD}.Release|ARM.Deploy.0 = Release|ARM
		{CCEACEC4-FC71-48F4-A79E-7C690C61E3FD}.Release|iPhone.ActiveCfg = Release|x86
		{CCEACEC4-FC71-48F4-A79E-7C690C61E3FD}.Release|iPhone.Build.0 = Release|x86
		{CCEACEC4-FC71-48F4-A79E-7C690C61E3FD}.Release|iPhone.Deploy.0 = Release|x86
		{CCEACEC4-FC71-48F4-A79E-7C690C61E3FD}.Release|iPhoneSimulator.ActiveCfg = Release|x86
		{CCEACEC4-FC71-48F4-A79E-7C690C61E3FD}.Release|iPhoneSimulator.Build.0 = Release|x86
		{CCEACEC4-FC71-48F4-A79E-7C690C61E3FD}.Release|iPhoneSimulator.Deploy.0 = Release|x86
		{CCEACEC4-FC71-48F4-A79E-7C690C61E3FD}.Release|x64.ActiveCfg = Release|x64
		{CCEACEC4-FC71-48F4-A79E-7C690C61E3FD}.Release|x64.Build.0 = Release|x64
		{CCEACEC4-FC71-48F4-A79E-7C690C61E3FD}.Release|x64.Deploy.0 = Release|x64
		{CCEACEC4-FC71-48F4-A79E-7C690C61E3FD}.Release|x86.ActiveCfg = Release|x86
		{CCEACEC4-FC71-48F4-A79E-7C690C61E3FD}.Release|x86.Build.0 = Release|x86
		{CCEACEC4-FC71-48F4-A79E-7C690C61E3FD}.Release|x86.Deploy.0 = Release|x86
		{7A178775-9E21-4E84-9438-822BBBB463F6}.Debug|Any CPU.ActiveCfg = Debug|Any CPU
		{7A178775-9E21-4E84-9438-822BBBB463F6}.Debug|Any CPU.Build.0 = Debug|Any CPU
		{7A178775-9E21-4E84-9438-822BBBB463F6}.Debug|Any CPU.Deploy.0 = Debug|Any CPU
		{7A178775-9E21-4E84-9438-822BBBB463F6}.Debug|ARM.ActiveCfg = Debug|Any CPU
		{7A178775-9E21-4E84-9438-822BBBB463F6}.Debug|ARM.Build.0 = Debug|Any CPU
		{7A178775-9E21-4E84-9438-822BBBB463F6}.Debug|ARM.Deploy.0 = Debug|Any CPU
		{7A178775-9E21-4E84-9438-822BBBB463F6}.Debug|iPhone.ActiveCfg = Debug|Any CPU
		{7A178775-9E21-4E84-9438-822BBBB463F6}.Debug|iPhone.Build.0 = Debug|Any CPU
		{7A178775-9E21-4E84-9438-822BBBB463F6}.Debug|iPhone.Deploy.0 = Debug|Any CPU
		{7A178775-9E21-4E84-9438-822BBBB463F6}.Debug|iPhoneSimulator.ActiveCfg = Debug|Any CPU
		{7A178775-9E21-4E84-9438-822BBBB463F6}.Debug|iPhoneSimulator.Build.0 = Debug|Any CPU
		{7A178775-9E21-4E84-9438-822BBBB463F6}.Debug|iPhoneSimulator.Deploy.0 = Debug|Any CPU
		{7A178775-9E21-4E84-9438-822BBBB463F6}.Debug|x64.ActiveCfg = Debug|Any CPU
		{7A178775-9E21-4E84-9438-822BBBB463F6}.Debug|x64.Build.0 = Debug|Any CPU
		{7A178775-9E21-4E84-9438-822BBBB463F6}.Debug|x64.Deploy.0 = Debug|Any CPU
		{7A178775-9E21-4E84-9438-822BBBB463F6}.Debug|x86.ActiveCfg = Debug|Any CPU
		{7A178775-9E21-4E84-9438-822BBBB463F6}.Debug|x86.Build.0 = Debug|Any CPU
		{7A178775-9E21-4E84-9438-822BBBB463F6}.Debug|x86.Deploy.0 = Debug|Any CPU
		{7A178775-9E21-4E84-9438-822BBBB463F6}.Release|Any CPU.ActiveCfg = Release|Any CPU
		{7A178775-9E21-4E84-9438-822BBBB463F6}.Release|Any CPU.Build.0 = Release|Any CPU
		{7A178775-9E21-4E84-9438-822BBBB463F6}.Release|Any CPU.Deploy.0 = Release|Any CPU
		{7A178775-9E21-4E84-9438-822BBBB463F6}.Release|ARM.ActiveCfg = Release|Any CPU
		{7A178775-9E21-4E84-9438-822BBBB463F6}.Release|ARM.Build.0 = Release|Any CPU
		{7A178775-9E21-4E84-9438-822BBBB463F6}.Release|ARM.Deploy.0 = Release|Any CPU
		{7A178775-9E21-4E84-9438-822BBBB463F6}.Release|iPhone.ActiveCfg = Release|Any CPU
		{7A178775-9E21-4E84-9438-822BBBB463F6}.Release|iPhone.Build.0 = Release|Any CPU
		{7A178775-9E21-4E84-9438-822BBBB463F6}.Release|iPhone.Deploy.0 = Release|Any CPU
		{7A178775-9E21-4E84-9438-822BBBB463F6}.Release|iPhoneSimulator.ActiveCfg = Release|Any CPU
		{7A178775-9E21-4E84-9438-822BBBB463F6}.Release|iPhoneSimulator.Build.0 = Release|Any CPU
		{7A178775-9E21-4E84-9438-822BBBB463F6}.Release|iPhoneSimulator.Deploy.0 = Release|Any CPU
		{7A178775-9E21-4E84-9438-822BBBB463F6}.Release|x64.ActiveCfg = Release|Any CPU
		{7A178775-9E21-4E84-9438-822BBBB463F6}.Release|x64.Build.0 = Release|Any CPU
		{7A178775-9E21-4E84-9438-822BBBB463F6}.Release|x64.Deploy.0 = Release|Any CPU
		{7A178775-9E21-4E84-9438-822BBBB463F6}.Release|x86.ActiveCfg = Release|Any CPU
		{7A178775-9E21-4E84-9438-822BBBB463F6}.Release|x86.Build.0 = Release|Any CPU
		{7A178775-9E21-4E84-9438-822BBBB463F6}.Release|x86.Deploy.0 = Release|Any CPU
		{0BBA09B5-EB83-444C-AA2F-EC84DA5FD2FA}.Debug|Any CPU.ActiveCfg = Debug|iPhone
		{0BBA09B5-EB83-444C-AA2F-EC84DA5FD2FA}.Debug|Any CPU.Build.0 = Debug|iPhone
		{0BBA09B5-EB83-444C-AA2F-EC84DA5FD2FA}.Debug|Any CPU.Deploy.0 = Debug|iPhone
		{0BBA09B5-EB83-444C-AA2F-EC84DA5FD2FA}.Debug|ARM.ActiveCfg = Debug|iPhoneSimulator
		{0BBA09B5-EB83-444C-AA2F-EC84DA5FD2FA}.Debug|ARM.Build.0 = Debug|iPhoneSimulator
		{0BBA09B5-EB83-444C-AA2F-EC84DA5FD2FA}.Debug|ARM.Deploy.0 = Debug|iPhoneSimulator
		{0BBA09B5-EB83-444C-AA2F-EC84DA5FD2FA}.Debug|iPhone.ActiveCfg = Debug|iPhone
		{0BBA09B5-EB83-444C-AA2F-EC84DA5FD2FA}.Debug|iPhone.Build.0 = Debug|iPhone
		{0BBA09B5-EB83-444C-AA2F-EC84DA5FD2FA}.Debug|iPhone.Deploy.0 = Debug|iPhone
		{0BBA09B5-EB83-444C-AA2F-EC84DA5FD2FA}.Debug|iPhoneSimulator.ActiveCfg = Debug|iPhoneSimulator
		{0BBA09B5-EB83-444C-AA2F-EC84DA5FD2FA}.Debug|iPhoneSimulator.Build.0 = Debug|iPhoneSimulator
		{0BBA09B5-EB83-444C-AA2F-EC84DA5FD2FA}.Debug|iPhoneSimulator.Deploy.0 = Debug|iPhoneSimulator
		{0BBA09B5-EB83-444C-AA2F-EC84DA5FD2FA}.Debug|x64.ActiveCfg = Debug|iPhone
		{0BBA09B5-EB83-444C-AA2F-EC84DA5FD2FA}.Debug|x64.Build.0 = Debug|iPhone
		{0BBA09B5-EB83-444C-AA2F-EC84DA5FD2FA}.Debug|x64.Deploy.0 = Debug|iPhone
		{0BBA09B5-EB83-444C-AA2F-EC84DA5FD2FA}.Debug|x86.ActiveCfg = Debug|iPhone
		{0BBA09B5-EB83-444C-AA2F-EC84DA5FD2FA}.Debug|x86.Build.0 = Debug|iPhone
		{0BBA09B5-EB83-444C-AA2F-EC84DA5FD2FA}.Debug|x86.Deploy.0 = Debug|iPhone
		{0BBA09B5-EB83-444C-AA2F-EC84DA5FD2FA}.Release|Any CPU.ActiveCfg = Release|iPhone
		{0BBA09B5-EB83-444C-AA2F-EC84DA5FD2FA}.Release|Any CPU.Build.0 = Release|iPhone
		{0BBA09B5-EB83-444C-AA2F-EC84DA5FD2FA}.Release|Any CPU.Deploy.0 = Release|iPhone
		{0BBA09B5-EB83-444C-AA2F-EC84DA5FD2FA}.Release|ARM.ActiveCfg = Release|iPhone
		{0BBA09B5-EB83-444C-AA2F-EC84DA5FD2FA}.Release|ARM.Build.0 = Release|iPhone
		{0BBA09B5-EB83-444C-AA2F-EC84DA5FD2FA}.Release|ARM.Deploy.0 = Release|iPhone
		{0BBA09B5-EB83-444C-AA2F-EC84DA5FD2FA}.Release|iPhone.ActiveCfg = Release|iPhone
		{0BBA09B5-EB83-444C-AA2F-EC84DA5FD2FA}.Release|iPhone.Build.0 = Release|iPhone
		{0BBA09B5-EB83-444C-AA2F-EC84DA5FD2FA}.Release|iPhone.Deploy.0 = Release|iPhone
		{0BBA09B5-EB83-444C-AA2F-EC84DA5FD2FA}.Release|iPhoneSimulator.ActiveCfg = Release|iPhoneSimulator
		{0BBA09B5-EB83-444C-AA2F-EC84DA5FD2FA}.Release|iPhoneSimulator.Build.0 = Release|iPhoneSimulator
		{0BBA09B5-EB83-444C-AA2F-EC84DA5FD2FA}.Release|iPhoneSimulator.Deploy.0 = Release|iPhoneSimulator
		{0BBA09B5-EB83-444C-AA2F-EC84DA5FD2FA}.Release|x64.ActiveCfg = Release|iPhone
		{0BBA09B5-EB83-444C-AA2F-EC84DA5FD2FA}.Release|x64.Build.0 = Release|iPhone
		{0BBA09B5-EB83-444C-AA2F-EC84DA5FD2FA}.Release|x64.Deploy.0 = Release|iPhone
		{0BBA09B5-EB83-444C-AA2F-EC84DA5FD2FA}.Release|x86.ActiveCfg = Release|iPhone
		{0BBA09B5-EB83-444C-AA2F-EC84DA5FD2FA}.Release|x86.Build.0 = Release|iPhone
		{0BBA09B5-EB83-444C-AA2F-EC84DA5FD2FA}.Release|x86.Deploy.0 = Release|iPhone
		{8D8F1A11-3E77-4490-B75E-F5408B4622D0}.Debug|Any CPU.ActiveCfg = Debug|Any CPU
		{8D8F1A11-3E77-4490-B75E-F5408B4622D0}.Debug|Any CPU.Build.0 = Debug|Any CPU
		{8D8F1A11-3E77-4490-B75E-F5408B4622D0}.Debug|Any CPU.Deploy.0 = Debug|Any CPU
		{8D8F1A11-3E77-4490-B75E-F5408B4622D0}.Debug|ARM.ActiveCfg = Debug|Any CPU
		{8D8F1A11-3E77-4490-B75E-F5408B4622D0}.Debug|ARM.Build.0 = Debug|Any CPU
		{8D8F1A11-3E77-4490-B75E-F5408B4622D0}.Debug|ARM.Deploy.0 = Debug|Any CPU
		{8D8F1A11-3E77-4490-B75E-F5408B4622D0}.Debug|iPhone.ActiveCfg = Debug|Any CPU
		{8D8F1A11-3E77-4490-B75E-F5408B4622D0}.Debug|iPhone.Build.0 = Debug|Any CPU
		{8D8F1A11-3E77-4490-B75E-F5408B4622D0}.Debug|iPhone.Deploy.0 = Debug|Any CPU
		{8D8F1A11-3E77-4490-B75E-F5408B4622D0}.Debug|iPhoneSimulator.ActiveCfg = Debug|Any CPU
		{8D8F1A11-3E77-4490-B75E-F5408B4622D0}.Debug|iPhoneSimulator.Build.0 = Debug|Any CPU
		{8D8F1A11-3E77-4490-B75E-F5408B4622D0}.Debug|iPhoneSimulator.Deploy.0 = Debug|Any CPU
		{8D8F1A11-3E77-4490-B75E-F5408B4622D0}.Debug|x64.ActiveCfg = Debug|Any CPU
		{8D8F1A11-3E77-4490-B75E-F5408B4622D0}.Debug|x64.Build.0 = Debug|Any CPU
		{8D8F1A11-3E77-4490-B75E-F5408B4622D0}.Debug|x64.Deploy.0 = Debug|Any CPU
		{8D8F1A11-3E77-4490-B75E-F5408B4622D0}.Debug|x86.ActiveCfg = Debug|Any CPU
		{8D8F1A11-3E77-4490-B75E-F5408B4622D0}.Debug|x86.Build.0 = Debug|Any CPU
		{8D8F1A11-3E77-4490-B75E-F5408B4622D0}.Debug|x86.Deploy.0 = Debug|Any CPU
		{8D8F1A11-3E77-4490-B75E-F5408B4622D0}.Release|Any CPU.ActiveCfg = Release|Any CPU
		{8D8F1A11-3E77-4490-B75E-F5408B4622D0}.Release|Any CPU.Build.0 = Release|Any CPU
		{8D8F1A11-3E77-4490-B75E-F5408B4622D0}.Release|Any CPU.Deploy.0 = Release|Any CPU
		{8D8F1A11-3E77-4490-B75E-F5408B4622D0}.Release|ARM.ActiveCfg = Release|Any CPU
		{8D8F1A11-3E77-4490-B75E-F5408B4622D0}.Release|ARM.Build.0 = Release|Any CPU
		{8D8F1A11-3E77-4490-B75E-F5408B4622D0}.Release|ARM.Deploy.0 = Release|Any CPU
		{8D8F1A11-3E77-4490-B75E-F5408B4622D0}.Release|iPhone.ActiveCfg = Release|Any CPU
		{8D8F1A11-3E77-4490-B75E-F5408B4622D0}.Release|iPhone.Build.0 = Release|Any CPU
		{8D8F1A11-3E77-4490-B75E-F5408B4622D0}.Release|iPhone.Deploy.0 = Release|Any CPU
		{8D8F1A11-3E77-4490-B75E-F5408B4622D0}.Release|iPhoneSimulator.ActiveCfg = Release|Any CPU
		{8D8F1A11-3E77-4490-B75E-F5408B4622D0}.Release|iPhoneSimulator.Build.0 = Release|Any CPU
		{8D8F1A11-3E77-4490-B75E-F5408B4622D0}.Release|iPhoneSimulator.Deploy.0 = Release|Any CPU
		{8D8F1A11-3E77-4490-B75E-F5408B4622D0}.Release|x64.ActiveCfg = Release|Any CPU
		{8D8F1A11-3E77-4490-B75E-F5408B4622D0}.Release|x64.Build.0 = Release|Any CPU
		{8D8F1A11-3E77-4490-B75E-F5408B4622D0}.Release|x64.Deploy.0 = Release|Any CPU
		{8D8F1A11-3E77-4490-B75E-F5408B4622D0}.Release|x86.ActiveCfg = Release|Any CPU
		{8D8F1A11-3E77-4490-B75E-F5408B4622D0}.Release|x86.Build.0 = Release|Any CPU
		{8D8F1A11-3E77-4490-B75E-F5408B4622D0}.Release|x86.Deploy.0 = Release|Any CPU
	EndGlobalSection
	GlobalSection(SolutionProperties) = preSolution
		HideSolutionNode = FALSE
	EndGlobalSection
	GlobalSection(ExtensibilityGlobals) = postSolution
		SolutionGuid = {099DC4FD-4041-4C43-BE67-55C652B0A635}
	EndGlobalSection
EndGlobal
