
Microsoft Visual Studio Solution File, Format Version 12.00
# Visual Studio 15
Project("{FAE04EC0-301F-11D3-BF4B-00C04F79EFBC}") = "MyFamilyList.Android", "MyFamilyList.Android\MyFamilyList.Android.csproj", "{B4806CA6-63B3-4E32-9DE0-594537C73F18}"
EndProject
Project("{FAE04EC0-301F-11D3-BF4B-00C04F79EFBC}") = "MyFamilyList.iOS", "MyFamilyList.iOS\MyFamilyList.iOS.csproj", "{949AED06-0DAA-4E84-8DB7-D12168DCADA0}"
EndProject
Project("{FAE04EC0-301F-11D3-BF4B-00C04F79EFBC}") = "MyFamilyList", "MyFamilyList\MyFamilyList.csproj", "{8CED0CD3-DC80-4AF1-9B78-F70EC6E493EA}"
EndProject
Global
	GlobalSection(SolutionConfigurationPlatforms) = preSolution
		Debug|Any CPU = Debug|Any CPU
		Release|Any CPU = Release|Any CPU
		Debug|iPhoneSimulator = Debug|iPhoneSimulator
		Release|iPhoneSimulator = Release|iPhoneSimulator
		Debug|iPhone = Debug|iPhone
		Release|iPhone = Release|iPhone
	EndGlobalSection
	GlobalSection(ProjectConfigurationPlatforms) = postSolution
		{B4806CA6-63B3-4E32-9DE0-594537C73F18}.Debug|Any CPU.ActiveCfg = Debug|Any CPU
		{B4806CA6-63B3-4E32-9DE0-594537C73F18}.Debug|Any CPU.Build.0 = Debug|Any CPU
		{B4806CA6-63B3-4E32-9DE0-594537C73F18}.Release|Any CPU.ActiveCfg = Release|Any CPU
		{B4806CA6-63B3-4E32-9DE0-594537C73F18}.Release|Any CPU.Build.0 = Release|Any CPU
		{B4806CA6-63B3-4E32-9DE0-594537C73F18}.Debug|iPhoneSimulator.ActiveCfg = Debug|Any CPU
		{B4806CA6-63B3-4E32-9DE0-594537C73F18}.Debug|iPhoneSimulator.Build.0 = Debug|Any CPU
		{B4806CA6-63B3-4E32-9DE0-594537C73F18}.Release|iPhoneSimulator.ActiveCfg = Release|Any CPU
		{B4806CA6-63B3-4E32-9DE0-594537C73F18}.Release|iPhoneSimulator.Build.0 = Release|Any CPU
		{B4806CA6-63B3-4E32-9DE0-594537C73F18}.Debug|iPhone.ActiveCfg = Debug|Any CPU
		{B4806CA6-63B3-4E32-9DE0-594537C73F18}.Debug|iPhone.Build.0 = Debug|Any CPU
		{B4806CA6-63B3-4E32-9DE0-594537C73F18}.Release|iPhone.ActiveCfg = Release|Any CPU
		{B4806CA6-63B3-4E32-9DE0-594537C73F18}.Release|iPhone.Build.0 = Release|Any CPU
		{949AED06-0DAA-4E84-8DB7-D12168DCADA0}.Debug|Any CPU.ActiveCfg = Debug|iPhoneSimulator
		{949AED06-0DAA-4E84-8DB7-D12168DCADA0}.Debug|Any CPU.Build.0 = Debug|iPhoneSimulator
		{949AED06-0DAA-4E84-8DB7-D12168DCADA0}.Release|Any CPU.ActiveCfg = Release|iPhoneSimulator
		{949AED06-0DAA-4E84-8DB7-D12168DCADA0}.Release|Any CPU.Build.0 = Release|iPhoneSimulator
		{949AED06-0DAA-4E84-8DB7-D12168DCADA0}.Debug|iPhoneSimulator.ActiveCfg = Debug|iPhoneSimulator
		{949AED06-0DAA-4E84-8DB7-D12168DCADA0}.Debug|iPhoneSimulator.Build.0 = Debug|iPhoneSimulator
		{949AED06-0DAA-4E84-8DB7-D12168DCADA0}.Release|iPhoneSimulator.ActiveCfg = Release|iPhoneSimulator
		{949AED06-0DAA-4E84-8DB7-D12168DCADA0}.Release|iPhoneSimulator.Build.0 = Release|iPhoneSimulator
		{949AED06-0DAA-4E84-8DB7-D12168DCADA0}.Debug|iPhone.ActiveCfg = Debug|iPhone
		{949AED06-0DAA-4E84-8DB7-D12168DCADA0}.Debug|iPhone.Build.0 = Debug|iPhone
		{949AED06-0DAA-4E84-8DB7-D12168DCADA0}.Release|iPhone.ActiveCfg = Release|iPhone
		{949AED06-0DAA-4E84-8DB7-D12168DCADA0}.Release|iPhone.Build.0 = Release|iPhone
		{8CED0CD3-DC80-4AF1-9B78-F70EC6E493EA}.Debug|Any CPU.ActiveCfg = Debug|Any CPU
		{8CED0CD3-DC80-4AF1-9B78-F70EC6E493EA}.Debug|Any CPU.Build.0 = Debug|Any CPU
		{8CED0CD3-DC80-4AF1-9B78-F70EC6E493EA}.Release|Any CPU.ActiveCfg = Release|Any CPU
		{8CED0CD3-DC80-4AF1-9B78-F70EC6E493EA}.Release|Any CPU.Build.0 = Release|Any CPU
		{8CED0CD3-DC80-4AF1-9B78-F70EC6E493EA}.Debug|iPhoneSimulator.ActiveCfg = Debug|Any CPU
		{8CED0CD3-DC80-4AF1-9B78-F70EC6E493EA}.Debug|iPhoneSimulator.Build.0 = Debug|Any CPU
		{8CED0CD3-DC80-4AF1-9B78-F70EC6E493EA}.Release|iPhoneSimulator.ActiveCfg = Release|Any CPU
		{8CED0CD3-DC80-4AF1-9B78-F70EC6E493EA}.Release|iPhoneSimulator.Build.0 = Release|Any CPU
		{8CED0CD3-DC80-4AF1-9B78-F70EC6E493EA}.Debug|iPhone.ActiveCfg = Debug|Any CPU
		{8CED0CD3-DC80-4AF1-9B78-F70EC6E493EA}.Debug|iPhone.Build.0 = Debug|Any CPU
		{8CED0CD3-DC80-4AF1-9B78-F70EC6E493EA}.Release|iPhone.ActiveCfg = Release|Any CPU
		{8CED0CD3-DC80-4AF1-9B78-F70EC6E493EA}.Release|iPhone.Build.0 = Release|Any CPU
	EndGlobalSection
EndGlobal
