
Microsoft Visual Studio Solution File, Format Version 12.00
# Visual Studio 15
VisualStudioVersion = 15.0.27703.2000
MinimumVisualStudioVersion = 10.0.40219.1
Project("{FAE04EC0-301F-11D3-BF4B-00C04F79EFBC}") = "ColorThingy.Android", "ColorThingy.Android\ColorThingy.Android.csproj", "{DE99000C-D47A-4605-BB22-84E352CF7B7C}"
EndProject
Project("{FAE04EC0-301F-11D3-BF4B-00C04F79EFBC}") = "ColorThingy.iOS", "ColorThingy.iOS\ColorThingy.iOS.csproj", "{D82861A4-3917-480F-82C3-B266312C3FCC}"
EndProject
Project("{FAE04EC0-301F-11D3-BF4B-00C04F79EFBC}") = "ColorThingy.UWP", "ColorThingy.UWP\ColorThingy.UWP.csproj", "{53D6442E-5894-439E-ACAD-2005FB5A36BB}"
EndProject
Project("{FAE04EC0-301F-11D3-BF4B-00C04F79EFBC}") = "ColorThingy", "ColorThingy\ColorThingy.csproj", "{09FE5A65-50F9-4D66-A52A-DF97DB39608E}"
EndProject
Global
	GlobalSection(SolutionConfigurationPlatforms) = preSolution
		Ad-Hoc|Any CPU = Ad-Hoc|Any CPU
		Ad-Hoc|ARM = Ad-Hoc|ARM
		Ad-Hoc|iPhone = Ad-Hoc|iPhone
		Ad-Hoc|iPhoneSimulator = Ad-Hoc|iPhoneSimulator
		Ad-Hoc|x64 = Ad-Hoc|x64
		Ad-Hoc|x86 = Ad-Hoc|x86
		AppStore|Any CPU = AppStore|Any CPU
		AppStore|ARM = AppStore|ARM
		AppStore|iPhone = AppStore|iPhone
		AppStore|iPhoneSimulator = AppStore|iPhoneSimulator
		AppStore|x64 = AppStore|x64
		AppStore|x86 = AppStore|x86
		Debug|Any CPU = Debug|Any CPU
		Debug|ARM = Debug|ARM
		Debug|iPhone = Debug|iPhone
		Debug|iPhoneSimulator = Debug|iPhoneSimulator
		Debug|x64 = Debug|x64
		Debug|x86 = Debug|x86
		Release|Any CPU = Release|Any CPU
		Release|ARM = Release|ARM
		Release|iPhone = Release|iPhone
		Release|iPhoneSimulator = Release|iPhoneSimulator
		Release|x64 = Release|x64
		Release|x86 = Release|x86
	EndGlobalSection
	GlobalSection(ProjectConfigurationPlatforms) = postSolution
		{DE99000C-D47A-4605-BB22-84E352CF7B7C}.Ad-Hoc|Any CPU.ActiveCfg = Release|Any CPU
		{DE99000C-D47A-4605-BB22-84E352CF7B7C}.Ad-Hoc|Any CPU.Build.0 = Release|Any CPU
		{DE99000C-D47A-4605-BB22-84E352CF7B7C}.Ad-Hoc|Any CPU.Deploy.0 = Release|Any CPU
		{DE99000C-D47A-4605-BB22-84E352CF7B7C}.Ad-Hoc|ARM.ActiveCfg = Release|Any CPU
		{DE99000C-D47A-4605-BB22-84E352CF7B7C}.Ad-Hoc|ARM.Build.0 = Release|Any CPU
		{DE99000C-D47A-4605-BB22-84E352CF7B7C}.Ad-Hoc|ARM.Deploy.0 = Release|Any CPU
		{DE99000C-D47A-4605-BB22-84E352CF7B7C}.Ad-Hoc|iPhone.ActiveCfg = Release|Any CPU
		{DE99000C-D47A-4605-BB22-84E352CF7B7C}.Ad-Hoc|iPhone.Build.0 = Release|Any CPU
		{DE99000C-D47A-4605-BB22-84E352CF7B7C}.Ad-Hoc|iPhone.Deploy.0 = Release|Any CPU
		{DE99000C-D47A-4605-BB22-84E352CF7B7C}.Ad-Hoc|iPhoneSimulator.ActiveCfg = Release|Any CPU
		{DE99000C-D47A-4605-BB22-84E352CF7B7C}.Ad-Hoc|iPhoneSimulator.Build.0 = Release|Any CPU
		{DE99000C-D47A-4605-BB22-84E352CF7B7C}.Ad-Hoc|iPhoneSimulator.Deploy.0 = Release|Any CPU
		{DE99000C-D47A-4605-BB22-84E352CF7B7C}.Ad-Hoc|x64.ActiveCfg = Release|Any CPU
		{DE99000C-D47A-4605-BB22-84E352CF7B7C}.Ad-Hoc|x64.Build.0 = Release|Any CPU
		{DE99000C-D47A-4605-BB22-84E352CF7B7C}.Ad-Hoc|x64.Deploy.0 = Release|Any CPU
		{DE99000C-D47A-4605-BB22-84E352CF7B7C}.Ad-Hoc|x86.ActiveCfg = Release|Any CPU
		{DE99000C-D47A-4605-BB22-84E352CF7B7C}.Ad-Hoc|x86.Build.0 = Release|Any CPU
		{DE99000C-D47A-4605-BB22-84E352CF7B7C}.Ad-Hoc|x86.Deploy.0 = Release|Any CPU
		{DE99000C-D47A-4605-BB22-84E352CF7B7C}.AppStore|Any CPU.ActiveCfg = Release|Any CPU
		{DE99000C-D47A-4605-BB22-84E352CF7B7C}.AppStore|Any CPU.Build.0 = Release|Any CPU
		{DE99000C-D47A-4605-BB22-84E352CF7B7C}.AppStore|Any CPU.Deploy.0 = Release|Any CPU
		{DE99000C-D47A-4605-BB22-84E352CF7B7C}.AppStore|ARM.ActiveCfg = Release|Any CPU
		{DE99000C-D47A-4605-BB22-84E352CF7B7C}.AppStore|ARM.Build.0 = Release|Any CPU
		{DE99000C-D47A-4605-BB22-84E352CF7B7C}.AppStore|ARM.Deploy.0 = Release|Any CPU
		{DE99000C-D47A-4605-BB22-84E352CF7B7C}.AppStore|iPhone.ActiveCfg = Release|Any CPU
		{DE99000C-D47A-4605-BB22-84E352CF7B7C}.AppStore|iPhone.Build.0 = Release|Any CPU
		{DE99000C-D47A-4605-BB22-84E352CF7B7C}.AppStore|iPhone.Deploy.0 = Release|Any CPU
		{DE99000C-D47A-4605-BB22-84E352CF7B7C}.AppStore|iPhoneSimulator.ActiveCfg = Release|Any CPU
		{DE99000C-D47A-4605-BB22-84E352CF7B7C}.AppStore|iPhoneSimulator.Build.0 = Release|Any CPU
		{DE99000C-D47A-4605-BB22-84E352CF7B7C}.AppStore|iPhoneSimulator.Deploy.0 = Release|Any CPU
		{DE99000C-D47A-4605-BB22-84E352CF7B7C}.AppStore|x64.ActiveCfg = Release|Any CPU
		{DE99000C-D47A-4605-BB22-84E352CF7B7C}.AppStore|x64.Build.0 = Release|Any CPU
		{DE99000C-D47A-4605-BB22-84E352CF7B7C}.AppStore|x64.Deploy.0 = Release|Any CPU
		{DE99000C-D47A-4605-BB22-84E352CF7B7C}.AppStore|x86.ActiveCfg = Release|Any CPU
		{DE99000C-D47A-4605-BB22-84E352CF7B7C}.AppStore|x86.Build.0 = Release|Any CPU
		{DE99000C-D47A-4605-BB22-84E352CF7B7C}.AppStore|x86.Deploy.0 = Release|Any CPU
		{DE99000C-D47A-4605-BB22-84E352CF7B7C}.Debug|Any CPU.ActiveCfg = Debug|Any CPU
		{DE99000C-D47A-4605-BB22-84E352CF7B7C}.Debug|Any CPU.Build.0 = Debug|Any CPU
		{DE99000C-D47A-4605-BB22-84E352CF7B7C}.Debug|Any CPU.Deploy.0 = Debug|Any CPU
		{DE99000C-D47A-4605-BB22-84E352CF7B7C}.Debug|ARM.ActiveCfg = Debug|Any CPU
		{DE99000C-D47A-4605-BB22-84E352CF7B7C}.Debug|ARM.Build.0 = Debug|Any CPU
		{DE99000C-D47A-4605-BB22-84E352CF7B7C}.Debug|ARM.Deploy.0 = Debug|Any CPU
		{DE99000C-D47A-4605-BB22-84E352CF7B7C}.Debug|iPhone.ActiveCfg = Debug|Any CPU
		{DE99000C-D47A-4605-BB22-84E352CF7B7C}.Debug|iPhone.Build.0 = Debug|Any CPU
		{DE99000C-D47A-4605-BB22-84E352CF7B7C}.Debug|iPhone.Deploy.0 = Debug|Any CPU
		{DE99000C-D47A-4605-BB22-84E352CF7B7C}.Debug|iPhoneSimulator.ActiveCfg = Debug|Any CPU
		{DE99000C-D47A-4605-BB22-84E352CF7B7C}.Debug|iPhoneSimulator.Build.0 = Debug|Any CPU
		{DE99000C-D47A-4605-BB22-84E352CF7B7C}.Debug|iPhoneSimulator.Deploy.0 = Debug|Any CPU
		{DE99000C-D47A-4605-BB22-84E352CF7B7C}.Debug|x64.ActiveCfg = Debug|Any CPU
		{DE99000C-D47A-4605-BB22-84E352CF7B7C}.Debug|x64.Build.0 = Debug|Any CPU
		{DE99000C-D47A-4605-BB22-84E352CF7B7C}.Debug|x64.Deploy.0 = Debug|Any CPU
		{DE99000C-D47A-4605-BB22-84E352CF7B7C}.Debug|x86.ActiveCfg = Debug|Any CPU
		{DE99000C-D47A-4605-BB22-84E352CF7B7C}.Debug|x86.Build.0 = Debug|Any CPU
		{DE99000C-D47A-4605-BB22-84E352CF7B7C}.Debug|x86.Deploy.0 = Debug|Any CPU
		{DE99000C-D47A-4605-BB22-84E352CF7B7C}.Release|Any CPU.ActiveCfg = Release|Any CPU
		{DE99000C-D47A-4605-BB22-84E352CF7B7C}.Release|Any CPU.Build.0 = Release|Any CPU
		{DE99000C-D47A-4605-BB22-84E352CF7B7C}.Release|Any CPU.Deploy.0 = Release|Any CPU
		{DE99000C-D47A-4605-BB22-84E352CF7B7C}.Release|ARM.ActiveCfg = Release|Any CPU
		{DE99000C-D47A-4605-BB22-84E352CF7B7C}.Release|ARM.Build.0 = Release|Any CPU
		{DE99000C-D47A-4605-BB22-84E352CF7B7C}.Release|ARM.Deploy.0 = Release|Any CPU
		{DE99000C-D47A-4605-BB22-84E352CF7B7C}.Release|iPhone.ActiveCfg = Release|Any CPU
		{DE99000C-D47A-4605-BB22-84E352CF7B7C}.Release|iPhone.Build.0 = Release|Any CPU
		{DE99000C-D47A-4605-BB22-84E352CF7B7C}.Release|iPhone.Deploy.0 = Release|Any CPU
		{DE99000C-D47A-4605-BB22-84E352CF7B7C}.Release|iPhoneSimulator.ActiveCfg = Release|Any CPU
		{DE99000C-D47A-4605-BB22-84E352CF7B7C}.Release|iPhoneSimulator.Build.0 = Release|Any CPU
		{DE99000C-D47A-4605-BB22-84E352CF7B7C}.Release|iPhoneSimulator.Deploy.0 = Release|Any CPU
		{DE99000C-D47A-4605-BB22-84E352CF7B7C}.Release|x64.ActiveCfg = Release|Any CPU
		{DE99000C-D47A-4605-BB22-84E352CF7B7C}.Release|x64.Build.0 = Release|Any CPU
		{DE99000C-D47A-4605-BB22-84E352CF7B7C}.Release|x64.Deploy.0 = Release|Any CPU
		{DE99000C-D47A-4605-BB22-84E352CF7B7C}.Release|x86.ActiveCfg = Release|Any CPU
		{DE99000C-D47A-4605-BB22-84E352CF7B7C}.Release|x86.Build.0 = Release|Any CPU
		{DE99000C-D47A-4605-BB22-84E352CF7B7C}.Release|x86.Deploy.0 = Release|Any CPU
		{D82861A4-3917-480F-82C3-B266312C3FCC}.Ad-Hoc|Any CPU.ActiveCfg = Ad-Hoc|iPhone
		{D82861A4-3917-480F-82C3-B266312C3FCC}.Ad-Hoc|Any CPU.Build.0 = Ad-Hoc|iPhone
		{D82861A4-3917-480F-82C3-B266312C3FCC}.Ad-Hoc|Any CPU.Deploy.0 = Ad-Hoc|iPhone
		{D82861A4-3917-480F-82C3-B266312C3FCC}.Ad-Hoc|ARM.ActiveCfg = Ad-Hoc|iPhone
		{D82861A4-3917-480F-82C3-B266312C3FCC}.Ad-Hoc|ARM.Build.0 = Ad-Hoc|iPhone
		{D82861A4-3917-480F-82C3-B266312C3FCC}.Ad-Hoc|ARM.Deploy.0 = Ad-Hoc|iPhone
		{D82861A4-3917-480F-82C3-B266312C3FCC}.Ad-Hoc|iPhone.ActiveCfg = Ad-Hoc|iPhone
		{D82861A4-3917-480F-82C3-B266312C3FCC}.Ad-Hoc|iPhone.Build.0 = Ad-Hoc|iPhone
		{D82861A4-3917-480F-82C3-B266312C3FCC}.Ad-Hoc|iPhone.Deploy.0 = Ad-Hoc|iPhone
		{D82861A4-3917-480F-82C3-B266312C3FCC}.Ad-Hoc|iPhoneSimulator.ActiveCfg = Ad-Hoc|iPhoneSimulator
		{D82861A4-3917-480F-82C3-B266312C3FCC}.Ad-Hoc|iPhoneSimulator.Build.0 = Ad-Hoc|iPhoneSimulator
		{D82861A4-3917-480F-82C3-B266312C3FCC}.Ad-Hoc|iPhoneSimulator.Deploy.0 = Ad-Hoc|iPhoneSimulator
		{D82861A4-3917-480F-82C3-B266312C3FCC}.Ad-Hoc|x64.ActiveCfg = Ad-Hoc|iPhone
		{D82861A4-3917-480F-82C3-B266312C3FCC}.Ad-Hoc|x64.Build.0 = Ad-Hoc|iPhone
		{D82861A4-3917-480F-82C3-B266312C3FCC}.Ad-Hoc|x64.Deploy.0 = Ad-Hoc|iPhone
		{D82861A4-3917-480F-82C3-B266312C3FCC}.Ad-Hoc|x86.ActiveCfg = Ad-Hoc|iPhone
		{D82861A4-3917-480F-82C3-B266312C3FCC}.Ad-Hoc|x86.Build.0 = Ad-Hoc|iPhone
		{D82861A4-3917-480F-82C3-B266312C3FCC}.Ad-Hoc|x86.Deploy.0 = Ad-Hoc|iPhone
		{D82861A4-3917-480F-82C3-B266312C3FCC}.AppStore|Any CPU.ActiveCfg = AppStore|iPhone
		{D82861A4-3917-480F-82C3-B266312C3FCC}.AppStore|Any CPU.Build.0 = AppStore|iPhone
		{D82861A4-3917-480F-82C3-B266312C3FCC}.AppStore|Any CPU.Deploy.0 = AppStore|iPhone
		{D82861A4-3917-480F-82C3-B266312C3FCC}.AppStore|ARM.ActiveCfg = AppStore|iPhone
		{D82861A4-3917-480F-82C3-B266312C3FCC}.AppStore|ARM.Build.0 = AppStore|iPhone
		{D82861A4-3917-480F-82C3-B266312C3FCC}.AppStore|ARM.Deploy.0 = AppStore|iPhone
		{D82861A4-3917-480F-82C3-B266312C3FCC}.AppStore|iPhone.ActiveCfg = AppStore|iPhone
		{D82861A4-3917-480F-82C3-B266312C3FCC}.AppStore|iPhone.Build.0 = AppStore|iPhone
		{D82861A4-3917-480F-82C3-B266312C3FCC}.AppStore|iPhone.Deploy.0 = AppStore|iPhone
		{D82861A4-3917-480F-82C3-B266312C3FCC}.AppStore|iPhoneSimulator.ActiveCfg = AppStore|iPhoneSimulator
		{D82861A4-3917-480F-82C3-B266312C3FCC}.AppStore|iPhoneSimulator.Build.0 = AppStore|iPhoneSimulator
		{D82861A4-3917-480F-82C3-B266312C3FCC}.AppStore|iPhoneSimulator.Deploy.0 = AppStore|iPhoneSimulator
		{D82861A4-3917-480F-82C3-B266312C3FCC}.AppStore|x64.ActiveCfg = AppStore|iPhone
		{D82861A4-3917-480F-82C3-B266312C3FCC}.AppStore|x64.Build.0 = AppStore|iPhone
		{D82861A4-3917-480F-82C3-B266312C3FCC}.AppStore|x64.Deploy.0 = AppStore|iPhone
		{D82861A4-3917-480F-82C3-B266312C3FCC}.AppStore|x86.ActiveCfg = AppStore|iPhone
		{D82861A4-3917-480F-82C3-B266312C3FCC}.AppStore|x86.Build.0 = AppStore|iPhone
		{D82861A4-3917-480F-82C3-B266312C3FCC}.AppStore|x86.Deploy.0 = AppStore|iPhone
		{D82861A4-3917-480F-82C3-B266312C3FCC}.Debug|Any CPU.ActiveCfg = Debug|iPhoneSimulator
		{D82861A4-3917-480F-82C3-B266312C3FCC}.Debug|Any CPU.Build.0 = Debug|iPhoneSimulator
		{D82861A4-3917-480F-82C3-B266312C3FCC}.Debug|Any CPU.Deploy.0 = Debug|iPhoneSimulator
		{D82861A4-3917-480F-82C3-B266312C3FCC}.Debug|ARM.ActiveCfg = Debug|iPhone
		{D82861A4-3917-480F-82C3-B266312C3FCC}.Debug|ARM.Build.0 = Debug|iPhone
		{D82861A4-3917-480F-82C3-B266312C3FCC}.Debug|ARM.Deploy.0 = Debug|iPhone
		{D82861A4-3917-480F-82C3-B266312C3FCC}.Debug|iPhone.ActiveCfg = Debug|iPhone
		{D82861A4-3917-480F-82C3-B266312C3FCC}.Debug|iPhone.Build.0 = Debug|iPhone
		{D82861A4-3917-480F-82C3-B266312C3FCC}.Debug|iPhone.Deploy.0 = Debug|iPhone
		{D82861A4-3917-480F-82C3-B266312C3FCC}.Debug|iPhoneSimulator.ActiveCfg = Debug|iPhoneSimulator
		{D82861A4-3917-480F-82C3-B266312C3FCC}.Debug|iPhoneSimulator.Build.0 = Debug|iPhoneSimulator
		{D82861A4-3917-480F-82C3-B266312C3FCC}.Debug|iPhoneSimulator.Deploy.0 = Debug|iPhoneSimulator
		{D82861A4-3917-480F-82C3-B266312C3FCC}.Debug|x64.ActiveCfg = Debug|iPhone
		{D82861A4-3917-480F-82C3-B266312C3FCC}.Debug|x64.Build.0 = Debug|iPhone
		{D82861A4-3917-480F-82C3-B266312C3FCC}.Debug|x64.Deploy.0 = Debug|iPhone
		{D82861A4-3917-480F-82C3-B266312C3FCC}.Debug|x86.ActiveCfg = Debug|iPhone
		{D82861A4-3917-480F-82C3-B266312C3FCC}.Debug|x86.Build.0 = Debug|iPhone
		{D82861A4-3917-480F-82C3-B266312C3FCC}.Debug|x86.Deploy.0 = Debug|iPhone
		{D82861A4-3917-480F-82C3-B266312C3FCC}.Release|Any CPU.ActiveCfg = Release|iPhone
		{D82861A4-3917-480F-82C3-B266312C3FCC}.Release|Any CPU.Build.0 = Release|iPhone
		{D82861A4-3917-480F-82C3-B266312C3FCC}.Release|Any CPU.Deploy.0 = Release|iPhone
		{D82861A4-3917-480F-82C3-B266312C3FCC}.Release|ARM.ActiveCfg = Release|iPhone
		{D82861A4-3917-480F-82C3-B266312C3FCC}.Release|ARM.Build.0 = Release|iPhone
		{D82861A4-3917-480F-82C3-B266312C3FCC}.Release|ARM.Deploy.0 = Release|iPhone
		{D82861A4-3917-480F-82C3-B266312C3FCC}.Release|iPhone.ActiveCfg = Release|iPhone
		{D82861A4-3917-480F-82C3-B266312C3FCC}.Release|iPhone.Build.0 = Release|iPhone
		{D82861A4-3917-480F-82C3-B266312C3FCC}.Release|iPhone.Deploy.0 = Release|iPhone
		{D82861A4-3917-480F-82C3-B266312C3FCC}.Release|iPhoneSimulator.ActiveCfg = Release|iPhoneSimulator
		{D82861A4-3917-480F-82C3-B266312C3FCC}.Release|iPhoneSimulator.Build.0 = Release|iPhoneSimulator
		{D82861A4-3917-480F-82C3-B266312C3FCC}.Release|iPhoneSimulator.Deploy.0 = Release|iPhoneSimulator
		{D82861A4-3917-480F-82C3-B266312C3FCC}.Release|x64.ActiveCfg = Release|iPhone
		{D82861A4-3917-480F-82C3-B266312C3FCC}.Release|x64.Build.0 = Release|iPhone
		{D82861A4-3917-480F-82C3-B266312C3FCC}.Release|x64.Deploy.0 = Release|iPhone
		{D82861A4-3917-480F-82C3-B266312C3FCC}.Release|x86.ActiveCfg = Release|iPhone
		{D82861A4-3917-480F-82C3-B266312C3FCC}.Release|x86.Build.0 = Release|iPhone
		{D82861A4-3917-480F-82C3-B266312C3FCC}.Release|x86.Deploy.0 = Release|iPhone
		{53D6442E-5894-439E-ACAD-2005FB5A36BB}.Ad-Hoc|Any CPU.ActiveCfg = Release|x86
		{53D6442E-5894-439E-ACAD-2005FB5A36BB}.Ad-Hoc|Any CPU.Build.0 = Release|x86
		{53D6442E-5894-439E-ACAD-2005FB5A36BB}.Ad-Hoc|Any CPU.Deploy.0 = Release|x86
		{53D6442E-5894-439E-ACAD-2005FB5A36BB}.Ad-Hoc|ARM.ActiveCfg = Release|ARM
		{53D6442E-5894-439E-ACAD-2005FB5A36BB}.Ad-Hoc|ARM.Build.0 = Release|ARM
		{53D6442E-5894-439E-ACAD-2005FB5A36BB}.Ad-Hoc|ARM.Deploy.0 = Release|ARM
		{53D6442E-5894-439E-ACAD-2005FB5A36BB}.Ad-Hoc|iPhone.ActiveCfg = Release|x86
		{53D6442E-5894-439E-ACAD-2005FB5A36BB}.Ad-Hoc|iPhone.Build.0 = Release|x86
		{53D6442E-5894-439E-ACAD-2005FB5A36BB}.Ad-Hoc|iPhone.Deploy.0 = Release|x86
		{53D6442E-5894-439E-ACAD-2005FB5A36BB}.Ad-Hoc|iPhoneSimulator.ActiveCfg = Release|x86
		{53D6442E-5894-439E-ACAD-2005FB5A36BB}.Ad-Hoc|iPhoneSimulator.Build.0 = Release|x86
		{53D6442E-5894-439E-ACAD-2005FB5A36BB}.Ad-Hoc|iPhoneSimulator.Deploy.0 = Release|x86
		{53D6442E-5894-439E-ACAD-2005FB5A36BB}.Ad-Hoc|x64.ActiveCfg = Release|x64
		{53D6442E-5894-439E-ACAD-2005FB5A36BB}.Ad-Hoc|x64.Build.0 = Release|x64
		{53D6442E-5894-439E-ACAD-2005FB5A36BB}.Ad-Hoc|x64.Deploy.0 = Release|x64
		{53D6442E-5894-439E-ACAD-2005FB5A36BB}.Ad-Hoc|x86.ActiveCfg = Release|x86
		{53D6442E-5894-439E-ACAD-2005FB5A36BB}.Ad-Hoc|x86.Build.0 = Release|x86
		{53D6442E-5894-439E-ACAD-2005FB5A36BB}.Ad-Hoc|x86.Deploy.0 = Release|x86
		{53D6442E-5894-439E-ACAD-2005FB5A36BB}.AppStore|Any CPU.ActiveCfg = Release|x86
		{53D6442E-5894-439E-ACAD-2005FB5A36BB}.AppStore|Any CPU.Build.0 = Release|x86
		{53D6442E-5894-439E-ACAD-2005FB5A36BB}.AppStore|Any CPU.Deploy.0 = Release|x86
		{53D6442E-5894-439E-ACAD-2005FB5A36BB}.AppStore|ARM.ActiveCfg = Release|ARM
		{53D6442E-5894-439E-ACAD-2005FB5A36BB}.AppStore|ARM.Build.0 = Release|ARM
		{53D6442E-5894-439E-ACAD-2005FB5A36BB}.AppStore|ARM.Deploy.0 = Release|ARM
		{53D6442E-5894-439E-ACAD-2005FB5A36BB}.AppStore|iPhone.ActiveCfg = Release|x86
		{53D6442E-5894-439E-ACAD-2005FB5A36BB}.AppStore|iPhone.Build.0 = Release|x86
		{53D6442E-5894-439E-ACAD-2005FB5A36BB}.AppStore|iPhone.Deploy.0 = Release|x86
		{53D6442E-5894-439E-ACAD-2005FB5A36BB}.AppStore|iPhoneSimulator.ActiveCfg = Release|x86
		{53D6442E-5894-439E-ACAD-2005FB5A36BB}.AppStore|iPhoneSimulator.Build.0 = Release|x86
		{53D6442E-5894-439E-ACAD-2005FB5A36BB}.AppStore|iPhoneSimulator.Deploy.0 = Release|x86
		{53D6442E-5894-439E-ACAD-2005FB5A36BB}.AppStore|x64.ActiveCfg = Release|x64
		{53D6442E-5894-439E-ACAD-2005FB5A36BB}.AppStore|x64.Build.0 = Release|x64
		{53D6442E-5894-439E-ACAD-2005FB5A36BB}.AppStore|x64.Deploy.0 = Release|x64
		{53D6442E-5894-439E-ACAD-2005FB5A36BB}.AppStore|x86.ActiveCfg = Release|x86
		{53D6442E-5894-439E-ACAD-2005FB5A36BB}.AppStore|x86.Build.0 = Release|x86
		{53D6442E-5894-439E-ACAD-2005FB5A36BB}.AppStore|x86.Deploy.0 = Release|x86
		{53D6442E-5894-439E-ACAD-2005FB5A36BB}.Debug|Any CPU.ActiveCfg = Debug|x86
		{53D6442E-5894-439E-ACAD-2005FB5A36BB}.Debug|Any CPU.Build.0 = Debug|x86
		{53D6442E-5894-439E-ACAD-2005FB5A36BB}.Debug|Any CPU.Deploy.0 = Debug|x86
		{53D6442E-5894-439E-ACAD-2005FB5A36BB}.Debug|ARM.ActiveCfg = Debug|ARM
		{53D6442E-5894-439E-ACAD-2005FB5A36BB}.Debug|ARM.Build.0 = Debug|ARM
		{53D6442E-5894-439E-ACAD-2005FB5A36BB}.Debug|ARM.Deploy.0 = Debug|ARM
		{53D6442E-5894-439E-ACAD-2005FB5A36BB}.Debug|iPhone.ActiveCfg = Debug|x86
		{53D6442E-5894-439E-ACAD-2005FB5A36BB}.Debug|iPhone.Build.0 = Debug|x86
		{53D6442E-5894-439E-ACAD-2005FB5A36BB}.Debug|iPhone.Deploy.0 = Debug|x86
		{53D6442E-5894-439E-ACAD-2005FB5A36BB}.Debug|iPhoneSimulator.ActiveCfg = Debug|x86
		{53D6442E-5894-439E-ACAD-2005FB5A36BB}.Debug|iPhoneSimulator.Build.0 = Debug|x86
		{53D6442E-5894-439E-ACAD-2005FB5A36BB}.Debug|iPhoneSimulator.Deploy.0 = Debug|x86
		{53D6442E-5894-439E-ACAD-2005FB5A36BB}.Debug|x64.ActiveCfg = Debug|x64
		{53D6442E-5894-439E-ACAD-2005FB5A36BB}.Debug|x64.Build.0 = Debug|x64
		{53D6442E-5894-439E-ACAD-2005FB5A36BB}.Debug|x64.Deploy.0 = Debug|x64
		{53D6442E-5894-439E-ACAD-2005FB5A36BB}.Debug|x86.ActiveCfg = Debug|x86
		{53D6442E-5894-439E-ACAD-2005FB5A36BB}.Debug|x86.Build.0 = Debug|x86
		{53D6442E-5894-439E-ACAD-2005FB5A36BB}.Debug|x86.Deploy.0 = Debug|x86
		{53D6442E-5894-439E-ACAD-2005FB5A36BB}.Release|Any CPU.ActiveCfg = Release|x86
		{53D6442E-5894-439E-ACAD-2005FB5A36BB}.Release|Any CPU.Build.0 = Release|x86
		{53D6442E-5894-439E-ACAD-2005FB5A36BB}.Release|Any CPU.Deploy.0 = Release|x86
		{53D6442E-5894-439E-ACAD-2005FB5A36BB}.Release|ARM.ActiveCfg = Release|ARM
		{53D6442E-5894-439E-ACAD-2005FB5A36BB}.Release|ARM.Build.0 = Release|ARM
		{53D6442E-5894-439E-ACAD-2005FB5A36BB}.Release|ARM.Deploy.0 = Release|ARM
		{53D6442E-5894-439E-ACAD-2005FB5A36BB}.Release|iPhone.ActiveCfg = Release|x86
		{53D6442E-5894-439E-ACAD-2005FB5A36BB}.Release|iPhone.Build.0 = Release|x86
		{53D6442E-5894-439E-ACAD-2005FB5A36BB}.Release|iPhone.Deploy.0 = Release|x86
		{53D6442E-5894-439E-ACAD-2005FB5A36BB}.Release|iPhoneSimulator.ActiveCfg = Release|x86
		{53D6442E-5894-439E-ACAD-2005FB5A36BB}.Release|iPhoneSimulator.Build.0 = Release|x86
		{53D6442E-5894-439E-ACAD-2005FB5A36BB}.Release|iPhoneSimulator.Deploy.0 = Release|x86
		{53D6442E-5894-439E-ACAD-2005FB5A36BB}.Release|x64.ActiveCfg = Release|x64
		{53D6442E-5894-439E-ACAD-2005FB5A36BB}.Release|x64.Build.0 = Release|x64
		{53D6442E-5894-439E-ACAD-2005FB5A36BB}.Release|x64.Deploy.0 = Release|x64
		{53D6442E-5894-439E-ACAD-2005FB5A36BB}.Release|x86.ActiveCfg = Release|x86
		{53D6442E-5894-439E-ACAD-2005FB5A36BB}.Release|x86.Build.0 = Release|x86
		{53D6442E-5894-439E-ACAD-2005FB5A36BB}.Release|x86.Deploy.0 = Release|x86
		{09FE5A65-50F9-4D66-A52A-DF97DB39608E}.Ad-Hoc|Any CPU.ActiveCfg = Debug|Any CPU
		{09FE5A65-50F9-4D66-A52A-DF97DB39608E}.Ad-Hoc|Any CPU.Build.0 = Debug|Any CPU
		{09FE5A65-50F9-4D66-A52A-DF97DB39608E}.Ad-Hoc|Any CPU.Deploy.0 = Debug|Any CPU
		{09FE5A65-50F9-4D66-A52A-DF97DB39608E}.Ad-Hoc|ARM.ActiveCfg = Debug|Any CPU
		{09FE5A65-50F9-4D66-A52A-DF97DB39608E}.Ad-Hoc|ARM.Build.0 = Debug|Any CPU
		{09FE5A65-50F9-4D66-A52A-DF97DB39608E}.Ad-Hoc|ARM.Deploy.0 = Debug|Any CPU
		{09FE5A65-50F9-4D66-A52A-DF97DB39608E}.Ad-Hoc|iPhone.ActiveCfg = Debug|Any CPU
		{09FE5A65-50F9-4D66-A52A-DF97DB39608E}.Ad-Hoc|iPhone.Build.0 = Debug|Any CPU
		{09FE5A65-50F9-4D66-A52A-DF97DB39608E}.Ad-Hoc|iPhone.Deploy.0 = Debug|Any CPU
		{09FE5A65-50F9-4D66-A52A-DF97DB39608E}.Ad-Hoc|iPhoneSimulator.ActiveCfg = Debug|Any CPU
		{09FE5A65-50F9-4D66-A52A-DF97DB39608E}.Ad-Hoc|iPhoneSimulator.Build.0 = Debug|Any CPU
		{09FE5A65-50F9-4D66-A52A-DF97DB39608E}.Ad-Hoc|iPhoneSimulator.Deploy.0 = Debug|Any CPU
		{09FE5A65-50F9-4D66-A52A-DF97DB39608E}.Ad-Hoc|x64.ActiveCfg = Debug|Any CPU
		{09FE5A65-50F9-4D66-A52A-DF97DB39608E}.Ad-Hoc|x64.Build.0 = Debug|Any CPU
		{09FE5A65-50F9-4D66-A52A-DF97DB39608E}.Ad-Hoc|x64.Deploy.0 = Debug|Any CPU
		{09FE5A65-50F9-4D66-A52A-DF97DB39608E}.Ad-Hoc|x86.ActiveCfg = Debug|Any CPU
		{09FE5A65-50F9-4D66-A52A-DF97DB39608E}.Ad-Hoc|x86.Build.0 = Debug|Any CPU
		{09FE5A65-50F9-4D66-A52A-DF97DB39608E}.Ad-Hoc|x86.Deploy.0 = Debug|Any CPU
		{09FE5A65-50F9-4D66-A52A-DF97DB39608E}.AppStore|Any CPU.ActiveCfg = Debug|Any CPU
		{09FE5A65-50F9-4D66-A52A-DF97DB39608E}.AppStore|Any CPU.Build.0 = Debug|Any CPU
		{09FE5A65-50F9-4D66-A52A-DF97DB39608E}.AppStore|Any CPU.Deploy.0 = Debug|Any CPU
		{09FE5A65-50F9-4D66-A52A-DF97DB39608E}.AppStore|ARM.ActiveCfg = Debug|Any CPU
		{09FE5A65-50F9-4D66-A52A-DF97DB39608E}.AppStore|ARM.Build.0 = Debug|Any CPU
		{09FE5A65-50F9-4D66-A52A-DF97DB39608E}.AppStore|ARM.Deploy.0 = Debug|Any CPU
		{09FE5A65-50F9-4D66-A52A-DF97DB39608E}.AppStore|iPhone.ActiveCfg = Debug|Any CPU
		{09FE5A65-50F9-4D66-A52A-DF97DB39608E}.AppStore|iPhone.Build.0 = Debug|Any CPU
		{09FE5A65-50F9-4D66-A52A-DF97DB39608E}.AppStore|iPhone.Deploy.0 = Debug|Any CPU
		{09FE5A65-50F9-4D66-A52A-DF97DB39608E}.AppStore|iPhoneSimulator.ActiveCfg = Debug|Any CPU
		{09FE5A65-50F9-4D66-A52A-DF97DB39608E}.AppStore|iPhoneSimulator.Build.0 = Debug|Any CPU
		{09FE5A65-50F9-4D66-A52A-DF97DB39608E}.AppStore|iPhoneSimulator.Deploy.0 = Debug|Any CPU
		{09FE5A65-50F9-4D66-A52A-DF97DB39608E}.AppStore|x64.ActiveCfg = Debug|Any CPU
		{09FE5A65-50F9-4D66-A52A-DF97DB39608E}.AppStore|x64.Build.0 = Debug|Any CPU
		{09FE5A65-50F9-4D66-A52A-DF97DB39608E}.AppStore|x64.Deploy.0 = Debug|Any CPU
		{09FE5A65-50F9-4D66-A52A-DF97DB39608E}.AppStore|x86.ActiveCfg = Debug|Any CPU
		{09FE5A65-50F9-4D66-A52A-DF97DB39608E}.AppStore|x86.Build.0 = Debug|Any CPU
		{09FE5A65-50F9-4D66-A52A-DF97DB39608E}.AppStore|x86.Deploy.0 = Debug|Any CPU
		{09FE5A65-50F9-4D66-A52A-DF97DB39608E}.Debug|Any CPU.ActiveCfg = Debug|Any CPU
		{09FE5A65-50F9-4D66-A52A-DF97DB39608E}.Debug|Any CPU.Build.0 = Debug|Any CPU
		{09FE5A65-50F9-4D66-A52A-DF97DB39608E}.Debug|Any CPU.Deploy.0 = Debug|Any CPU
		{09FE5A65-50F9-4D66-A52A-DF97DB39608E}.Debug|ARM.ActiveCfg = Debug|Any CPU
		{09FE5A65-50F9-4D66-A52A-DF97DB39608E}.Debug|ARM.Build.0 = Debug|Any CPU
		{09FE5A65-50F9-4D66-A52A-DF97DB39608E}.Debug|ARM.Deploy.0 = Debug|Any CPU
		{09FE5A65-50F9-4D66-A52A-DF97DB39608E}.Debug|iPhone.ActiveCfg = Debug|Any CPU
		{09FE5A65-50F9-4D66-A52A-DF97DB39608E}.Debug|iPhone.Build.0 = Debug|Any CPU
		{09FE5A65-50F9-4D66-A52A-DF97DB39608E}.Debug|iPhone.Deploy.0 = Debug|Any CPU
		{09FE5A65-50F9-4D66-A52A-DF97DB39608E}.Debug|iPhoneSimulator.ActiveCfg = Debug|Any CPU
		{09FE5A65-50F9-4D66-A52A-DF97DB39608E}.Debug|iPhoneSimulator.Build.0 = Debug|Any CPU
		{09FE5A65-50F9-4D66-A52A-DF97DB39608E}.Debug|iPhoneSimulator.Deploy.0 = Debug|Any CPU
		{09FE5A65-50F9-4D66-A52A-DF97DB39608E}.Debug|x64.ActiveCfg = Debug|Any CPU
		{09FE5A65-50F9-4D66-A52A-DF97DB39608E}.Debug|x64.Build.0 = Debug|Any CPU
		{09FE5A65-50F9-4D66-A52A-DF97DB39608E}.Debug|x64.Deploy.0 = Debug|Any CPU
		{09FE5A65-50F9-4D66-A52A-DF97DB39608E}.Debug|x86.ActiveCfg = Debug|Any CPU
		{09FE5A65-50F9-4D66-A52A-DF97DB39608E}.Debug|x86.Build.0 = Debug|Any CPU
		{09FE5A65-50F9-4D66-A52A-DF97DB39608E}.Debug|x86.Deploy.0 = Debug|Any CPU
		{09FE5A65-50F9-4D66-A52A-DF97DB39608E}.Release|Any CPU.ActiveCfg = Release|Any CPU
		{09FE5A65-50F9-4D66-A52A-DF97DB39608E}.Release|Any CPU.Build.0 = Release|Any CPU
		{09FE5A65-50F9-4D66-A52A-DF97DB39608E}.Release|Any CPU.Deploy.0 = Release|Any CPU
		{09FE5A65-50F9-4D66-A52A-DF97DB39608E}.Release|ARM.ActiveCfg = Release|Any CPU
		{09FE5A65-50F9-4D66-A52A-DF97DB39608E}.Release|ARM.Build.0 = Release|Any CPU
		{09FE5A65-50F9-4D66-A52A-DF97DB39608E}.Release|ARM.Deploy.0 = Release|Any CPU
		{09FE5A65-50F9-4D66-A52A-DF97DB39608E}.Release|iPhone.ActiveCfg = Release|Any CPU
		{09FE5A65-50F9-4D66-A52A-DF97DB39608E}.Release|iPhone.Build.0 = Release|Any CPU
		{09FE5A65-50F9-4D66-A52A-DF97DB39608E}.Release|iPhone.Deploy.0 = Release|Any CPU
		{09FE5A65-50F9-4D66-A52A-DF97DB39608E}.Release|iPhoneSimulator.ActiveCfg = Release|Any CPU
		{09FE5A65-50F9-4D66-A52A-DF97DB39608E}.Release|iPhoneSimulator.Build.0 = Release|Any CPU
		{09FE5A65-50F9-4D66-A52A-DF97DB39608E}.Release|iPhoneSimulator.Deploy.0 = Release|Any CPU
		{09FE5A65-50F9-4D66-A52A-DF97DB39608E}.Release|x64.ActiveCfg = Release|Any CPU
		{09FE5A65-50F9-4D66-A52A-DF97DB39608E}.Release|x64.Build.0 = Release|Any CPU
		{09FE5A65-50F9-4D66-A52A-DF97DB39608E}.Release|x64.Deploy.0 = Release|Any CPU
		{09FE5A65-50F9-4D66-A52A-DF97DB39608E}.Release|x86.ActiveCfg = Release|Any CPU
		{09FE5A65-50F9-4D66-A52A-DF97DB39608E}.Release|x86.Build.0 = Release|Any CPU
		{09FE5A65-50F9-4D66-A52A-DF97DB39608E}.Release|x86.Deploy.0 = Release|Any CPU
	EndGlobalSection
	GlobalSection(SolutionProperties) = preSolution
		HideSolutionNode = FALSE
	EndGlobalSection
	GlobalSection(ExtensibilityGlobals) = postSolution
		SolutionGuid = {213F5B48-F0D0-49EA-A19D-D9EEB40F1076}
	EndGlobalSection
EndGlobal
