
Microsoft Visual Studio Solution File, Format Version 12.00
# Visual Studio 15
Project("{FAE04EC0-301F-11D3-BF4B-00C04F79EFBC}") = "MyGridApp.Android", "MyGridApp.Android\MyGridApp.Android.csproj", "{A679EA28-BD19-483A-860D-8ADE4AA3831A}"
EndProject
Project("{FAE04EC0-301F-11D3-BF4B-00C04F79EFBC}") = "MyGridApp.iOS", "MyGridApp.iOS\MyGridApp.iOS.csproj", "{3308B5A8-5B70-4D9D-A872-EACA13EF05DA}"
EndProject
Project("{FAE04EC0-301F-11D3-BF4B-00C04F79EFBC}") = "MyGridApp", "MyGridApp\MyGridApp.csproj", "{5DC4CEF0-3F66-4295-A87D-D869D6139647}"
EndProject
Global
	GlobalSection(SolutionConfigurationPlatforms) = preSolution
		Debug|Any CPU = Debug|Any CPU
		Release|Any CPU = Release|Any CPU
		Debug|iPhoneSimulator = Debug|iPhoneSimulator
		Release|iPhoneSimulator = Release|iPhoneSimulator
		Debug|iPhone = Debug|iPhone
		Release|iPhone = Release|iPhone
	EndGlobalSection
	GlobalSection(ProjectConfigurationPlatforms) = postSolution
		{A679EA28-BD19-483A-860D-8ADE4AA3831A}.Debug|Any CPU.ActiveCfg = Debug|Any CPU
		{A679EA28-BD19-483A-860D-8ADE4AA3831A}.Debug|Any CPU.Build.0 = Debug|Any CPU
		{A679EA28-BD19-483A-860D-8ADE4AA3831A}.Release|Any CPU.ActiveCfg = Release|Any CPU
		{A679EA28-BD19-483A-860D-8ADE4AA3831A}.Release|Any CPU.Build.0 = Release|Any CPU
		{A679EA28-BD19-483A-860D-8ADE4AA3831A}.Debug|iPhoneSimulator.ActiveCfg = Debug|Any CPU
		{A679EA28-BD19-483A-860D-8ADE4AA3831A}.Debug|iPhoneSimulator.Build.0 = Debug|Any CPU
		{A679EA28-BD19-483A-860D-8ADE4AA3831A}.Release|iPhoneSimulator.ActiveCfg = Release|Any CPU
		{A679EA28-BD19-483A-860D-8ADE4AA3831A}.Release|iPhoneSimulator.Build.0 = Release|Any CPU
		{A679EA28-BD19-483A-860D-8ADE4AA3831A}.Debug|iPhone.ActiveCfg = Debug|Any CPU
		{A679EA28-BD19-483A-860D-8ADE4AA3831A}.Debug|iPhone.Build.0 = Debug|Any CPU
		{A679EA28-BD19-483A-860D-8ADE4AA3831A}.Release|iPhone.ActiveCfg = Release|Any CPU
		{A679EA28-BD19-483A-860D-8ADE4AA3831A}.Release|iPhone.Build.0 = Release|Any CPU
		{3308B5A8-5B70-4D9D-A872-EACA13EF05DA}.Debug|Any CPU.ActiveCfg = Debug|iPhoneSimulator
		{3308B5A8-5B70-4D9D-A872-EACA13EF05DA}.Debug|Any CPU.Build.0 = Debug|iPhoneSimulator
		{3308B5A8-5B70-4D9D-A872-EACA13EF05DA}.Release|Any CPU.ActiveCfg = Release|iPhoneSimulator
		{3308B5A8-5B70-4D9D-A872-EACA13EF05DA}.Release|Any CPU.Build.0 = Release|iPhoneSimulator
		{3308B5A8-5B70-4D9D-A872-EACA13EF05DA}.Debug|iPhoneSimulator.ActiveCfg = Debug|iPhoneSimulator
		{3308B5A8-5B70-4D9D-A872-EACA13EF05DA}.Debug|iPhoneSimulator.Build.0 = Debug|iPhoneSimulator
		{3308B5A8-5B70-4D9D-A872-EACA13EF05DA}.Release|iPhoneSimulator.ActiveCfg = Release|iPhoneSimulator
		{3308B5A8-5B70-4D9D-A872-EACA13EF05DA}.Release|iPhoneSimulator.Build.0 = Release|iPhoneSimulator
		{3308B5A8-5B70-4D9D-A872-EACA13EF05DA}.Debug|iPhone.ActiveCfg = Debug|iPhone
		{3308B5A8-5B70-4D9D-A872-EACA13EF05DA}.Debug|iPhone.Build.0 = Debug|iPhone
		{3308B5A8-5B70-4D9D-A872-EACA13EF05DA}.Release|iPhone.ActiveCfg = Release|iPhone
		{3308B5A8-5B70-4D9D-A872-EACA13EF05DA}.Release|iPhone.Build.0 = Release|iPhone
		{5DC4CEF0-3F66-4295-A87D-D869D6139647}.Debug|Any CPU.ActiveCfg = Debug|Any CPU
		{5DC4CEF0-3F66-4295-A87D-D869D6139647}.Debug|Any CPU.Build.0 = Debug|Any CPU
		{5DC4CEF0-3F66-4295-A87D-D869D6139647}.Release|Any CPU.ActiveCfg = Release|Any CPU
		{5DC4CEF0-3F66-4295-A87D-D869D6139647}.Release|Any CPU.Build.0 = Release|Any CPU
		{5DC4CEF0-3F66-4295-A87D-D869D6139647}.Debug|iPhoneSimulator.ActiveCfg = Debug|Any CPU
		{5DC4CEF0-3F66-4295-A87D-D869D6139647}.Debug|iPhoneSimulator.Build.0 = Debug|Any CPU
		{5DC4CEF0-3F66-4295-A87D-D869D6139647}.Release|iPhoneSimulator.ActiveCfg = Release|Any CPU
		{5DC4CEF0-3F66-4295-A87D-D869D6139647}.Release|iPhoneSimulator.Build.0 = Release|Any CPU
		{5DC4CEF0-3F66-4295-A87D-D869D6139647}.Debug|iPhone.ActiveCfg = Debug|Any CPU
		{5DC4CEF0-3F66-4295-A87D-D869D6139647}.Debug|iPhone.Build.0 = Debug|Any CPU
		{5DC4CEF0-3F66-4295-A87D-D869D6139647}.Release|iPhone.ActiveCfg = Release|Any CPU
		{5DC4CEF0-3F66-4295-A87D-D869D6139647}.Release|iPhone.Build.0 = Release|Any CPU
	EndGlobalSection
EndGlobal
