
Microsoft Visual Studio Solution File, Format Version 12.00
# Visual Studio 15
VisualStudioVersion = 15.0.27703.2000
MinimumVisualStudioVersion = 10.0.40219.1
Project("{FAE04EC0-301F-11D3-BF4B-00C04F79EFBC}") = "CustomViews.Android", "CustomViews\CustomViews.Android\CustomViews.Android.csproj", "{BF3217BF-7F66-4A55-8FF4-0049F6290C6F}"
EndProject
Project("{FAE04EC0-301F-11D3-BF4B-00C04F79EFBC}") = "CustomViews.iOS", "CustomViews\CustomViews.iOS\CustomViews.iOS.csproj", "{A820498E-D7E1-492F-9C46-23D4406318E4}"
EndProject
Project("{FAE04EC0-301F-11D3-BF4B-00C04F79EFBC}") = "CustomViews.UWP", "CustomViews\CustomViews.UWP\CustomViews.UWP.csproj", "{B55EFEB1-5B59-41C0-91A2-184D991FA0C3}"
EndProject
Project("{FAE04EC0-301F-11D3-BF4B-00C04F79EFBC}") = "CustomViews", "CustomViews\CustomViews\CustomViews.csproj", "{E65ECE08-C8A2-4681-8C8E-08F9EEB9E027}"
EndProject
Global
	GlobalSection(SolutionConfigurationPlatforms) = preSolution
		Ad-Hoc|Any CPU = Ad-Hoc|Any CPU
		Ad-Hoc|ARM = Ad-Hoc|ARM
		Ad-Hoc|iPhone = Ad-Hoc|iPhone
		Ad-Hoc|iPhoneSimulator = Ad-Hoc|iPhoneSimulator
		Ad-Hoc|x64 = Ad-Hoc|x64
		Ad-Hoc|x86 = Ad-Hoc|x86
		AppStore|Any CPU = AppStore|Any CPU
		AppStore|ARM = AppStore|ARM
		AppStore|iPhone = AppStore|iPhone
		AppStore|iPhoneSimulator = AppStore|iPhoneSimulator
		AppStore|x64 = AppStore|x64
		AppStore|x86 = AppStore|x86
		Debug|Any CPU = Debug|Any CPU
		Debug|ARM = Debug|ARM
		Debug|iPhone = Debug|iPhone
		Debug|iPhoneSimulator = Debug|iPhoneSimulator
		Debug|x64 = Debug|x64
		Debug|x86 = Debug|x86
		Release|Any CPU = Release|Any CPU
		Release|ARM = Release|ARM
		Release|iPhone = Release|iPhone
		Release|iPhoneSimulator = Release|iPhoneSimulator
		Release|x64 = Release|x64
		Release|x86 = Release|x86
	EndGlobalSection
	GlobalSection(ProjectConfigurationPlatforms) = postSolution
		{BF3217BF-7F66-4A55-8FF4-0049F6290C6F}.Ad-Hoc|Any CPU.ActiveCfg = Release|Any CPU
		{BF3217BF-7F66-4A55-8FF4-0049F6290C6F}.Ad-Hoc|Any CPU.Build.0 = Release|Any CPU
		{BF3217BF-7F66-4A55-8FF4-0049F6290C6F}.Ad-Hoc|Any CPU.Deploy.0 = Release|Any CPU
		{BF3217BF-7F66-4A55-8FF4-0049F6290C6F}.Ad-Hoc|ARM.ActiveCfg = Release|Any CPU
		{BF3217BF-7F66-4A55-8FF4-0049F6290C6F}.Ad-Hoc|ARM.Build.0 = Release|Any CPU
		{BF3217BF-7F66-4A55-8FF4-0049F6290C6F}.Ad-Hoc|ARM.Deploy.0 = Release|Any CPU
		{BF3217BF-7F66-4A55-8FF4-0049F6290C6F}.Ad-Hoc|iPhone.ActiveCfg = Release|Any CPU
		{BF3217BF-7F66-4A55-8FF4-0049F6290C6F}.Ad-Hoc|iPhone.Build.0 = Release|Any CPU
		{BF3217BF-7F66-4A55-8FF4-0049F6290C6F}.Ad-Hoc|iPhone.Deploy.0 = Release|Any CPU
		{BF3217BF-7F66-4A55-8FF4-0049F6290C6F}.Ad-Hoc|iPhoneSimulator.ActiveCfg = Release|Any CPU
		{BF3217BF-7F66-4A55-8FF4-0049F6290C6F}.Ad-Hoc|iPhoneSimulator.Build.0 = Release|Any CPU
		{BF3217BF-7F66-4A55-8FF4-0049F6290C6F}.Ad-Hoc|iPhoneSimulator.Deploy.0 = Release|Any CPU
		{BF3217BF-7F66-4A55-8FF4-0049F6290C6F}.Ad-Hoc|x64.ActiveCfg = Release|Any CPU
		{BF3217BF-7F66-4A55-8FF4-0049F6290C6F}.Ad-Hoc|x64.Build.0 = Release|Any CPU
		{BF3217BF-7F66-4A55-8FF4-0049F6290C6F}.Ad-Hoc|x64.Deploy.0 = Release|Any CPU
		{BF3217BF-7F66-4A55-8FF4-0049F6290C6F}.Ad-Hoc|x86.ActiveCfg = Release|Any CPU
		{BF3217BF-7F66-4A55-8FF4-0049F6290C6F}.Ad-Hoc|x86.Build.0 = Release|Any CPU
		{BF3217BF-7F66-4A55-8FF4-0049F6290C6F}.Ad-Hoc|x86.Deploy.0 = Release|Any CPU
		{BF3217BF-7F66-4A55-8FF4-0049F6290C6F}.AppStore|Any CPU.ActiveCfg = Release|Any CPU
		{BF3217BF-7F66-4A55-8FF4-0049F6290C6F}.AppStore|Any CPU.Build.0 = Release|Any CPU
		{BF3217BF-7F66-4A55-8FF4-0049F6290C6F}.AppStore|Any CPU.Deploy.0 = Release|Any CPU
		{BF3217BF-7F66-4A55-8FF4-0049F6290C6F}.AppStore|ARM.ActiveCfg = Release|Any CPU
		{BF3217BF-7F66-4A55-8FF4-0049F6290C6F}.AppStore|ARM.Build.0 = Release|Any CPU
		{BF3217BF-7F66-4A55-8FF4-0049F6290C6F}.AppStore|ARM.Deploy.0 = Release|Any CPU
		{BF3217BF-7F66-4A55-8FF4-0049F6290C6F}.AppStore|iPhone.ActiveCfg = Release|Any CPU
		{BF3217BF-7F66-4A55-8FF4-0049F6290C6F}.AppStore|iPhone.Build.0 = Release|Any CPU
		{BF3217BF-7F66-4A55-8FF4-0049F6290C6F}.AppStore|iPhone.Deploy.0 = Release|Any CPU
		{BF3217BF-7F66-4A55-8FF4-0049F6290C6F}.AppStore|iPhoneSimulator.ActiveCfg = Release|Any CPU
		{BF3217BF-7F66-4A55-8FF4-0049F6290C6F}.AppStore|iPhoneSimulator.Build.0 = Release|Any CPU
		{BF3217BF-7F66-4A55-8FF4-0049F6290C6F}.AppStore|iPhoneSimulator.Deploy.0 = Release|Any CPU
		{BF3217BF-7F66-4A55-8FF4-0049F6290C6F}.AppStore|x64.ActiveCfg = Release|Any CPU
		{BF3217BF-7F66-4A55-8FF4-0049F6290C6F}.AppStore|x64.Build.0 = Release|Any CPU
		{BF3217BF-7F66-4A55-8FF4-0049F6290C6F}.AppStore|x64.Deploy.0 = Release|Any CPU
		{BF3217BF-7F66-4A55-8FF4-0049F6290C6F}.AppStore|x86.ActiveCfg = Release|Any CPU
		{BF3217BF-7F66-4A55-8FF4-0049F6290C6F}.AppStore|x86.Build.0 = Release|Any CPU
		{BF3217BF-7F66-4A55-8FF4-0049F6290C6F}.AppStore|x86.Deploy.0 = Release|Any CPU
		{BF3217BF-7F66-4A55-8FF4-0049F6290C6F}.Debug|Any CPU.ActiveCfg = Debug|Any CPU
		{BF3217BF-7F66-4A55-8FF4-0049F6290C6F}.Debug|Any CPU.Build.0 = Debug|Any CPU
		{BF3217BF-7F66-4A55-8FF4-0049F6290C6F}.Debug|Any CPU.Deploy.0 = Debug|Any CPU
		{BF3217BF-7F66-4A55-8FF4-0049F6290C6F}.Debug|ARM.ActiveCfg = Debug|Any CPU
		{BF3217BF-7F66-4A55-8FF4-0049F6290C6F}.Debug|ARM.Build.0 = Debug|Any CPU
		{BF3217BF-7F66-4A55-8FF4-0049F6290C6F}.Debug|ARM.Deploy.0 = Debug|Any CPU
		{BF3217BF-7F66-4A55-8FF4-0049F6290C6F}.Debug|iPhone.ActiveCfg = Debug|Any CPU
		{BF3217BF-7F66-4A55-8FF4-0049F6290C6F}.Debug|iPhone.Build.0 = Debug|Any CPU
		{BF3217BF-7F66-4A55-8FF4-0049F6290C6F}.Debug|iPhone.Deploy.0 = Debug|Any CPU
		{BF3217BF-7F66-4A55-8FF4-0049F6290C6F}.Debug|iPhoneSimulator.ActiveCfg = Debug|Any CPU
		{BF3217BF-7F66-4A55-8FF4-0049F6290C6F}.Debug|iPhoneSimulator.Build.0 = Debug|Any CPU
		{BF3217BF-7F66-4A55-8FF4-0049F6290C6F}.Debug|iPhoneSimulator.Deploy.0 = Debug|Any CPU
		{BF3217BF-7F66-4A55-8FF4-0049F6290C6F}.Debug|x64.ActiveCfg = Debug|Any CPU
		{BF3217BF-7F66-4A55-8FF4-0049F6290C6F}.Debug|x64.Build.0 = Debug|Any CPU
		{BF3217BF-7F66-4A55-8FF4-0049F6290C6F}.Debug|x64.Deploy.0 = Debug|Any CPU
		{BF3217BF-7F66-4A55-8FF4-0049F6290C6F}.Debug|x86.ActiveCfg = Debug|Any CPU
		{BF3217BF-7F66-4A55-8FF4-0049F6290C6F}.Debug|x86.Build.0 = Debug|Any CPU
		{BF3217BF-7F66-4A55-8FF4-0049F6290C6F}.Debug|x86.Deploy.0 = Debug|Any CPU
		{BF3217BF-7F66-4A55-8FF4-0049F6290C6F}.Release|Any CPU.ActiveCfg = Release|Any CPU
		{BF3217BF-7F66-4A55-8FF4-0049F6290C6F}.Release|Any CPU.Build.0 = Release|Any CPU
		{BF3217BF-7F66-4A55-8FF4-0049F6290C6F}.Release|Any CPU.Deploy.0 = Release|Any CPU
		{BF3217BF-7F66-4A55-8FF4-0049F6290C6F}.Release|ARM.ActiveCfg = Release|Any CPU
		{BF3217BF-7F66-4A55-8FF4-0049F6290C6F}.Release|ARM.Build.0 = Release|Any CPU
		{BF3217BF-7F66-4A55-8FF4-0049F6290C6F}.Release|ARM.Deploy.0 = Release|Any CPU
		{BF3217BF-7F66-4A55-8FF4-0049F6290C6F}.Release|iPhone.ActiveCfg = Release|Any CPU
		{BF3217BF-7F66-4A55-8FF4-0049F6290C6F}.Release|iPhone.Build.0 = Release|Any CPU
		{BF3217BF-7F66-4A55-8FF4-0049F6290C6F}.Release|iPhone.Deploy.0 = Release|Any CPU
		{BF3217BF-7F66-4A55-8FF4-0049F6290C6F}.Release|iPhoneSimulator.ActiveCfg = Release|Any CPU
		{BF3217BF-7F66-4A55-8FF4-0049F6290C6F}.Release|iPhoneSimulator.Build.0 = Release|Any CPU
		{BF3217BF-7F66-4A55-8FF4-0049F6290C6F}.Release|iPhoneSimulator.Deploy.0 = Release|Any CPU
		{BF3217BF-7F66-4A55-8FF4-0049F6290C6F}.Release|x64.ActiveCfg = Release|Any CPU
		{BF3217BF-7F66-4A55-8FF4-0049F6290C6F}.Release|x64.Build.0 = Release|Any CPU
		{BF3217BF-7F66-4A55-8FF4-0049F6290C6F}.Release|x64.Deploy.0 = Release|Any CPU
		{BF3217BF-7F66-4A55-8FF4-0049F6290C6F}.Release|x86.ActiveCfg = Release|Any CPU
		{BF3217BF-7F66-4A55-8FF4-0049F6290C6F}.Release|x86.Build.0 = Release|Any CPU
		{BF3217BF-7F66-4A55-8FF4-0049F6290C6F}.Release|x86.Deploy.0 = Release|Any CPU
		{A820498E-D7E1-492F-9C46-23D4406318E4}.Ad-Hoc|Any CPU.ActiveCfg = Ad-Hoc|iPhone
		{A820498E-D7E1-492F-9C46-23D4406318E4}.Ad-Hoc|Any CPU.Build.0 = Ad-Hoc|iPhone
		{A820498E-D7E1-492F-9C46-23D4406318E4}.Ad-Hoc|Any CPU.Deploy.0 = Ad-Hoc|iPhone
		{A820498E-D7E1-492F-9C46-23D4406318E4}.Ad-Hoc|ARM.ActiveCfg = Ad-Hoc|iPhone
		{A820498E-D7E1-492F-9C46-23D4406318E4}.Ad-Hoc|ARM.Build.0 = Ad-Hoc|iPhone
		{A820498E-D7E1-492F-9C46-23D4406318E4}.Ad-Hoc|ARM.Deploy.0 = Ad-Hoc|iPhone
		{A820498E-D7E1-492F-9C46-23D4406318E4}.Ad-Hoc|iPhone.ActiveCfg = Ad-Hoc|iPhone
		{A820498E-D7E1-492F-9C46-23D4406318E4}.Ad-Hoc|iPhone.Build.0 = Ad-Hoc|iPhone
		{A820498E-D7E1-492F-9C46-23D4406318E4}.Ad-Hoc|iPhone.Deploy.0 = Ad-Hoc|iPhone
		{A820498E-D7E1-492F-9C46-23D4406318E4}.Ad-Hoc|iPhoneSimulator.ActiveCfg = Ad-Hoc|iPhoneSimulator
		{A820498E-D7E1-492F-9C46-23D4406318E4}.Ad-Hoc|iPhoneSimulator.Build.0 = Ad-Hoc|iPhoneSimulator
		{A820498E-D7E1-492F-9C46-23D4406318E4}.Ad-Hoc|iPhoneSimulator.Deploy.0 = Ad-Hoc|iPhoneSimulator
		{A820498E-D7E1-492F-9C46-23D4406318E4}.Ad-Hoc|x64.ActiveCfg = Ad-Hoc|iPhone
		{A820498E-D7E1-492F-9C46-23D4406318E4}.Ad-Hoc|x64.Build.0 = Ad-Hoc|iPhone
		{A820498E-D7E1-492F-9C46-23D4406318E4}.Ad-Hoc|x64.Deploy.0 = Ad-Hoc|iPhone
		{A820498E-D7E1-492F-9C46-23D4406318E4}.Ad-Hoc|x86.ActiveCfg = Ad-Hoc|iPhone
		{A820498E-D7E1-492F-9C46-23D4406318E4}.Ad-Hoc|x86.Build.0 = Ad-Hoc|iPhone
		{A820498E-D7E1-492F-9C46-23D4406318E4}.Ad-Hoc|x86.Deploy.0 = Ad-Hoc|iPhone
		{A820498E-D7E1-492F-9C46-23D4406318E4}.AppStore|Any CPU.ActiveCfg = AppStore|iPhone
		{A820498E-D7E1-492F-9C46-23D4406318E4}.AppStore|Any CPU.Build.0 = AppStore|iPhone
		{A820498E-D7E1-492F-9C46-23D4406318E4}.AppStore|Any CPU.Deploy.0 = AppStore|iPhone
		{A820498E-D7E1-492F-9C46-23D4406318E4}.AppStore|ARM.ActiveCfg = AppStore|iPhone
		{A820498E-D7E1-492F-9C46-23D4406318E4}.AppStore|ARM.Build.0 = AppStore|iPhone
		{A820498E-D7E1-492F-9C46-23D4406318E4}.AppStore|ARM.Deploy.0 = AppStore|iPhone
		{A820498E-D7E1-492F-9C46-23D4406318E4}.AppStore|iPhone.ActiveCfg = AppStore|iPhone
		{A820498E-D7E1-492F-9C46-23D4406318E4}.AppStore|iPhone.Build.0 = AppStore|iPhone
		{A820498E-D7E1-492F-9C46-23D4406318E4}.AppStore|iPhone.Deploy.0 = AppStore|iPhone
		{A820498E-D7E1-492F-9C46-23D4406318E4}.AppStore|iPhoneSimulator.ActiveCfg = AppStore|iPhoneSimulator
		{A820498E-D7E1-492F-9C46-23D4406318E4}.AppStore|iPhoneSimulator.Build.0 = AppStore|iPhoneSimulator
		{A820498E-D7E1-492F-9C46-23D4406318E4}.AppStore|iPhoneSimulator.Deploy.0 = AppStore|iPhoneSimulator
		{A820498E-D7E1-492F-9C46-23D4406318E4}.AppStore|x64.ActiveCfg = AppStore|iPhone
		{A820498E-D7E1-492F-9C46-23D4406318E4}.AppStore|x64.Build.0 = AppStore|iPhone
		{A820498E-D7E1-492F-9C46-23D4406318E4}.AppStore|x64.Deploy.0 = AppStore|iPhone
		{A820498E-D7E1-492F-9C46-23D4406318E4}.AppStore|x86.ActiveCfg = AppStore|iPhone
		{A820498E-D7E1-492F-9C46-23D4406318E4}.AppStore|x86.Build.0 = AppStore|iPhone
		{A820498E-D7E1-492F-9C46-23D4406318E4}.AppStore|x86.Deploy.0 = AppStore|iPhone
		{A820498E-D7E1-492F-9C46-23D4406318E4}.Debug|Any CPU.ActiveCfg = Debug|iPhoneSimulator
		{A820498E-D7E1-492F-9C46-23D4406318E4}.Debug|Any CPU.Build.0 = Debug|iPhoneSimulator
		{A820498E-D7E1-492F-9C46-23D4406318E4}.Debug|Any CPU.Deploy.0 = Debug|iPhoneSimulator
		{A820498E-D7E1-492F-9C46-23D4406318E4}.Debug|ARM.ActiveCfg = Debug|iPhone
		{A820498E-D7E1-492F-9C46-23D4406318E4}.Debug|ARM.Build.0 = Debug|iPhone
		{A820498E-D7E1-492F-9C46-23D4406318E4}.Debug|ARM.Deploy.0 = Debug|iPhone
		{A820498E-D7E1-492F-9C46-23D4406318E4}.Debug|iPhone.ActiveCfg = Debug|iPhone
		{A820498E-D7E1-492F-9C46-23D4406318E4}.Debug|iPhone.Build.0 = Debug|iPhone
		{A820498E-D7E1-492F-9C46-23D4406318E4}.Debug|iPhone.Deploy.0 = Debug|iPhone
		{A820498E-D7E1-492F-9C46-23D4406318E4}.Debug|iPhoneSimulator.ActiveCfg = Debug|iPhoneSimulator
		{A820498E-D7E1-492F-9C46-23D4406318E4}.Debug|iPhoneSimulator.Build.0 = Debug|iPhoneSimulator
		{A820498E-D7E1-492F-9C46-23D4406318E4}.Debug|iPhoneSimulator.Deploy.0 = Debug|iPhoneSimulator
		{A820498E-D7E1-492F-9C46-23D4406318E4}.Debug|x64.ActiveCfg = Debug|iPhone
		{A820498E-D7E1-492F-9C46-23D4406318E4}.Debug|x64.Build.0 = Debug|iPhone
		{A820498E-D7E1-492F-9C46-23D4406318E4}.Debug|x64.Deploy.0 = Debug|iPhone
		{A820498E-D7E1-492F-9C46-23D4406318E4}.Debug|x86.ActiveCfg = Debug|iPhone
		{A820498E-D7E1-492F-9C46-23D4406318E4}.Debug|x86.Build.0 = Debug|iPhone
		{A820498E-D7E1-492F-9C46-23D4406318E4}.Debug|x86.Deploy.0 = Debug|iPhone
		{A820498E-D7E1-492F-9C46-23D4406318E4}.Release|Any CPU.ActiveCfg = Release|iPhone
		{A820498E-D7E1-492F-9C46-23D4406318E4}.Release|Any CPU.Build.0 = Release|iPhone
		{A820498E-D7E1-492F-9C46-23D4406318E4}.Release|Any CPU.Deploy.0 = Release|iPhone
		{A820498E-D7E1-492F-9C46-23D4406318E4}.Release|ARM.ActiveCfg = Release|iPhone
		{A820498E-D7E1-492F-9C46-23D4406318E4}.Release|ARM.Build.0 = Release|iPhone
		{A820498E-D7E1-492F-9C46-23D4406318E4}.Release|ARM.Deploy.0 = Release|iPhone
		{A820498E-D7E1-492F-9C46-23D4406318E4}.Release|iPhone.ActiveCfg = Release|iPhone
		{A820498E-D7E1-492F-9C46-23D4406318E4}.Release|iPhone.Build.0 = Release|iPhone
		{A820498E-D7E1-492F-9C46-23D4406318E4}.Release|iPhone.Deploy.0 = Release|iPhone
		{A820498E-D7E1-492F-9C46-23D4406318E4}.Release|iPhoneSimulator.ActiveCfg = Release|iPhoneSimulator
		{A820498E-D7E1-492F-9C46-23D4406318E4}.Release|iPhoneSimulator.Build.0 = Release|iPhoneSimulator
		{A820498E-D7E1-492F-9C46-23D4406318E4}.Release|iPhoneSimulator.Deploy.0 = Release|iPhoneSimulator
		{A820498E-D7E1-492F-9C46-23D4406318E4}.Release|x64.ActiveCfg = Release|iPhone
		{A820498E-D7E1-492F-9C46-23D4406318E4}.Release|x64.Build.0 = Release|iPhone
		{A820498E-D7E1-492F-9C46-23D4406318E4}.Release|x64.Deploy.0 = Release|iPhone
		{A820498E-D7E1-492F-9C46-23D4406318E4}.Release|x86.ActiveCfg = Release|iPhone
		{A820498E-D7E1-492F-9C46-23D4406318E4}.Release|x86.Build.0 = Release|iPhone
		{A820498E-D7E1-492F-9C46-23D4406318E4}.Release|x86.Deploy.0 = Release|iPhone
		{B55EFEB1-5B59-41C0-91A2-184D991FA0C3}.Ad-Hoc|Any CPU.ActiveCfg = Release|x86
		{B55EFEB1-5B59-41C0-91A2-184D991FA0C3}.Ad-Hoc|Any CPU.Build.0 = Release|x86
		{B55EFEB1-5B59-41C0-91A2-184D991FA0C3}.Ad-Hoc|Any CPU.Deploy.0 = Release|x86
		{B55EFEB1-5B59-41C0-91A2-184D991FA0C3}.Ad-Hoc|ARM.ActiveCfg = Release|ARM
		{B55EFEB1-5B59-41C0-91A2-184D991FA0C3}.Ad-Hoc|ARM.Build.0 = Release|ARM
		{B55EFEB1-5B59-41C0-91A2-184D991FA0C3}.Ad-Hoc|ARM.Deploy.0 = Release|ARM
		{B55EFEB1-5B59-41C0-91A2-184D991FA0C3}.Ad-Hoc|iPhone.ActiveCfg = Release|x86
		{B55EFEB1-5B59-41C0-91A2-184D991FA0C3}.Ad-Hoc|iPhone.Build.0 = Release|x86
		{B55EFEB1-5B59-41C0-91A2-184D991FA0C3}.Ad-Hoc|iPhone.Deploy.0 = Release|x86
		{B55EFEB1-5B59-41C0-91A2-184D991FA0C3}.Ad-Hoc|iPhoneSimulator.ActiveCfg = Release|x86
		{B55EFEB1-5B59-41C0-91A2-184D991FA0C3}.Ad-Hoc|iPhoneSimulator.Build.0 = Release|x86
		{B55EFEB1-5B59-41C0-91A2-184D991FA0C3}.Ad-Hoc|iPhoneSimulator.Deploy.0 = Release|x86
		{B55EFEB1-5B59-41C0-91A2-184D991FA0C3}.Ad-Hoc|x64.ActiveCfg = Release|x64
		{B55EFEB1-5B59-41C0-91A2-184D991FA0C3}.Ad-Hoc|x64.Build.0 = Release|x64
		{B55EFEB1-5B59-41C0-91A2-184D991FA0C3}.Ad-Hoc|x64.Deploy.0 = Release|x64
		{B55EFEB1-5B59-41C0-91A2-184D991FA0C3}.Ad-Hoc|x86.ActiveCfg = Release|x86
		{B55EFEB1-5B59-41C0-91A2-184D991FA0C3}.Ad-Hoc|x86.Build.0 = Release|x86
		{B55EFEB1-5B59-41C0-91A2-184D991FA0C3}.Ad-Hoc|x86.Deploy.0 = Release|x86
		{B55EFEB1-5B59-41C0-91A2-184D991FA0C3}.AppStore|Any CPU.ActiveCfg = Release|x86
		{B55EFEB1-5B59-41C0-91A2-184D991FA0C3}.AppStore|Any CPU.Build.0 = Release|x86
		{B55EFEB1-5B59-41C0-91A2-184D991FA0C3}.AppStore|Any CPU.Deploy.0 = Release|x86
		{B55EFEB1-5B59-41C0-91A2-184D991FA0C3}.AppStore|ARM.ActiveCfg = Release|ARM
		{B55EFEB1-5B59-41C0-91A2-184D991FA0C3}.AppStore|ARM.Build.0 = Release|ARM
		{B55EFEB1-5B59-41C0-91A2-184D991FA0C3}.AppStore|ARM.Deploy.0 = Release|ARM
		{B55EFEB1-5B59-41C0-91A2-184D991FA0C3}.AppStore|iPhone.ActiveCfg = Release|x86
		{B55EFEB1-5B59-41C0-91A2-184D991FA0C3}.AppStore|iPhone.Build.0 = Release|x86
		{B55EFEB1-5B59-41C0-91A2-184D991FA0C3}.AppStore|iPhone.Deploy.0 = Release|x86
		{B55EFEB1-5B59-41C0-91A2-184D991FA0C3}.AppStore|iPhoneSimulator.ActiveCfg = Release|x86
		{B55EFEB1-5B59-41C0-91A2-184D991FA0C3}.AppStore|iPhoneSimulator.Build.0 = Release|x86
		{B55EFEB1-5B59-41C0-91A2-184D991FA0C3}.AppStore|iPhoneSimulator.Deploy.0 = Release|x86
		{B55EFEB1-5B59-41C0-91A2-184D991FA0C3}.AppStore|x64.ActiveCfg = Release|x64
		{B55EFEB1-5B59-41C0-91A2-184D991FA0C3}.AppStore|x64.Build.0 = Release|x64
		{B55EFEB1-5B59-41C0-91A2-184D991FA0C3}.AppStore|x64.Deploy.0 = Release|x64
		{B55EFEB1-5B59-41C0-91A2-184D991FA0C3}.AppStore|x86.ActiveCfg = Release|x86
		{B55EFEB1-5B59-41C0-91A2-184D991FA0C3}.AppStore|x86.Build.0 = Release|x86
		{B55EFEB1-5B59-41C0-91A2-184D991FA0C3}.AppStore|x86.Deploy.0 = Release|x86
		{B55EFEB1-5B59-41C0-91A2-184D991FA0C3}.Debug|Any CPU.ActiveCfg = Debug|x86
		{B55EFEB1-5B59-41C0-91A2-184D991FA0C3}.Debug|Any CPU.Build.0 = Debug|x86
		{B55EFEB1-5B59-41C0-91A2-184D991FA0C3}.Debug|Any CPU.Deploy.0 = Debug|x86
		{B55EFEB1-5B59-41C0-91A2-184D991FA0C3}.Debug|ARM.ActiveCfg = Debug|ARM
		{B55EFEB1-5B59-41C0-91A2-184D991FA0C3}.Debug|ARM.Build.0 = Debug|ARM
		{B55EFEB1-5B59-41C0-91A2-184D991FA0C3}.Debug|ARM.Deploy.0 = Debug|ARM
		{B55EFEB1-5B59-41C0-91A2-184D991FA0C3}.Debug|iPhone.ActiveCfg = Debug|x86
		{B55EFEB1-5B59-41C0-91A2-184D991FA0C3}.Debug|iPhone.Build.0 = Debug|x86
		{B55EFEB1-5B59-41C0-91A2-184D991FA0C3}.Debug|iPhone.Deploy.0 = Debug|x86
		{B55EFEB1-5B59-41C0-91A2-184D991FA0C3}.Debug|iPhoneSimulator.ActiveCfg = Debug|x86
		{B55EFEB1-5B59-41C0-91A2-184D991FA0C3}.Debug|iPhoneSimulator.Build.0 = Debug|x86
		{B55EFEB1-5B59-41C0-91A2-184D991FA0C3}.Debug|iPhoneSimulator.Deploy.0 = Debug|x86
		{B55EFEB1-5B59-41C0-91A2-184D991FA0C3}.Debug|x64.ActiveCfg = Debug|x64
		{B55EFEB1-5B59-41C0-91A2-184D991FA0C3}.Debug|x64.Build.0 = Debug|x64
		{B55EFEB1-5B59-41C0-91A2-184D991FA0C3}.Debug|x64.Deploy.0 = Debug|x64
		{B55EFEB1-5B59-41C0-91A2-184D991FA0C3}.Debug|x86.ActiveCfg = Debug|x86
		{B55EFEB1-5B59-41C0-91A2-184D991FA0C3}.Debug|x86.Build.0 = Debug|x86
		{B55EFEB1-5B59-41C0-91A2-184D991FA0C3}.Debug|x86.Deploy.0 = Debug|x86
		{B55EFEB1-5B59-41C0-91A2-184D991FA0C3}.Release|Any CPU.ActiveCfg = Release|x86
		{B55EFEB1-5B59-41C0-91A2-184D991FA0C3}.Release|Any CPU.Build.0 = Release|x86
		{B55EFEB1-5B59-41C0-91A2-184D991FA0C3}.Release|Any CPU.Deploy.0 = Release|x86
		{B55EFEB1-5B59-41C0-91A2-184D991FA0C3}.Release|ARM.ActiveCfg = Release|ARM
		{B55EFEB1-5B59-41C0-91A2-184D991FA0C3}.Release|ARM.Build.0 = Release|ARM
		{B55EFEB1-5B59-41C0-91A2-184D991FA0C3}.Release|ARM.Deploy.0 = Release|ARM
		{B55EFEB1-5B59-41C0-91A2-184D991FA0C3}.Release|iPhone.ActiveCfg = Release|x86
		{B55EFEB1-5B59-41C0-91A2-184D991FA0C3}.Release|iPhone.Build.0 = Release|x86
		{B55EFEB1-5B59-41C0-91A2-184D991FA0C3}.Release|iPhone.Deploy.0 = Release|x86
		{B55EFEB1-5B59-41C0-91A2-184D991FA0C3}.Release|iPhoneSimulator.ActiveCfg = Release|x86
		{B55EFEB1-5B59-41C0-91A2-184D991FA0C3}.Release|iPhoneSimulator.Build.0 = Release|x86
		{B55EFEB1-5B59-41C0-91A2-184D991FA0C3}.Release|iPhoneSimulator.Deploy.0 = Release|x86
		{B55EFEB1-5B59-41C0-91A2-184D991FA0C3}.Release|x64.ActiveCfg = Release|x64
		{B55EFEB1-5B59-41C0-91A2-184D991FA0C3}.Release|x64.Build.0 = Release|x64
		{B55EFEB1-5B59-41C0-91A2-184D991FA0C3}.Release|x64.Deploy.0 = Release|x64
		{B55EFEB1-5B59-41C0-91A2-184D991FA0C3}.Release|x86.ActiveCfg = Release|x86
		{B55EFEB1-5B59-41C0-91A2-184D991FA0C3}.Release|x86.Build.0 = Release|x86
		{B55EFEB1-5B59-41C0-91A2-184D991FA0C3}.Release|x86.Deploy.0 = Release|x86
		{E65ECE08-C8A2-4681-8C8E-08F9EEB9E027}.Ad-Hoc|Any CPU.ActiveCfg = Debug|Any CPU
		{E65ECE08-C8A2-4681-8C8E-08F9EEB9E027}.Ad-Hoc|Any CPU.Build.0 = Debug|Any CPU
		{E65ECE08-C8A2-4681-8C8E-08F9EEB9E027}.Ad-Hoc|Any CPU.Deploy.0 = Debug|Any CPU
		{E65ECE08-C8A2-4681-8C8E-08F9EEB9E027}.Ad-Hoc|ARM.ActiveCfg = Debug|Any CPU
		{E65ECE08-C8A2-4681-8C8E-08F9EEB9E027}.Ad-Hoc|ARM.Build.0 = Debug|Any CPU
		{E65ECE08-C8A2-4681-8C8E-08F9EEB9E027}.Ad-Hoc|ARM.Deploy.0 = Debug|Any CPU
		{E65ECE08-C8A2-4681-8C8E-08F9EEB9E027}.Ad-Hoc|iPhone.ActiveCfg = Debug|Any CPU
		{E65ECE08-C8A2-4681-8C8E-08F9EEB9E027}.Ad-Hoc|iPhone.Build.0 = Debug|Any CPU
		{E65ECE08-C8A2-4681-8C8E-08F9EEB9E027}.Ad-Hoc|iPhone.Deploy.0 = Debug|Any CPU
		{E65ECE08-C8A2-4681-8C8E-08F9EEB9E027}.Ad-Hoc|iPhoneSimulator.ActiveCfg = Debug|Any CPU
		{E65ECE08-C8A2-4681-8C8E-08F9EEB9E027}.Ad-Hoc|iPhoneSimulator.Build.0 = Debug|Any CPU
		{E65ECE08-C8A2-4681-8C8E-08F9EEB9E027}.Ad-Hoc|iPhoneSimulator.Deploy.0 = Debug|Any CPU
		{E65ECE08-C8A2-4681-8C8E-08F9EEB9E027}.Ad-Hoc|x64.ActiveCfg = Debug|Any CPU
		{E65ECE08-C8A2-4681-8C8E-08F9EEB9E027}.Ad-Hoc|x64.Build.0 = Debug|Any CPU
		{E65ECE08-C8A2-4681-8C8E-08F9EEB9E027}.Ad-Hoc|x64.Deploy.0 = Debug|Any CPU
		{E65ECE08-C8A2-4681-8C8E-08F9EEB9E027}.Ad-Hoc|x86.ActiveCfg = Debug|Any CPU
		{E65ECE08-C8A2-4681-8C8E-08F9EEB9E027}.Ad-Hoc|x86.Build.0 = Debug|Any CPU
		{E65ECE08-C8A2-4681-8C8E-08F9EEB9E027}.Ad-Hoc|x86.Deploy.0 = Debug|Any CPU
		{E65ECE08-C8A2-4681-8C8E-08F9EEB9E027}.AppStore|Any CPU.ActiveCfg = Debug|Any CPU
		{E65ECE08-C8A2-4681-8C8E-08F9EEB9E027}.AppStore|Any CPU.Build.0 = Debug|Any CPU
		{E65ECE08-C8A2-4681-8C8E-08F9EEB9E027}.AppStore|Any CPU.Deploy.0 = Debug|Any CPU
		{E65ECE08-C8A2-4681-8C8E-08F9EEB9E027}.AppStore|ARM.ActiveCfg = Debug|Any CPU
		{E65ECE08-C8A2-4681-8C8E-08F9EEB9E027}.AppStore|ARM.Build.0 = Debug|Any CPU
		{E65ECE08-C8A2-4681-8C8E-08F9EEB9E027}.AppStore|ARM.Deploy.0 = Debug|Any CPU
		{E65ECE08-C8A2-4681-8C8E-08F9EEB9E027}.AppStore|iPhone.ActiveCfg = Debug|Any CPU
		{E65ECE08-C8A2-4681-8C8E-08F9EEB9E027}.AppStore|iPhone.Build.0 = Debug|Any CPU
		{E65ECE08-C8A2-4681-8C8E-08F9EEB9E027}.AppStore|iPhone.Deploy.0 = Debug|Any CPU
		{E65ECE08-C8A2-4681-8C8E-08F9EEB9E027}.AppStore|iPhoneSimulator.ActiveCfg = Debug|Any CPU
		{E65ECE08-C8A2-4681-8C8E-08F9EEB9E027}.AppStore|iPhoneSimulator.Build.0 = Debug|Any CPU
		{E65ECE08-C8A2-4681-8C8E-08F9EEB9E027}.AppStore|iPhoneSimulator.Deploy.0 = Debug|Any CPU
		{E65ECE08-C8A2-4681-8C8E-08F9EEB9E027}.AppStore|x64.ActiveCfg = Debug|Any CPU
		{E65ECE08-C8A2-4681-8C8E-08F9EEB9E027}.AppStore|x64.Build.0 = Debug|Any CPU
		{E65ECE08-C8A2-4681-8C8E-08F9EEB9E027}.AppStore|x64.Deploy.0 = Debug|Any CPU
		{E65ECE08-C8A2-4681-8C8E-08F9EEB9E027}.AppStore|x86.ActiveCfg = Debug|Any CPU
		{E65ECE08-C8A2-4681-8C8E-08F9EEB9E027}.AppStore|x86.Build.0 = Debug|Any CPU
		{E65ECE08-C8A2-4681-8C8E-08F9EEB9E027}.AppStore|x86.Deploy.0 = Debug|Any CPU
		{E65ECE08-C8A2-4681-8C8E-08F9EEB9E027}.Debug|Any CPU.ActiveCfg = Debug|Any CPU
		{E65ECE08-C8A2-4681-8C8E-08F9EEB9E027}.Debug|Any CPU.Build.0 = Debug|Any CPU
		{E65ECE08-C8A2-4681-8C8E-08F9EEB9E027}.Debug|Any CPU.Deploy.0 = Debug|Any CPU
		{E65ECE08-C8A2-4681-8C8E-08F9EEB9E027}.Debug|ARM.ActiveCfg = Debug|Any CPU
		{E65ECE08-C8A2-4681-8C8E-08F9EEB9E027}.Debug|ARM.Build.0 = Debug|Any CPU
		{E65ECE08-C8A2-4681-8C8E-08F9EEB9E027}.Debug|ARM.Deploy.0 = Debug|Any CPU
		{E65ECE08-C8A2-4681-8C8E-08F9EEB9E027}.Debug|iPhone.ActiveCfg = Debug|Any CPU
		{E65ECE08-C8A2-4681-8C8E-08F9EEB9E027}.Debug|iPhone.Build.0 = Debug|Any CPU
		{E65ECE08-C8A2-4681-8C8E-08F9EEB9E027}.Debug|iPhone.Deploy.0 = Debug|Any CPU
		{E65ECE08-C8A2-4681-8C8E-08F9EEB9E027}.Debug|iPhoneSimulator.ActiveCfg = Debug|Any CPU
		{E65ECE08-C8A2-4681-8C8E-08F9EEB9E027}.Debug|iPhoneSimulator.Build.0 = Debug|Any CPU
		{E65ECE08-C8A2-4681-8C8E-08F9EEB9E027}.Debug|iPhoneSimulator.Deploy.0 = Debug|Any CPU
		{E65ECE08-C8A2-4681-8C8E-08F9EEB9E027}.Debug|x64.ActiveCfg = Debug|Any CPU
		{E65ECE08-C8A2-4681-8C8E-08F9EEB9E027}.Debug|x64.Build.0 = Debug|Any CPU
		{E65ECE08-C8A2-4681-8C8E-08F9EEB9E027}.Debug|x64.Deploy.0 = Debug|Any CPU
		{E65ECE08-C8A2-4681-8C8E-08F9EEB9E027}.Debug|x86.ActiveCfg = Debug|Any CPU
		{E65ECE08-C8A2-4681-8C8E-08F9EEB9E027}.Debug|x86.Build.0 = Debug|Any CPU
		{E65ECE08-C8A2-4681-8C8E-08F9EEB9E027}.Debug|x86.Deploy.0 = Debug|Any CPU
		{E65ECE08-C8A2-4681-8C8E-08F9EEB9E027}.Release|Any CPU.ActiveCfg = Release|Any CPU
		{E65ECE08-C8A2-4681-8C8E-08F9EEB9E027}.Release|Any CPU.Build.0 = Release|Any CPU
		{E65ECE08-C8A2-4681-8C8E-08F9EEB9E027}.Release|Any CPU.Deploy.0 = Release|Any CPU
		{E65ECE08-C8A2-4681-8C8E-08F9EEB9E027}.Release|ARM.ActiveCfg = Release|Any CPU
		{E65ECE08-C8A2-4681-8C8E-08F9EEB9E027}.Release|ARM.Build.0 = Release|Any CPU
		{E65ECE08-C8A2-4681-8C8E-08F9EEB9E027}.Release|ARM.Deploy.0 = Release|Any CPU
		{E65ECE08-C8A2-4681-8C8E-08F9EEB9E027}.Release|iPhone.ActiveCfg = Release|Any CPU
		{E65ECE08-C8A2-4681-8C8E-08F9EEB9E027}.Release|iPhone.Build.0 = Release|Any CPU
		{E65ECE08-C8A2-4681-8C8E-08F9EEB9E027}.Release|iPhone.Deploy.0 = Release|Any CPU
		{E65ECE08-C8A2-4681-8C8E-08F9EEB9E027}.Release|iPhoneSimulator.ActiveCfg = Release|Any CPU
		{E65ECE08-C8A2-4681-8C8E-08F9EEB9E027}.Release|iPhoneSimulator.Build.0 = Release|Any CPU
		{E65ECE08-C8A2-4681-8C8E-08F9EEB9E027}.Release|iPhoneSimulator.Deploy.0 = Release|Any CPU
		{E65ECE08-C8A2-4681-8C8E-08F9EEB9E027}.Release|x64.ActiveCfg = Release|Any CPU
		{E65ECE08-C8A2-4681-8C8E-08F9EEB9E027}.Release|x64.Build.0 = Release|Any CPU
		{E65ECE08-C8A2-4681-8C8E-08F9EEB9E027}.Release|x64.Deploy.0 = Release|Any CPU
		{E65ECE08-C8A2-4681-8C8E-08F9EEB9E027}.Release|x86.ActiveCfg = Release|Any CPU
		{E65ECE08-C8A2-4681-8C8E-08F9EEB9E027}.Release|x86.Build.0 = Release|Any CPU
		{E65ECE08-C8A2-4681-8C8E-08F9EEB9E027}.Release|x86.Deploy.0 = Release|Any CPU
	EndGlobalSection
	GlobalSection(SolutionProperties) = preSolution
		HideSolutionNode = FALSE
	EndGlobalSection
	GlobalSection(ExtensibilityGlobals) = postSolution
		SolutionGuid = {57E06385-1A31-4928-A4DC-0C69A7444CAF}
	EndGlobalSection
EndGlobal
