
Microsoft Visual Studio Solution File, Format Version 12.00
# Visual Studio 2012
Project("{FAE04EC0-301F-11D3-BF4B-00C04F79EFBC}") = "GpsDemo", "GpsDemo\GpsDemo.csproj", "{956A650E-CBC5-458C-95C1-701069029E7D}"
EndProject
Project("{FAE04EC0-301F-11D3-BF4B-00C04F79EFBC}") = "GpsDemo.iOS", "iOS\GpsDemo.iOS.csproj", "{A1E41930-7085-4647-8451-6D1D130F8D27}"
EndProject
Project("{FAE04EC0-301F-11D3-BF4B-00C04F79EFBC}") = "GpsDemo.Droid", "Droid\GpsDemo.Droid.csproj", "{11817B0E-02B5-40E1-88BD-1E1B40578166}"
EndProject
Global
	GlobalSection(SolutionConfigurationPlatforms) = preSolution
		Debug|Any CPU = Debug|Any CPU
		Release|Any CPU = Release|Any CPU
		Debug|iPhoneSimulator = Debug|iPhoneSimulator
		Release|iPhone = Release|iPhone
		Release|iPhoneSimulator = Release|iPhoneSimulator
		Debug|iPhone = Debug|iPhone
	EndGlobalSection
	GlobalSection(ProjectConfigurationPlatforms) = postSolution
		{956A650E-CBC5-458C-95C1-701069029E7D}.Debug|Any CPU.ActiveCfg = Debug|Any CPU
		{956A650E-CBC5-458C-95C1-701069029E7D}.Debug|Any CPU.Build.0 = Debug|Any CPU
		{956A650E-CBC5-458C-95C1-701069029E7D}.Release|Any CPU.ActiveCfg = Release|Any CPU
		{956A650E-CBC5-458C-95C1-701069029E7D}.Release|Any CPU.Build.0 = Release|Any CPU
		{956A650E-CBC5-458C-95C1-701069029E7D}.Debug|iPhoneSimulator.ActiveCfg = Debug|Any CPU
		{956A650E-CBC5-458C-95C1-701069029E7D}.Debug|iPhoneSimulator.Build.0 = Debug|Any CPU
		{956A650E-CBC5-458C-95C1-701069029E7D}.Release|iPhone.ActiveCfg = Release|Any CPU
		{956A650E-CBC5-458C-95C1-701069029E7D}.Release|iPhone.Build.0 = Release|Any CPU
		{956A650E-CBC5-458C-95C1-701069029E7D}.Release|iPhoneSimulator.ActiveCfg = Release|Any CPU
		{956A650E-CBC5-458C-95C1-701069029E7D}.Release|iPhoneSimulator.Build.0 = Release|Any CPU
		{956A650E-CBC5-458C-95C1-701069029E7D}.Debug|iPhone.ActiveCfg = Debug|Any CPU
		{956A650E-CBC5-458C-95C1-701069029E7D}.Debug|iPhone.Build.0 = Debug|Any CPU
		{A1E41930-7085-4647-8451-6D1D130F8D27}.Debug|Any CPU.ActiveCfg = Debug|iPhoneSimulator
		{A1E41930-7085-4647-8451-6D1D130F8D27}.Debug|Any CPU.Build.0 = Debug|iPhoneSimulator
		{A1E41930-7085-4647-8451-6D1D130F8D27}.Release|Any CPU.ActiveCfg = Release|iPhone
		{A1E41930-7085-4647-8451-6D1D130F8D27}.Release|Any CPU.Build.0 = Release|iPhone
		{A1E41930-7085-4647-8451-6D1D130F8D27}.Debug|iPhoneSimulator.ActiveCfg = Debug|iPhoneSimulator
		{A1E41930-7085-4647-8451-6D1D130F8D27}.Debug|iPhoneSimulator.Build.0 = Debug|iPhoneSimulator
		{A1E41930-7085-4647-8451-6D1D130F8D27}.Release|iPhone.ActiveCfg = Release|iPhone
		{A1E41930-7085-4647-8451-6D1D130F8D27}.Release|iPhone.Build.0 = Release|iPhone
		{A1E41930-7085-4647-8451-6D1D130F8D27}.Release|iPhoneSimulator.ActiveCfg = Release|iPhoneSimulator
		{A1E41930-7085-4647-8451-6D1D130F8D27}.Release|iPhoneSimulator.Build.0 = Release|iPhoneSimulator
		{A1E41930-7085-4647-8451-6D1D130F8D27}.Debug|iPhone.ActiveCfg = Debug|iPhone
		{A1E41930-7085-4647-8451-6D1D130F8D27}.Debug|iPhone.Build.0 = Debug|iPhone
		{11817B0E-02B5-40E1-88BD-1E1B40578166}.Debug|Any CPU.ActiveCfg = Debug|Any CPU
		{11817B0E-02B5-40E1-88BD-1E1B40578166}.Debug|Any CPU.Build.0 = Debug|Any CPU
		{11817B0E-02B5-40E1-88BD-1E1B40578166}.Release|Any CPU.ActiveCfg = Release|Any CPU
		{11817B0E-02B5-40E1-88BD-1E1B40578166}.Release|Any CPU.Build.0 = Release|Any CPU
		{11817B0E-02B5-40E1-88BD-1E1B40578166}.Debug|iPhoneSimulator.ActiveCfg = Debug|Any CPU
		{11817B0E-02B5-40E1-88BD-1E1B40578166}.Debug|iPhoneSimulator.Build.0 = Debug|Any CPU
		{11817B0E-02B5-40E1-88BD-1E1B40578166}.Release|iPhone.ActiveCfg = Release|Any CPU
		{11817B0E-02B5-40E1-88BD-1E1B40578166}.Release|iPhone.Build.0 = Release|Any CPU
		{11817B0E-02B5-40E1-88BD-1E1B40578166}.Release|iPhoneSimulator.ActiveCfg = Release|Any CPU
		{11817B0E-02B5-40E1-88BD-1E1B40578166}.Release|iPhoneSimulator.Build.0 = Release|Any CPU
		{11817B0E-02B5-40E1-88BD-1E1B40578166}.Debug|iPhone.ActiveCfg = Debug|Any CPU
		{11817B0E-02B5-40E1-88BD-1E1B40578166}.Debug|iPhone.Build.0 = Debug|Any CPU
	EndGlobalSection
EndGlobal
