
Microsoft Visual Studio Solution File, Format Version 12.00
# Visual Studio 2012
Project("{FAE04EC0-301F-11D3-BF4B-00C04F79EFBC}") = "BatmanApp", "BatmanApp\BatmanApp.csproj", "{8C94FF23-9EC0-4262-87A1-36B6C902EB7F}"
EndProject
Project("{FAE04EC0-301F-11D3-BF4B-00C04F79EFBC}") = "BatmanApp.iOS", "iOS\BatmanApp.iOS.csproj", "{32F410DB-8B61-42E3-946B-1C36A7B26405}"
EndProject
Project("{FAE04EC0-301F-11D3-BF4B-00C04F79EFBC}") = "BatmanApp.Droid", "Droid\BatmanApp.Droid.csproj", "{D8130FCB-62B6-4AE7-8A8A-93F800B97E80}"
EndProject
Global
	GlobalSection(SolutionConfigurationPlatforms) = preSolution
		Debug|Any CPU = Debug|Any CPU
		Release|Any CPU = Release|Any CPU
		Debug|iPhoneSimulator = Debug|iPhoneSimulator
		Release|iPhone = Release|iPhone
		Release|iPhoneSimulator = Release|iPhoneSimulator
		Debug|iPhone = Debug|iPhone
	EndGlobalSection
	GlobalSection(ProjectConfigurationPlatforms) = postSolution
		{8C94FF23-9EC0-4262-87A1-36B6C902EB7F}.Debug|Any CPU.ActiveCfg = Debug|Any CPU
		{8C94FF23-9EC0-4262-87A1-36B6C902EB7F}.Debug|Any CPU.Build.0 = Debug|Any CPU
		{8C94FF23-9EC0-4262-87A1-36B6C902EB7F}.Release|Any CPU.ActiveCfg = Release|Any CPU
		{8C94FF23-9EC0-4262-87A1-36B6C902EB7F}.Release|Any CPU.Build.0 = Release|Any CPU
		{8C94FF23-9EC0-4262-87A1-36B6C902EB7F}.Debug|iPhoneSimulator.ActiveCfg = Debug|Any CPU
		{8C94FF23-9EC0-4262-87A1-36B6C902EB7F}.Debug|iPhoneSimulator.Build.0 = Debug|Any CPU
		{8C94FF23-9EC0-4262-87A1-36B6C902EB7F}.Release|iPhone.ActiveCfg = Release|Any CPU
		{8C94FF23-9EC0-4262-87A1-36B6C902EB7F}.Release|iPhone.Build.0 = Release|Any CPU
		{8C94FF23-9EC0-4262-87A1-36B6C902EB7F}.Release|iPhoneSimulator.ActiveCfg = Release|Any CPU
		{8C94FF23-9EC0-4262-87A1-36B6C902EB7F}.Release|iPhoneSimulator.Build.0 = Release|Any CPU
		{8C94FF23-9EC0-4262-87A1-36B6C902EB7F}.Debug|iPhone.ActiveCfg = Debug|Any CPU
		{8C94FF23-9EC0-4262-87A1-36B6C902EB7F}.Debug|iPhone.Build.0 = Debug|Any CPU
		{32F410DB-8B61-42E3-946B-1C36A7B26405}.Debug|Any CPU.ActiveCfg = Debug|iPhoneSimulator
		{32F410DB-8B61-42E3-946B-1C36A7B26405}.Debug|Any CPU.Build.0 = Debug|iPhoneSimulator
		{32F410DB-8B61-42E3-946B-1C36A7B26405}.Release|Any CPU.ActiveCfg = Release|iPhone
		{32F410DB-8B61-42E3-946B-1C36A7B26405}.Release|Any CPU.Build.0 = Release|iPhone
		{32F410DB-8B61-42E3-946B-1C36A7B26405}.Debug|iPhoneSimulator.ActiveCfg = Debug|iPhoneSimulator
		{32F410DB-8B61-42E3-946B-1C36A7B26405}.Debug|iPhoneSimulator.Build.0 = Debug|iPhoneSimulator
		{32F410DB-8B61-42E3-946B-1C36A7B26405}.Release|iPhone.ActiveCfg = Release|iPhone
		{32F410DB-8B61-42E3-946B-1C36A7B26405}.Release|iPhone.Build.0 = Release|iPhone
		{32F410DB-8B61-42E3-946B-1C36A7B26405}.Release|iPhoneSimulator.ActiveCfg = Release|iPhoneSimulator
		{32F410DB-8B61-42E3-946B-1C36A7B26405}.Release|iPhoneSimulator.Build.0 = Release|iPhoneSimulator
		{32F410DB-8B61-42E3-946B-1C36A7B26405}.Debug|iPhone.ActiveCfg = Debug|iPhone
		{32F410DB-8B61-42E3-946B-1C36A7B26405}.Debug|iPhone.Build.0 = Debug|iPhone
		{D8130FCB-62B6-4AE7-8A8A-93F800B97E80}.Debug|Any CPU.ActiveCfg = Debug|Any CPU
		{D8130FCB-62B6-4AE7-8A8A-93F800B97E80}.Debug|Any CPU.Build.0 = Debug|Any CPU
		{D8130FCB-62B6-4AE7-8A8A-93F800B97E80}.Release|Any CPU.ActiveCfg = Release|Any CPU
		{D8130FCB-62B6-4AE7-8A8A-93F800B97E80}.Release|Any CPU.Build.0 = Release|Any CPU
		{D8130FCB-62B6-4AE7-8A8A-93F800B97E80}.Debug|iPhoneSimulator.ActiveCfg = Debug|Any CPU
		{D8130FCB-62B6-4AE7-8A8A-93F800B97E80}.Debug|iPhoneSimulator.Build.0 = Debug|Any CPU
		{D8130FCB-62B6-4AE7-8A8A-93F800B97E80}.Release|iPhone.ActiveCfg = Release|Any CPU
		{D8130FCB-62B6-4AE7-8A8A-93F800B97E80}.Release|iPhone.Build.0 = Release|Any CPU
		{D8130FCB-62B6-4AE7-8A8A-93F800B97E80}.Release|iPhoneSimulator.ActiveCfg = Release|Any CPU
		{D8130FCB-62B6-4AE7-8A8A-93F800B97E80}.Release|iPhoneSimulator.Build.0 = Release|Any CPU
		{D8130FCB-62B6-4AE7-8A8A-93F800B97E80}.Debug|iPhone.ActiveCfg = Debug|Any CPU
		{D8130FCB-62B6-4AE7-8A8A-93F800B97E80}.Debug|iPhone.Build.0 = Debug|Any CPU
	EndGlobalSection
EndGlobal
