
Microsoft Visual Studio Solution File, Format Version 12.00
# Visual Studio 15
VisualStudioVersion = 15.0.27703.2000
MinimumVisualStudioVersion = 10.0.40219.1
Project("{FAE04EC0-301F-11D3-BF4B-00C04F79EFBC}") = "GamepadTester.Android", "GamepadTester\GamepadTester.Android\GamepadTester.Android.csproj", "{D714C874-C3F9-4C47-8EE7-277BC9DF71E8}"
EndProject
Project("{FAE04EC0-301F-11D3-BF4B-00C04F79EFBC}") = "GamepadTester.iOS", "GamepadTester\GamepadTester.iOS\GamepadTester.iOS.csproj", "{EB8EDEF9-BFE8-4E2E-9E56-43046F49FC1C}"
EndProject
Project("{FAE04EC0-301F-11D3-BF4B-00C04F79EFBC}") = "GamepadTester.UWP", "GamepadTester\GamepadTester.UWP\GamepadTester.UWP.csproj", "{3D46D1FA-B35F-498C-89A8-1A49B9B5A945}"
EndProject
Project("{FAE04EC0-301F-11D3-BF4B-00C04F79EFBC}") = "GamepadTester", "GamepadTester\GamepadTester\GamepadTester.csproj", "{74E23D32-3D0D-4B0D-9327-3BE9322CA9F5}"
EndProject
Global
	GlobalSection(SolutionConfigurationPlatforms) = preSolution
		Ad-Hoc|Any CPU = Ad-Hoc|Any CPU
		Ad-Hoc|ARM = Ad-Hoc|ARM
		Ad-Hoc|iPhone = Ad-Hoc|iPhone
		Ad-Hoc|iPhoneSimulator = Ad-Hoc|iPhoneSimulator
		Ad-Hoc|x64 = Ad-Hoc|x64
		Ad-Hoc|x86 = Ad-Hoc|x86
		AppStore|Any CPU = AppStore|Any CPU
		AppStore|ARM = AppStore|ARM
		AppStore|iPhone = AppStore|iPhone
		AppStore|iPhoneSimulator = AppStore|iPhoneSimulator
		AppStore|x64 = AppStore|x64
		AppStore|x86 = AppStore|x86
		Debug|Any CPU = Debug|Any CPU
		Debug|ARM = Debug|ARM
		Debug|iPhone = Debug|iPhone
		Debug|iPhoneSimulator = Debug|iPhoneSimulator
		Debug|x64 = Debug|x64
		Debug|x86 = Debug|x86
		Release|Any CPU = Release|Any CPU
		Release|ARM = Release|ARM
		Release|iPhone = Release|iPhone
		Release|iPhoneSimulator = Release|iPhoneSimulator
		Release|x64 = Release|x64
		Release|x86 = Release|x86
	EndGlobalSection
	GlobalSection(ProjectConfigurationPlatforms) = postSolution
		{D714C874-C3F9-4C47-8EE7-277BC9DF71E8}.Ad-Hoc|Any CPU.ActiveCfg = Release|Any CPU
		{D714C874-C3F9-4C47-8EE7-277BC9DF71E8}.Ad-Hoc|Any CPU.Build.0 = Release|Any CPU
		{D714C874-C3F9-4C47-8EE7-277BC9DF71E8}.Ad-Hoc|Any CPU.Deploy.0 = Release|Any CPU
		{D714C874-C3F9-4C47-8EE7-277BC9DF71E8}.Ad-Hoc|ARM.ActiveCfg = Release|Any CPU
		{D714C874-C3F9-4C47-8EE7-277BC9DF71E8}.Ad-Hoc|ARM.Build.0 = Release|Any CPU
		{D714C874-C3F9-4C47-8EE7-277BC9DF71E8}.Ad-Hoc|ARM.Deploy.0 = Release|Any CPU
		{D714C874-C3F9-4C47-8EE7-277BC9DF71E8}.Ad-Hoc|iPhone.ActiveCfg = Release|Any CPU
		{D714C874-C3F9-4C47-8EE7-277BC9DF71E8}.Ad-Hoc|iPhone.Build.0 = Release|Any CPU
		{D714C874-C3F9-4C47-8EE7-277BC9DF71E8}.Ad-Hoc|iPhone.Deploy.0 = Release|Any CPU
		{D714C874-C3F9-4C47-8EE7-277BC9DF71E8}.Ad-Hoc|iPhoneSimulator.ActiveCfg = Release|Any CPU
		{D714C874-C3F9-4C47-8EE7-277BC9DF71E8}.Ad-Hoc|iPhoneSimulator.Build.0 = Release|Any CPU
		{D714C874-C3F9-4C47-8EE7-277BC9DF71E8}.Ad-Hoc|iPhoneSimulator.Deploy.0 = Release|Any CPU
		{D714C874-C3F9-4C47-8EE7-277BC9DF71E8}.Ad-Hoc|x64.ActiveCfg = Release|Any CPU
		{D714C874-C3F9-4C47-8EE7-277BC9DF71E8}.Ad-Hoc|x64.Build.0 = Release|Any CPU
		{D714C874-C3F9-4C47-8EE7-277BC9DF71E8}.Ad-Hoc|x64.Deploy.0 = Release|Any CPU
		{D714C874-C3F9-4C47-8EE7-277BC9DF71E8}.Ad-Hoc|x86.ActiveCfg = Release|Any CPU
		{D714C874-C3F9-4C47-8EE7-277BC9DF71E8}.Ad-Hoc|x86.Build.0 = Release|Any CPU
		{D714C874-C3F9-4C47-8EE7-277BC9DF71E8}.Ad-Hoc|x86.Deploy.0 = Release|Any CPU
		{D714C874-C3F9-4C47-8EE7-277BC9DF71E8}.AppStore|Any CPU.ActiveCfg = Release|Any CPU
		{D714C874-C3F9-4C47-8EE7-277BC9DF71E8}.AppStore|Any CPU.Build.0 = Release|Any CPU
		{D714C874-C3F9-4C47-8EE7-277BC9DF71E8}.AppStore|Any CPU.Deploy.0 = Release|Any CPU
		{D714C874-C3F9-4C47-8EE7-277BC9DF71E8}.AppStore|ARM.ActiveCfg = Release|Any CPU
		{D714C874-C3F9-4C47-8EE7-277BC9DF71E8}.AppStore|ARM.Build.0 = Release|Any CPU
		{D714C874-C3F9-4C47-8EE7-277BC9DF71E8}.AppStore|ARM.Deploy.0 = Release|Any CPU
		{D714C874-C3F9-4C47-8EE7-277BC9DF71E8}.AppStore|iPhone.ActiveCfg = Release|Any CPU
		{D714C874-C3F9-4C47-8EE7-277BC9DF71E8}.AppStore|iPhone.Build.0 = Release|Any CPU
		{D714C874-C3F9-4C47-8EE7-277BC9DF71E8}.AppStore|iPhone.Deploy.0 = Release|Any CPU
		{D714C874-C3F9-4C47-8EE7-277BC9DF71E8}.AppStore|iPhoneSimulator.ActiveCfg = Release|Any CPU
		{D714C874-C3F9-4C47-8EE7-277BC9DF71E8}.AppStore|iPhoneSimulator.Build.0 = Release|Any CPU
		{D714C874-C3F9-4C47-8EE7-277BC9DF71E8}.AppStore|iPhoneSimulator.Deploy.0 = Release|Any CPU
		{D714C874-C3F9-4C47-8EE7-277BC9DF71E8}.AppStore|x64.ActiveCfg = Release|Any CPU
		{D714C874-C3F9-4C47-8EE7-277BC9DF71E8}.AppStore|x64.Build.0 = Release|Any CPU
		{D714C874-C3F9-4C47-8EE7-277BC9DF71E8}.AppStore|x64.Deploy.0 = Release|Any CPU
		{D714C874-C3F9-4C47-8EE7-277BC9DF71E8}.AppStore|x86.ActiveCfg = Release|Any CPU
		{D714C874-C3F9-4C47-8EE7-277BC9DF71E8}.AppStore|x86.Build.0 = Release|Any CPU
		{D714C874-C3F9-4C47-8EE7-277BC9DF71E8}.AppStore|x86.Deploy.0 = Release|Any CPU
		{D714C874-C3F9-4C47-8EE7-277BC9DF71E8}.Debug|Any CPU.ActiveCfg = Debug|Any CPU
		{D714C874-C3F9-4C47-8EE7-277BC9DF71E8}.Debug|Any CPU.Build.0 = Debug|Any CPU
		{D714C874-C3F9-4C47-8EE7-277BC9DF71E8}.Debug|Any CPU.Deploy.0 = Debug|Any CPU
		{D714C874-C3F9-4C47-8EE7-277BC9DF71E8}.Debug|ARM.ActiveCfg = Debug|Any CPU
		{D714C874-C3F9-4C47-8EE7-277BC9DF71E8}.Debug|ARM.Build.0 = Debug|Any CPU
		{D714C874-C3F9-4C47-8EE7-277BC9DF71E8}.Debug|ARM.Deploy.0 = Debug|Any CPU
		{D714C874-C3F9-4C47-8EE7-277BC9DF71E8}.Debug|iPhone.ActiveCfg = Debug|Any CPU
		{D714C874-C3F9-4C47-8EE7-277BC9DF71E8}.Debug|iPhone.Build.0 = Debug|Any CPU
		{D714C874-C3F9-4C47-8EE7-277BC9DF71E8}.Debug|iPhone.Deploy.0 = Debug|Any CPU
		{D714C874-C3F9-4C47-8EE7-277BC9DF71E8}.Debug|iPhoneSimulator.ActiveCfg = Debug|Any CPU
		{D714C874-C3F9-4C47-8EE7-277BC9DF71E8}.Debug|iPhoneSimulator.Build.0 = Debug|Any CPU
		{D714C874-C3F9-4C47-8EE7-277BC9DF71E8}.Debug|iPhoneSimulator.Deploy.0 = Debug|Any CPU
		{D714C874-C3F9-4C47-8EE7-277BC9DF71E8}.Debug|x64.ActiveCfg = Debug|Any CPU
		{D714C874-C3F9-4C47-8EE7-277BC9DF71E8}.Debug|x64.Build.0 = Debug|Any CPU
		{D714C874-C3F9-4C47-8EE7-277BC9DF71E8}.Debug|x64.Deploy.0 = Debug|Any CPU
		{D714C874-C3F9-4C47-8EE7-277BC9DF71E8}.Debug|x86.ActiveCfg = Debug|Any CPU
		{D714C874-C3F9-4C47-8EE7-277BC9DF71E8}.Debug|x86.Build.0 = Debug|Any CPU
		{D714C874-C3F9-4C47-8EE7-277BC9DF71E8}.Debug|x86.Deploy.0 = Debug|Any CPU
		{D714C874-C3F9-4C47-8EE7-277BC9DF71E8}.Release|Any CPU.ActiveCfg = Release|Any CPU
		{D714C874-C3F9-4C47-8EE7-277BC9DF71E8}.Release|Any CPU.Build.0 = Release|Any CPU
		{D714C874-C3F9-4C47-8EE7-277BC9DF71E8}.Release|Any CPU.Deploy.0 = Release|Any CPU
		{D714C874-C3F9-4C47-8EE7-277BC9DF71E8}.Release|ARM.ActiveCfg = Release|Any CPU
		{D714C874-C3F9-4C47-8EE7-277BC9DF71E8}.Release|ARM.Build.0 = Release|Any CPU
		{D714C874-C3F9-4C47-8EE7-277BC9DF71E8}.Release|ARM.Deploy.0 = Release|Any CPU
		{D714C874-C3F9-4C47-8EE7-277BC9DF71E8}.Release|iPhone.ActiveCfg = Release|Any CPU
		{D714C874-C3F9-4C47-8EE7-277BC9DF71E8}.Release|iPhone.Build.0 = Release|Any CPU
		{D714C874-C3F9-4C47-8EE7-277BC9DF71E8}.Release|iPhone.Deploy.0 = Release|Any CPU
		{D714C874-C3F9-4C47-8EE7-277BC9DF71E8}.Release|iPhoneSimulator.ActiveCfg = Release|Any CPU
		{D714C874-C3F9-4C47-8EE7-277BC9DF71E8}.Release|iPhoneSimulator.Build.0 = Release|Any CPU
		{D714C874-C3F9-4C47-8EE7-277BC9DF71E8}.Release|iPhoneSimulator.Deploy.0 = Release|Any CPU
		{D714C874-C3F9-4C47-8EE7-277BC9DF71E8}.Release|x64.ActiveCfg = Release|Any CPU
		{D714C874-C3F9-4C47-8EE7-277BC9DF71E8}.Release|x64.Build.0 = Release|Any CPU
		{D714C874-C3F9-4C47-8EE7-277BC9DF71E8}.Release|x64.Deploy.0 = Release|Any CPU
		{D714C874-C3F9-4C47-8EE7-277BC9DF71E8}.Release|x86.ActiveCfg = Release|Any CPU
		{D714C874-C3F9-4C47-8EE7-277BC9DF71E8}.Release|x86.Build.0 = Release|Any CPU
		{D714C874-C3F9-4C47-8EE7-277BC9DF71E8}.Release|x86.Deploy.0 = Release|Any CPU
		{EB8EDEF9-BFE8-4E2E-9E56-43046F49FC1C}.Ad-Hoc|Any CPU.ActiveCfg = Ad-Hoc|iPhone
		{EB8EDEF9-BFE8-4E2E-9E56-43046F49FC1C}.Ad-Hoc|Any CPU.Build.0 = Ad-Hoc|iPhone
		{EB8EDEF9-BFE8-4E2E-9E56-43046F49FC1C}.Ad-Hoc|Any CPU.Deploy.0 = Ad-Hoc|iPhone
		{EB8EDEF9-BFE8-4E2E-9E56-43046F49FC1C}.Ad-Hoc|ARM.ActiveCfg = Ad-Hoc|iPhone
		{EB8EDEF9-BFE8-4E2E-9E56-43046F49FC1C}.Ad-Hoc|ARM.Build.0 = Ad-Hoc|iPhone
		{EB8EDEF9-BFE8-4E2E-9E56-43046F49FC1C}.Ad-Hoc|ARM.Deploy.0 = Ad-Hoc|iPhone
		{EB8EDEF9-BFE8-4E2E-9E56-43046F49FC1C}.Ad-Hoc|iPhone.ActiveCfg = Ad-Hoc|iPhone
		{EB8EDEF9-BFE8-4E2E-9E56-43046F49FC1C}.Ad-Hoc|iPhone.Build.0 = Ad-Hoc|iPhone
		{EB8EDEF9-BFE8-4E2E-9E56-43046F49FC1C}.Ad-Hoc|iPhone.Deploy.0 = Ad-Hoc|iPhone
		{EB8EDEF9-BFE8-4E2E-9E56-43046F49FC1C}.Ad-Hoc|iPhoneSimulator.ActiveCfg = Ad-Hoc|iPhoneSimulator
		{EB8EDEF9-BFE8-4E2E-9E56-43046F49FC1C}.Ad-Hoc|iPhoneSimulator.Build.0 = Ad-Hoc|iPhoneSimulator
		{EB8EDEF9-BFE8-4E2E-9E56-43046F49FC1C}.Ad-Hoc|iPhoneSimulator.Deploy.0 = Ad-Hoc|iPhoneSimulator
		{EB8EDEF9-BFE8-4E2E-9E56-43046F49FC1C}.Ad-Hoc|x64.ActiveCfg = Ad-Hoc|iPhone
		{EB8EDEF9-BFE8-4E2E-9E56-43046F49FC1C}.Ad-Hoc|x64.Build.0 = Ad-Hoc|iPhone
		{EB8EDEF9-BFE8-4E2E-9E56-43046F49FC1C}.Ad-Hoc|x64.Deploy.0 = Ad-Hoc|iPhone
		{EB8EDEF9-BFE8-4E2E-9E56-43046F49FC1C}.Ad-Hoc|x86.ActiveCfg = Ad-Hoc|iPhone
		{EB8EDEF9-BFE8-4E2E-9E56-43046F49FC1C}.Ad-Hoc|x86.Build.0 = Ad-Hoc|iPhone
		{EB8EDEF9-BFE8-4E2E-9E56-43046F49FC1C}.Ad-Hoc|x86.Deploy.0 = Ad-Hoc|iPhone
		{EB8EDEF9-BFE8-4E2E-9E56-43046F49FC1C}.AppStore|Any CPU.ActiveCfg = AppStore|iPhone
		{EB8EDEF9-BFE8-4E2E-9E56-43046F49FC1C}.AppStore|Any CPU.Build.0 = AppStore|iPhone
		{EB8EDEF9-BFE8-4E2E-9E56-43046F49FC1C}.AppStore|Any CPU.Deploy.0 = AppStore|iPhone
		{EB8EDEF9-BFE8-4E2E-9E56-43046F49FC1C}.AppStore|ARM.ActiveCfg = AppStore|iPhone
		{EB8EDEF9-BFE8-4E2E-9E56-43046F49FC1C}.AppStore|ARM.Build.0 = AppStore|iPhone
		{EB8EDEF9-BFE8-4E2E-9E56-43046F49FC1C}.AppStore|ARM.Deploy.0 = AppStore|iPhone
		{EB8EDEF9-BFE8-4E2E-9E56-43046F49FC1C}.AppStore|iPhone.ActiveCfg = AppStore|iPhone
		{EB8EDEF9-BFE8-4E2E-9E56-43046F49FC1C}.AppStore|iPhone.Build.0 = AppStore|iPhone
		{EB8EDEF9-BFE8-4E2E-9E56-43046F49FC1C}.AppStore|iPhone.Deploy.0 = AppStore|iPhone
		{EB8EDEF9-BFE8-4E2E-9E56-43046F49FC1C}.AppStore|iPhoneSimulator.ActiveCfg = AppStore|iPhoneSimulator
		{EB8EDEF9-BFE8-4E2E-9E56-43046F49FC1C}.AppStore|iPhoneSimulator.Build.0 = AppStore|iPhoneSimulator
		{EB8EDEF9-BFE8-4E2E-9E56-43046F49FC1C}.AppStore|iPhoneSimulator.Deploy.0 = AppStore|iPhoneSimulator
		{EB8EDEF9-BFE8-4E2E-9E56-43046F49FC1C}.AppStore|x64.ActiveCfg = AppStore|iPhone
		{EB8EDEF9-BFE8-4E2E-9E56-43046F49FC1C}.AppStore|x64.Build.0 = AppStore|iPhone
		{EB8EDEF9-BFE8-4E2E-9E56-43046F49FC1C}.AppStore|x64.Deploy.0 = AppStore|iPhone
		{EB8EDEF9-BFE8-4E2E-9E56-43046F49FC1C}.AppStore|x86.ActiveCfg = AppStore|iPhone
		{EB8EDEF9-BFE8-4E2E-9E56-43046F49FC1C}.AppStore|x86.Build.0 = AppStore|iPhone
		{EB8EDEF9-BFE8-4E2E-9E56-43046F49FC1C}.AppStore|x86.Deploy.0 = AppStore|iPhone
		{EB8EDEF9-BFE8-4E2E-9E56-43046F49FC1C}.Debug|Any CPU.ActiveCfg = Debug|iPhoneSimulator
		{EB8EDEF9-BFE8-4E2E-9E56-43046F49FC1C}.Debug|Any CPU.Build.0 = Debug|iPhoneSimulator
		{EB8EDEF9-BFE8-4E2E-9E56-43046F49FC1C}.Debug|Any CPU.Deploy.0 = Debug|iPhoneSimulator
		{EB8EDEF9-BFE8-4E2E-9E56-43046F49FC1C}.Debug|ARM.ActiveCfg = Debug|iPhone
		{EB8EDEF9-BFE8-4E2E-9E56-43046F49FC1C}.Debug|ARM.Build.0 = Debug|iPhone
		{EB8EDEF9-BFE8-4E2E-9E56-43046F49FC1C}.Debug|ARM.Deploy.0 = Debug|iPhone
		{EB8EDEF9-BFE8-4E2E-9E56-43046F49FC1C}.Debug|iPhone.ActiveCfg = Debug|iPhone
		{EB8EDEF9-BFE8-4E2E-9E56-43046F49FC1C}.Debug|iPhone.Build.0 = Debug|iPhone
		{EB8EDEF9-BFE8-4E2E-9E56-43046F49FC1C}.Debug|iPhone.Deploy.0 = Debug|iPhone
		{EB8EDEF9-BFE8-4E2E-9E56-43046F49FC1C}.Debug|iPhoneSimulator.ActiveCfg = Debug|iPhoneSimulator
		{EB8EDEF9-BFE8-4E2E-9E56-43046F49FC1C}.Debug|iPhoneSimulator.Build.0 = Debug|iPhoneSimulator
		{EB8EDEF9-BFE8-4E2E-9E56-43046F49FC1C}.Debug|iPhoneSimulator.Deploy.0 = Debug|iPhoneSimulator
		{EB8EDEF9-BFE8-4E2E-9E56-43046F49FC1C}.Debug|x64.ActiveCfg = Debug|iPhone
		{EB8EDEF9-BFE8-4E2E-9E56-43046F49FC1C}.Debug|x64.Build.0 = Debug|iPhone
		{EB8EDEF9-BFE8-4E2E-9E56-43046F49FC1C}.Debug|x64.Deploy.0 = Debug|iPhone
		{EB8EDEF9-BFE8-4E2E-9E56-43046F49FC1C}.Debug|x86.ActiveCfg = Debug|iPhone
		{EB8EDEF9-BFE8-4E2E-9E56-43046F49FC1C}.Debug|x86.Build.0 = Debug|iPhone
		{EB8EDEF9-BFE8-4E2E-9E56-43046F49FC1C}.Debug|x86.Deploy.0 = Debug|iPhone
		{EB8EDEF9-BFE8-4E2E-9E56-43046F49FC1C}.Release|Any CPU.ActiveCfg = Release|iPhone
		{EB8EDEF9-BFE8-4E2E-9E56-43046F49FC1C}.Release|Any CPU.Build.0 = Release|iPhone
		{EB8EDEF9-BFE8-4E2E-9E56-43046F49FC1C}.Release|Any CPU.Deploy.0 = Release|iPhone
		{EB8EDEF9-BFE8-4E2E-9E56-43046F49FC1C}.Release|ARM.ActiveCfg = Release|iPhone
		{EB8EDEF9-BFE8-4E2E-9E56-43046F49FC1C}.Release|ARM.Build.0 = Release|iPhone
		{EB8EDEF9-BFE8-4E2E-9E56-43046F49FC1C}.Release|ARM.Deploy.0 = Release|iPhone
		{EB8EDEF9-BFE8-4E2E-9E56-43046F49FC1C}.Release|iPhone.ActiveCfg = Release|iPhone
		{EB8EDEF9-BFE8-4E2E-9E56-43046F49FC1C}.Release|iPhone.Build.0 = Release|iPhone
		{EB8EDEF9-BFE8-4E2E-9E56-43046F49FC1C}.Release|iPhone.Deploy.0 = Release|iPhone
		{EB8EDEF9-BFE8-4E2E-9E56-43046F49FC1C}.Release|iPhoneSimulator.ActiveCfg = Release|iPhoneSimulator
		{EB8EDEF9-BFE8-4E2E-9E56-43046F49FC1C}.Release|iPhoneSimulator.Build.0 = Release|iPhoneSimulator
		{EB8EDEF9-BFE8-4E2E-9E56-43046F49FC1C}.Release|iPhoneSimulator.Deploy.0 = Release|iPhoneSimulator
		{EB8EDEF9-BFE8-4E2E-9E56-43046F49FC1C}.Release|x64.ActiveCfg = Release|iPhone
		{EB8EDEF9-BFE8-4E2E-9E56-43046F49FC1C}.Release|x64.Build.0 = Release|iPhone
		{EB8EDEF9-BFE8-4E2E-9E56-43046F49FC1C}.Release|x64.Deploy.0 = Release|iPhone
		{EB8EDEF9-BFE8-4E2E-9E56-43046F49FC1C}.Release|x86.ActiveCfg = Release|iPhone
		{EB8EDEF9-BFE8-4E2E-9E56-43046F49FC1C}.Release|x86.Build.0 = Release|iPhone
		{EB8EDEF9-BFE8-4E2E-9E56-43046F49FC1C}.Release|x86.Deploy.0 = Release|iPhone
		{3D46D1FA-B35F-498C-89A8-1A49B9B5A945}.Ad-Hoc|Any CPU.ActiveCfg = Release|x86
		{3D46D1FA-B35F-498C-89A8-1A49B9B5A945}.Ad-Hoc|Any CPU.Build.0 = Release|x86
		{3D46D1FA-B35F-498C-89A8-1A49B9B5A945}.Ad-Hoc|Any CPU.Deploy.0 = Release|x86
		{3D46D1FA-B35F-498C-89A8-1A49B9B5A945}.Ad-Hoc|ARM.ActiveCfg = Release|ARM
		{3D46D1FA-B35F-498C-89A8-1A49B9B5A945}.Ad-Hoc|ARM.Build.0 = Release|ARM
		{3D46D1FA-B35F-498C-89A8-1A49B9B5A945}.Ad-Hoc|ARM.Deploy.0 = Release|ARM
		{3D46D1FA-B35F-498C-89A8-1A49B9B5A945}.Ad-Hoc|iPhone.ActiveCfg = Release|x86
		{3D46D1FA-B35F-498C-89A8-1A49B9B5A945}.Ad-Hoc|iPhone.Build.0 = Release|x86
		{3D46D1FA-B35F-498C-89A8-1A49B9B5A945}.Ad-Hoc|iPhone.Deploy.0 = Release|x86
		{3D46D1FA-B35F-498C-89A8-1A49B9B5A945}.Ad-Hoc|iPhoneSimulator.ActiveCfg = Release|x86
		{3D46D1FA-B35F-498C-89A8-1A49B9B5A945}.Ad-Hoc|iPhoneSimulator.Build.0 = Release|x86
		{3D46D1FA-B35F-498C-89A8-1A49B9B5A945}.Ad-Hoc|iPhoneSimulator.Deploy.0 = Release|x86
		{3D46D1FA-B35F-498C-89A8-1A49B9B5A945}.Ad-Hoc|x64.ActiveCfg = Release|x64
		{3D46D1FA-B35F-498C-89A8-1A49B9B5A945}.Ad-Hoc|x64.Build.0 = Release|x64
		{3D46D1FA-B35F-498C-89A8-1A49B9B5A945}.Ad-Hoc|x64.Deploy.0 = Release|x64
		{3D46D1FA-B35F-498C-89A8-1A49B9B5A945}.Ad-Hoc|x86.ActiveCfg = Release|x86
		{3D46D1FA-B35F-498C-89A8-1A49B9B5A945}.Ad-Hoc|x86.Build.0 = Release|x86
		{3D46D1FA-B35F-498C-89A8-1A49B9B5A945}.Ad-Hoc|x86.Deploy.0 = Release|x86
		{3D46D1FA-B35F-498C-89A8-1A49B9B5A945}.AppStore|Any CPU.ActiveCfg = Release|x86
		{3D46D1FA-B35F-498C-89A8-1A49B9B5A945}.AppStore|Any CPU.Build.0 = Release|x86
		{3D46D1FA-B35F-498C-89A8-1A49B9B5A945}.AppStore|Any CPU.Deploy.0 = Release|x86
		{3D46D1FA-B35F-498C-89A8-1A49B9B5A945}.AppStore|ARM.ActiveCfg = Release|ARM
		{3D46D1FA-B35F-498C-89A8-1A49B9B5A945}.AppStore|ARM.Build.0 = Release|ARM
		{3D46D1FA-B35F-498C-89A8-1A49B9B5A945}.AppStore|ARM.Deploy.0 = Release|ARM
		{3D46D1FA-B35F-498C-89A8-1A49B9B5A945}.AppStore|iPhone.ActiveCfg = Release|x86
		{3D46D1FA-B35F-498C-89A8-1A49B9B5A945}.AppStore|iPhone.Build.0 = Release|x86
		{3D46D1FA-B35F-498C-89A8-1A49B9B5A945}.AppStore|iPhone.Deploy.0 = Release|x86
		{3D46D1FA-B35F-498C-89A8-1A49B9B5A945}.AppStore|iPhoneSimulator.ActiveCfg = Release|x86
		{3D46D1FA-B35F-498C-89A8-1A49B9B5A945}.AppStore|iPhoneSimulator.Build.0 = Release|x86
		{3D46D1FA-B35F-498C-89A8-1A49B9B5A945}.AppStore|iPhoneSimulator.Deploy.0 = Release|x86
		{3D46D1FA-B35F-498C-89A8-1A49B9B5A945}.AppStore|x64.ActiveCfg = Release|x64
		{3D46D1FA-B35F-498C-89A8-1A49B9B5A945}.AppStore|x64.Build.0 = Release|x64
		{3D46D1FA-B35F-498C-89A8-1A49B9B5A945}.AppStore|x64.Deploy.0 = Release|x64
		{3D46D1FA-B35F-498C-89A8-1A49B9B5A945}.AppStore|x86.ActiveCfg = Release|x86
		{3D46D1FA-B35F-498C-89A8-1A49B9B5A945}.AppStore|x86.Build.0 = Release|x86
		{3D46D1FA-B35F-498C-89A8-1A49B9B5A945}.AppStore|x86.Deploy.0 = Release|x86
		{3D46D1FA-B35F-498C-89A8-1A49B9B5A945}.Debug|Any CPU.ActiveCfg = Debug|x86
		{3D46D1FA-B35F-498C-89A8-1A49B9B5A945}.Debug|Any CPU.Build.0 = Debug|x86
		{3D46D1FA-B35F-498C-89A8-1A49B9B5A945}.Debug|Any CPU.Deploy.0 = Debug|x86
		{3D46D1FA-B35F-498C-89A8-1A49B9B5A945}.Debug|ARM.ActiveCfg = Debug|ARM
		{3D46D1FA-B35F-498C-89A8-1A49B9B5A945}.Debug|ARM.Build.0 = Debug|ARM
		{3D46D1FA-B35F-498C-89A8-1A49B9B5A945}.Debug|ARM.Deploy.0 = Debug|ARM
		{3D46D1FA-B35F-498C-89A8-1A49B9B5A945}.Debug|iPhone.ActiveCfg = Debug|x86
		{3D46D1FA-B35F-498C-89A8-1A49B9B5A945}.Debug|iPhone.Build.0 = Debug|x86
		{3D46D1FA-B35F-498C-89A8-1A49B9B5A945}.Debug|iPhone.Deploy.0 = Debug|x86
		{3D46D1FA-B35F-498C-89A8-1A49B9B5A945}.Debug|iPhoneSimulator.ActiveCfg = Debug|x86
		{3D46D1FA-B35F-498C-89A8-1A49B9B5A945}.Debug|iPhoneSimulator.Build.0 = Debug|x86
		{3D46D1FA-B35F-498C-89A8-1A49B9B5A945}.Debug|iPhoneSimulator.Deploy.0 = Debug|x86
		{3D46D1FA-B35F-498C-89A8-1A49B9B5A945}.Debug|x64.ActiveCfg = Debug|x64
		{3D46D1FA-B35F-498C-89A8-1A49B9B5A945}.Debug|x64.Build.0 = Debug|x64
		{3D46D1FA-B35F-498C-89A8-1A49B9B5A945}.Debug|x64.Deploy.0 = Debug|x64
		{3D46D1FA-B35F-498C-89A8-1A49B9B5A945}.Debug|x86.ActiveCfg = Debug|x86
		{3D46D1FA-B35F-498C-89A8-1A49B9B5A945}.Debug|x86.Build.0 = Debug|x86
		{3D46D1FA-B35F-498C-89A8-1A49B9B5A945}.Debug|x86.Deploy.0 = Debug|x86
		{3D46D1FA-B35F-498C-89A8-1A49B9B5A945}.Release|Any CPU.ActiveCfg = Release|x86
		{3D46D1FA-B35F-498C-89A8-1A49B9B5A945}.Release|Any CPU.Build.0 = Release|x86
		{3D46D1FA-B35F-498C-89A8-1A49B9B5A945}.Release|Any CPU.Deploy.0 = Release|x86
		{3D46D1FA-B35F-498C-89A8-1A49B9B5A945}.Release|ARM.ActiveCfg = Release|ARM
		{3D46D1FA-B35F-498C-89A8-1A49B9B5A945}.Release|ARM.Build.0 = Release|ARM
		{3D46D1FA-B35F-498C-89A8-1A49B9B5A945}.Release|ARM.Deploy.0 = Release|ARM
		{3D46D1FA-B35F-498C-89A8-1A49B9B5A945}.Release|iPhone.ActiveCfg = Release|x86
		{3D46D1FA-B35F-498C-89A8-1A49B9B5A945}.Release|iPhone.Build.0 = Release|x86
		{3D46D1FA-B35F-498C-89A8-1A49B9B5A945}.Release|iPhone.Deploy.0 = Release|x86
		{3D46D1FA-B35F-498C-89A8-1A49B9B5A945}.Release|iPhoneSimulator.ActiveCfg = Release|x86
		{3D46D1FA-B35F-498C-89A8-1A49B9B5A945}.Release|iPhoneSimulator.Build.0 = Release|x86
		{3D46D1FA-B35F-498C-89A8-1A49B9B5A945}.Release|iPhoneSimulator.Deploy.0 = Release|x86
		{3D46D1FA-B35F-498C-89A8-1A49B9B5A945}.Release|x64.ActiveCfg = Release|x64
		{3D46D1FA-B35F-498C-89A8-1A49B9B5A945}.Release|x64.Build.0 = Release|x64
		{3D46D1FA-B35F-498C-89A8-1A49B9B5A945}.Release|x64.Deploy.0 = Release|x64
		{3D46D1FA-B35F-498C-89A8-1A49B9B5A945}.Release|x86.ActiveCfg = Release|x86
		{3D46D1FA-B35F-498C-89A8-1A49B9B5A945}.Release|x86.Build.0 = Release|x86
		{3D46D1FA-B35F-498C-89A8-1A49B9B5A945}.Release|x86.Deploy.0 = Release|x86
		{74E23D32-3D0D-4B0D-9327-3BE9322CA9F5}.Ad-Hoc|Any CPU.ActiveCfg = Debug|Any CPU
		{74E23D32-3D0D-4B0D-9327-3BE9322CA9F5}.Ad-Hoc|Any CPU.Build.0 = Debug|Any CPU
		{74E23D32-3D0D-4B0D-9327-3BE9322CA9F5}.Ad-Hoc|Any CPU.Deploy.0 = Debug|Any CPU
		{74E23D32-3D0D-4B0D-9327-3BE9322CA9F5}.Ad-Hoc|ARM.ActiveCfg = Debug|Any CPU
		{74E23D32-3D0D-4B0D-9327-3BE9322CA9F5}.Ad-Hoc|ARM.Build.0 = Debug|Any CPU
		{74E23D32-3D0D-4B0D-9327-3BE9322CA9F5}.Ad-Hoc|ARM.Deploy.0 = Debug|Any CPU
		{74E23D32-3D0D-4B0D-9327-3BE9322CA9F5}.Ad-Hoc|iPhone.ActiveCfg = Debug|Any CPU
		{74E23D32-3D0D-4B0D-9327-3BE9322CA9F5}.Ad-Hoc|iPhone.Build.0 = Debug|Any CPU
		{74E23D32-3D0D-4B0D-9327-3BE9322CA9F5}.Ad-Hoc|iPhone.Deploy.0 = Debug|Any CPU
		{74E23D32-3D0D-4B0D-9327-3BE9322CA9F5}.Ad-Hoc|iPhoneSimulator.ActiveCfg = Debug|Any CPU
		{74E23D32-3D0D-4B0D-9327-3BE9322CA9F5}.Ad-Hoc|iPhoneSimulator.Build.0 = Debug|Any CPU
		{74E23D32-3D0D-4B0D-9327-3BE9322CA9F5}.Ad-Hoc|iPhoneSimulator.Deploy.0 = Debug|Any CPU
		{74E23D32-3D0D-4B0D-9327-3BE9322CA9F5}.Ad-Hoc|x64.ActiveCfg = Debug|Any CPU
		{74E23D32-3D0D-4B0D-9327-3BE9322CA9F5}.Ad-Hoc|x64.Build.0 = Debug|Any CPU
		{74E23D32-3D0D-4B0D-9327-3BE9322CA9F5}.Ad-Hoc|x64.Deploy.0 = Debug|Any CPU
		{74E23D32-3D0D-4B0D-9327-3BE9322CA9F5}.Ad-Hoc|x86.ActiveCfg = Debug|Any CPU
		{74E23D32-3D0D-4B0D-9327-3BE9322CA9F5}.Ad-Hoc|x86.Build.0 = Debug|Any CPU
		{74E23D32-3D0D-4B0D-9327-3BE9322CA9F5}.Ad-Hoc|x86.Deploy.0 = Debug|Any CPU
		{74E23D32-3D0D-4B0D-9327-3BE9322CA9F5}.AppStore|Any CPU.ActiveCfg = Debug|Any CPU
		{74E23D32-3D0D-4B0D-9327-3BE9322CA9F5}.AppStore|Any CPU.Build.0 = Debug|Any CPU
		{74E23D32-3D0D-4B0D-9327-3BE9322CA9F5}.AppStore|Any CPU.Deploy.0 = Debug|Any CPU
		{74E23D32-3D0D-4B0D-9327-3BE9322CA9F5}.AppStore|ARM.ActiveCfg = Debug|Any CPU
		{74E23D32-3D0D-4B0D-9327-3BE9322CA9F5}.AppStore|ARM.Build.0 = Debug|Any CPU
		{74E23D32-3D0D-4B0D-9327-3BE9322CA9F5}.AppStore|ARM.Deploy.0 = Debug|Any CPU
		{74E23D32-3D0D-4B0D-9327-3BE9322CA9F5}.AppStore|iPhone.ActiveCfg = Debug|Any CPU
		{74E23D32-3D0D-4B0D-9327-3BE9322CA9F5}.AppStore|iPhone.Build.0 = Debug|Any CPU
		{74E23D32-3D0D-4B0D-9327-3BE9322CA9F5}.AppStore|iPhone.Deploy.0 = Debug|Any CPU
		{74E23D32-3D0D-4B0D-9327-3BE9322CA9F5}.AppStore|iPhoneSimulator.ActiveCfg = Debug|Any CPU
		{74E23D32-3D0D-4B0D-9327-3BE9322CA9F5}.AppStore|iPhoneSimulator.Build.0 = Debug|Any CPU
		{74E23D32-3D0D-4B0D-9327-3BE9322CA9F5}.AppStore|iPhoneSimulator.Deploy.0 = Debug|Any CPU
		{74E23D32-3D0D-4B0D-9327-3BE9322CA9F5}.AppStore|x64.ActiveCfg = Debug|Any CPU
		{74E23D32-3D0D-4B0D-9327-3BE9322CA9F5}.AppStore|x64.Build.0 = Debug|Any CPU
		{74E23D32-3D0D-4B0D-9327-3BE9322CA9F5}.AppStore|x64.Deploy.0 = Debug|Any CPU
		{74E23D32-3D0D-4B0D-9327-3BE9322CA9F5}.AppStore|x86.ActiveCfg = Debug|Any CPU
		{74E23D32-3D0D-4B0D-9327-3BE9322CA9F5}.AppStore|x86.Build.0 = Debug|Any CPU
		{74E23D32-3D0D-4B0D-9327-3BE9322CA9F5}.AppStore|x86.Deploy.0 = Debug|Any CPU
		{74E23D32-3D0D-4B0D-9327-3BE9322CA9F5}.Debug|Any CPU.ActiveCfg = Debug|Any CPU
		{74E23D32-3D0D-4B0D-9327-3BE9322CA9F5}.Debug|Any CPU.Build.0 = Debug|Any CPU
		{74E23D32-3D0D-4B0D-9327-3BE9322CA9F5}.Debug|Any CPU.Deploy.0 = Debug|Any CPU
		{74E23D32-3D0D-4B0D-9327-3BE9322CA9F5}.Debug|ARM.ActiveCfg = Debug|Any CPU
		{74E23D32-3D0D-4B0D-9327-3BE9322CA9F5}.Debug|ARM.Build.0 = Debug|Any CPU
		{74E23D32-3D0D-4B0D-9327-3BE9322CA9F5}.Debug|ARM.Deploy.0 = Debug|Any CPU
		{74E23D32-3D0D-4B0D-9327-3BE9322CA9F5}.Debug|iPhone.ActiveCfg = Debug|Any CPU
		{74E23D32-3D0D-4B0D-9327-3BE9322CA9F5}.Debug|iPhone.Build.0 = Debug|Any CPU
		{74E23D32-3D0D-4B0D-9327-3BE9322CA9F5}.Debug|iPhone.Deploy.0 = Debug|Any CPU
		{74E23D32-3D0D-4B0D-9327-3BE9322CA9F5}.Debug|iPhoneSimulator.ActiveCfg = Debug|Any CPU
		{74E23D32-3D0D-4B0D-9327-3BE9322CA9F5}.Debug|iPhoneSimulator.Build.0 = Debug|Any CPU
		{74E23D32-3D0D-4B0D-9327-3BE9322CA9F5}.Debug|iPhoneSimulator.Deploy.0 = Debug|Any CPU
		{74E23D32-3D0D-4B0D-9327-3BE9322CA9F5}.Debug|x64.ActiveCfg = Debug|Any CPU
		{74E23D32-3D0D-4B0D-9327-3BE9322CA9F5}.Debug|x64.Build.0 = Debug|Any CPU
		{74E23D32-3D0D-4B0D-9327-3BE9322CA9F5}.Debug|x64.Deploy.0 = Debug|Any CPU
		{74E23D32-3D0D-4B0D-9327-3BE9322CA9F5}.Debug|x86.ActiveCfg = Debug|Any CPU
		{74E23D32-3D0D-4B0D-9327-3BE9322CA9F5}.Debug|x86.Build.0 = Debug|Any CPU
		{74E23D32-3D0D-4B0D-9327-3BE9322CA9F5}.Debug|x86.Deploy.0 = Debug|Any CPU
		{74E23D32-3D0D-4B0D-9327-3BE9322CA9F5}.Release|Any CPU.ActiveCfg = Release|Any CPU
		{74E23D32-3D0D-4B0D-9327-3BE9322CA9F5}.Release|Any CPU.Build.0 = Release|Any CPU
		{74E23D32-3D0D-4B0D-9327-3BE9322CA9F5}.Release|Any CPU.Deploy.0 = Release|Any CPU
		{74E23D32-3D0D-4B0D-9327-3BE9322CA9F5}.Release|ARM.ActiveCfg = Release|Any CPU
		{74E23D32-3D0D-4B0D-9327-3BE9322CA9F5}.Release|ARM.Build.0 = Release|Any CPU
		{74E23D32-3D0D-4B0D-9327-3BE9322CA9F5}.Release|ARM.Deploy.0 = Release|Any CPU
		{74E23D32-3D0D-4B0D-9327-3BE9322CA9F5}.Release|iPhone.ActiveCfg = Release|Any CPU
		{74E23D32-3D0D-4B0D-9327-3BE9322CA9F5}.Release|iPhone.Build.0 = Release|Any CPU
		{74E23D32-3D0D-4B0D-9327-3BE9322CA9F5}.Release|iPhone.Deploy.0 = Release|Any CPU
		{74E23D32-3D0D-4B0D-9327-3BE9322CA9F5}.Release|iPhoneSimulator.ActiveCfg = Release|Any CPU
		{74E23D32-3D0D-4B0D-9327-3BE9322CA9F5}.Release|iPhoneSimulator.Build.0 = Release|Any CPU
		{74E23D32-3D0D-4B0D-9327-3BE9322CA9F5}.Release|iPhoneSimulator.Deploy.0 = Release|Any CPU
		{74E23D32-3D0D-4B0D-9327-3BE9322CA9F5}.Release|x64.ActiveCfg = Release|Any CPU
		{74E23D32-3D0D-4B0D-9327-3BE9322CA9F5}.Release|x64.Build.0 = Release|Any CPU
		{74E23D32-3D0D-4B0D-9327-3BE9322CA9F5}.Release|x64.Deploy.0 = Release|Any CPU
		{74E23D32-3D0D-4B0D-9327-3BE9322CA9F5}.Release|x86.ActiveCfg = Release|Any CPU
		{74E23D32-3D0D-4B0D-9327-3BE9322CA9F5}.Release|x86.Build.0 = Release|Any CPU
		{74E23D32-3D0D-4B0D-9327-3BE9322CA9F5}.Release|x86.Deploy.0 = Release|Any CPU
	EndGlobalSection
	GlobalSection(SolutionProperties) = preSolution
		HideSolutionNode = FALSE
	EndGlobalSection
	GlobalSection(ExtensibilityGlobals) = postSolution
		SolutionGuid = {C3E5BB50-104E-486A-B8D4-5046E4C485B3}
	EndGlobalSection
EndGlobal
