
Microsoft Visual Studio Solution File, Format Version 12.00
# Visual Studio 15
Project("{FAE04EC0-301F-11D3-BF4B-00C04F79EFBC}") = "FamilyList.Android", "FamilyList.Android\FamilyList.Android.csproj", "{66CFB1CE-0330-4565-B565-4293ACD3E1BF}"
EndProject
Project("{FAE04EC0-301F-11D3-BF4B-00C04F79EFBC}") = "FamilyList.iOS", "FamilyList.iOS\FamilyList.iOS.csproj", "{5C97FD6A-51A0-4E5B-A823-8A9D5DA1C36E}"
EndProject
Project("{FAE04EC0-301F-11D3-BF4B-00C04F79EFBC}") = "FamilyList", "FamilyList\FamilyList.csproj", "{B70B5BAD-4E26-49C7-81C9-EF8E5028771D}"
EndProject
Global
	GlobalSection(SolutionConfigurationPlatforms) = preSolution
		Debug|Any CPU = Debug|Any CPU
		Release|Any CPU = Release|Any CPU
		Debug|iPhoneSimulator = Debug|iPhoneSimulator
		Release|iPhoneSimulator = Release|iPhoneSimulator
		Debug|iPhone = Debug|iPhone
		Release|iPhone = Release|iPhone
		Ad-Hoc|iPhone = Ad-Hoc|iPhone
		AppStore|iPhone = AppStore|iPhone
	EndGlobalSection
	GlobalSection(ProjectConfigurationPlatforms) = postSolution
		{66CFB1CE-0330-4565-B565-4293ACD3E1BF}.Debug|Any CPU.ActiveCfg = Debug|Any CPU
		{66CFB1CE-0330-4565-B565-4293ACD3E1BF}.Debug|Any CPU.Build.0 = Debug|Any CPU
		{66CFB1CE-0330-4565-B565-4293ACD3E1BF}.Release|Any CPU.ActiveCfg = Release|Any CPU
		{66CFB1CE-0330-4565-B565-4293ACD3E1BF}.Release|Any CPU.Build.0 = Release|Any CPU
		{66CFB1CE-0330-4565-B565-4293ACD3E1BF}.Debug|iPhoneSimulator.ActiveCfg = Debug|Any CPU
		{66CFB1CE-0330-4565-B565-4293ACD3E1BF}.Debug|iPhoneSimulator.Build.0 = Debug|Any CPU
		{66CFB1CE-0330-4565-B565-4293ACD3E1BF}.Release|iPhoneSimulator.ActiveCfg = Release|Any CPU
		{66CFB1CE-0330-4565-B565-4293ACD3E1BF}.Release|iPhoneSimulator.Build.0 = Release|Any CPU
		{66CFB1CE-0330-4565-B565-4293ACD3E1BF}.Debug|iPhone.ActiveCfg = Debug|Any CPU
		{66CFB1CE-0330-4565-B565-4293ACD3E1BF}.Debug|iPhone.Build.0 = Debug|Any CPU
		{66CFB1CE-0330-4565-B565-4293ACD3E1BF}.Release|iPhone.ActiveCfg = Release|Any CPU
		{66CFB1CE-0330-4565-B565-4293ACD3E1BF}.Release|iPhone.Build.0 = Release|Any CPU
		{66CFB1CE-0330-4565-B565-4293ACD3E1BF}.Ad-Hoc|iPhone.ActiveCfg = Debug|Any CPU
		{66CFB1CE-0330-4565-B565-4293ACD3E1BF}.Ad-Hoc|iPhone.Build.0 = Debug|Any CPU
		{66CFB1CE-0330-4565-B565-4293ACD3E1BF}.AppStore|iPhone.ActiveCfg = Debug|Any CPU
		{66CFB1CE-0330-4565-B565-4293ACD3E1BF}.AppStore|iPhone.Build.0 = Debug|Any CPU
		{5C97FD6A-51A0-4E5B-A823-8A9D5DA1C36E}.Debug|Any CPU.ActiveCfg = Debug|iPhoneSimulator
		{5C97FD6A-51A0-4E5B-A823-8A9D5DA1C36E}.Debug|Any CPU.Build.0 = Debug|iPhoneSimulator
		{5C97FD6A-51A0-4E5B-A823-8A9D5DA1C36E}.Release|Any CPU.ActiveCfg = Release|iPhoneSimulator
		{5C97FD6A-51A0-4E5B-A823-8A9D5DA1C36E}.Release|Any CPU.Build.0 = Release|iPhoneSimulator
		{5C97FD6A-51A0-4E5B-A823-8A9D5DA1C36E}.Debug|iPhoneSimulator.ActiveCfg = Debug|iPhoneSimulator
		{5C97FD6A-51A0-4E5B-A823-8A9D5DA1C36E}.Debug|iPhoneSimulator.Build.0 = Debug|iPhoneSimulator
		{5C97FD6A-51A0-4E5B-A823-8A9D5DA1C36E}.Release|iPhoneSimulator.ActiveCfg = Release|iPhoneSimulator
		{5C97FD6A-51A0-4E5B-A823-8A9D5DA1C36E}.Release|iPhoneSimulator.Build.0 = Release|iPhoneSimulator
		{5C97FD6A-51A0-4E5B-A823-8A9D5DA1C36E}.Debug|iPhone.ActiveCfg = Debug|iPhone
		{5C97FD6A-51A0-4E5B-A823-8A9D5DA1C36E}.Debug|iPhone.Build.0 = Debug|iPhone
		{5C97FD6A-51A0-4E5B-A823-8A9D5DA1C36E}.Release|iPhone.ActiveCfg = Release|iPhone
		{5C97FD6A-51A0-4E5B-A823-8A9D5DA1C36E}.Release|iPhone.Build.0 = Release|iPhone
		{5C97FD6A-51A0-4E5B-A823-8A9D5DA1C36E}.Ad-Hoc|iPhone.ActiveCfg = Ad-Hoc|iPhone
		{5C97FD6A-51A0-4E5B-A823-8A9D5DA1C36E}.Ad-Hoc|iPhone.Build.0 = Ad-Hoc|iPhone
		{5C97FD6A-51A0-4E5B-A823-8A9D5DA1C36E}.AppStore|iPhone.ActiveCfg = AppStore|iPhone
		{5C97FD6A-51A0-4E5B-A823-8A9D5DA1C36E}.AppStore|iPhone.Build.0 = AppStore|iPhone
		{B70B5BAD-4E26-49C7-81C9-EF8E5028771D}.Debug|Any CPU.ActiveCfg = Debug|Any CPU
		{B70B5BAD-4E26-49C7-81C9-EF8E5028771D}.Debug|Any CPU.Build.0 = Debug|Any CPU
		{B70B5BAD-4E26-49C7-81C9-EF8E5028771D}.Release|Any CPU.ActiveCfg = Release|Any CPU
		{B70B5BAD-4E26-49C7-81C9-EF8E5028771D}.Release|Any CPU.Build.0 = Release|Any CPU
		{B70B5BAD-4E26-49C7-81C9-EF8E5028771D}.Debug|iPhoneSimulator.ActiveCfg = Debug|Any CPU
		{B70B5BAD-4E26-49C7-81C9-EF8E5028771D}.Debug|iPhoneSimulator.Build.0 = Debug|Any CPU
		{B70B5BAD-4E26-49C7-81C9-EF8E5028771D}.Release|iPhoneSimulator.ActiveCfg = Release|Any CPU
		{B70B5BAD-4E26-49C7-81C9-EF8E5028771D}.Release|iPhoneSimulator.Build.0 = Release|Any CPU
		{B70B5BAD-4E26-49C7-81C9-EF8E5028771D}.Debug|iPhone.ActiveCfg = Debug|Any CPU
		{B70B5BAD-4E26-49C7-81C9-EF8E5028771D}.Debug|iPhone.Build.0 = Debug|Any CPU
		{B70B5BAD-4E26-49C7-81C9-EF8E5028771D}.Release|iPhone.ActiveCfg = Release|Any CPU
		{B70B5BAD-4E26-49C7-81C9-EF8E5028771D}.Release|iPhone.Build.0 = Release|Any CPU
		{B70B5BAD-4E26-49C7-81C9-EF8E5028771D}.Ad-Hoc|iPhone.ActiveCfg = Debug|Any CPU
		{B70B5BAD-4E26-49C7-81C9-EF8E5028771D}.Ad-Hoc|iPhone.Build.0 = Debug|Any CPU
		{B70B5BAD-4E26-49C7-81C9-EF8E5028771D}.AppStore|iPhone.ActiveCfg = Debug|Any CPU
		{B70B5BAD-4E26-49C7-81C9-EF8E5028771D}.AppStore|iPhone.Build.0 = Debug|Any CPU
	EndGlobalSection
EndGlobal
