
Microsoft Visual Studio Solution File, Format Version 12.00
# Visual Studio 15
Project("{FAE04EC0-301F-11D3-BF4B-00C04F79EFBC}") = "PokeAwesome.Android", "PokeAwesome.Android\PokeAwesome.Android.csproj", "{CD08DB8B-F2FB-42DB-988E-FFBEA63AB81A}"
EndProject
Project("{FAE04EC0-301F-11D3-BF4B-00C04F79EFBC}") = "PokeAwesome.iOS", "PokeAwesome.iOS\PokeAwesome.iOS.csproj", "{6548809F-2F81-454C-AF6E-E4D457D8D246}"
EndProject
Project("{FAE04EC0-301F-11D3-BF4B-00C04F79EFBC}") = "PokeAwesome", "PokeAwesome\PokeAwesome.csproj", "{C46BF2F6-696E-48AA-A624-246C8B92A0CA}"
EndProject
Global
	GlobalSection(SolutionConfigurationPlatforms) = preSolution
		Debug|Any CPU = Debug|Any CPU
		Release|Any CPU = Release|Any CPU
		Debug|iPhoneSimulator = Debug|iPhoneSimulator
		Release|iPhoneSimulator = Release|iPhoneSimulator
		Debug|iPhone = Debug|iPhone
		Release|iPhone = Release|iPhone
		Ad-Hoc|iPhone = Ad-Hoc|iPhone
		AppStore|iPhone = AppStore|iPhone
	EndGlobalSection
	GlobalSection(ProjectConfigurationPlatforms) = postSolution
		{CD08DB8B-F2FB-42DB-988E-FFBEA63AB81A}.Debug|Any CPU.ActiveCfg = Debug|Any CPU
		{CD08DB8B-F2FB-42DB-988E-FFBEA63AB81A}.Debug|Any CPU.Build.0 = Debug|Any CPU
		{CD08DB8B-F2FB-42DB-988E-FFBEA63AB81A}.Release|Any CPU.ActiveCfg = Release|Any CPU
		{CD08DB8B-F2FB-42DB-988E-FFBEA63AB81A}.Release|Any CPU.Build.0 = Release|Any CPU
		{CD08DB8B-F2FB-42DB-988E-FFBEA63AB81A}.Debug|iPhoneSimulator.ActiveCfg = Debug|Any CPU
		{CD08DB8B-F2FB-42DB-988E-FFBEA63AB81A}.Debug|iPhoneSimulator.Build.0 = Debug|Any CPU
		{CD08DB8B-F2FB-42DB-988E-FFBEA63AB81A}.Release|iPhoneSimulator.ActiveCfg = Release|Any CPU
		{CD08DB8B-F2FB-42DB-988E-FFBEA63AB81A}.Release|iPhoneSimulator.Build.0 = Release|Any CPU
		{CD08DB8B-F2FB-42DB-988E-FFBEA63AB81A}.Debug|iPhone.ActiveCfg = Debug|Any CPU
		{CD08DB8B-F2FB-42DB-988E-FFBEA63AB81A}.Debug|iPhone.Build.0 = Debug|Any CPU
		{CD08DB8B-F2FB-42DB-988E-FFBEA63AB81A}.Release|iPhone.ActiveCfg = Release|Any CPU
		{CD08DB8B-F2FB-42DB-988E-FFBEA63AB81A}.Release|iPhone.Build.0 = Release|Any CPU
		{CD08DB8B-F2FB-42DB-988E-FFBEA63AB81A}.Ad-Hoc|iPhone.ActiveCfg = Debug|Any CPU
		{CD08DB8B-F2FB-42DB-988E-FFBEA63AB81A}.Ad-Hoc|iPhone.Build.0 = Debug|Any CPU
		{CD08DB8B-F2FB-42DB-988E-FFBEA63AB81A}.AppStore|iPhone.ActiveCfg = Debug|Any CPU
		{CD08DB8B-F2FB-42DB-988E-FFBEA63AB81A}.AppStore|iPhone.Build.0 = Debug|Any CPU
		{6548809F-2F81-454C-AF6E-E4D457D8D246}.Debug|Any CPU.ActiveCfg = Debug|iPhoneSimulator
		{6548809F-2F81-454C-AF6E-E4D457D8D246}.Debug|Any CPU.Build.0 = Debug|iPhoneSimulator
		{6548809F-2F81-454C-AF6E-E4D457D8D246}.Release|Any CPU.ActiveCfg = Release|iPhoneSimulator
		{6548809F-2F81-454C-AF6E-E4D457D8D246}.Release|Any CPU.Build.0 = Release|iPhoneSimulator
		{6548809F-2F81-454C-AF6E-E4D457D8D246}.Debug|iPhoneSimulator.ActiveCfg = Debug|iPhoneSimulator
		{6548809F-2F81-454C-AF6E-E4D457D8D246}.Debug|iPhoneSimulator.Build.0 = Debug|iPhoneSimulator
		{6548809F-2F81-454C-AF6E-E4D457D8D246}.Release|iPhoneSimulator.ActiveCfg = Release|iPhoneSimulator
		{6548809F-2F81-454C-AF6E-E4D457D8D246}.Release|iPhoneSimulator.Build.0 = Release|iPhoneSimulator
		{6548809F-2F81-454C-AF6E-E4D457D8D246}.Debug|iPhone.ActiveCfg = Debug|iPhone
		{6548809F-2F81-454C-AF6E-E4D457D8D246}.Debug|iPhone.Build.0 = Debug|iPhone
		{6548809F-2F81-454C-AF6E-E4D457D8D246}.Release|iPhone.ActiveCfg = Release|iPhone
		{6548809F-2F81-454C-AF6E-E4D457D8D246}.Release|iPhone.Build.0 = Release|iPhone
		{6548809F-2F81-454C-AF6E-E4D457D8D246}.Ad-Hoc|iPhone.ActiveCfg = Ad-Hoc|iPhone
		{6548809F-2F81-454C-AF6E-E4D457D8D246}.Ad-Hoc|iPhone.Build.0 = Ad-Hoc|iPhone
		{6548809F-2F81-454C-AF6E-E4D457D8D246}.AppStore|iPhone.ActiveCfg = AppStore|iPhone
		{6548809F-2F81-454C-AF6E-E4D457D8D246}.AppStore|iPhone.Build.0 = AppStore|iPhone
		{C46BF2F6-696E-48AA-A624-246C8B92A0CA}.Debug|Any CPU.ActiveCfg = Debug|Any CPU
		{C46BF2F6-696E-48AA-A624-246C8B92A0CA}.Debug|Any CPU.Build.0 = Debug|Any CPU
		{C46BF2F6-696E-48AA-A624-246C8B92A0CA}.Release|Any CPU.ActiveCfg = Release|Any CPU
		{C46BF2F6-696E-48AA-A624-246C8B92A0CA}.Release|Any CPU.Build.0 = Release|Any CPU
		{C46BF2F6-696E-48AA-A624-246C8B92A0CA}.Debug|iPhoneSimulator.ActiveCfg = Debug|Any CPU
		{C46BF2F6-696E-48AA-A624-246C8B92A0CA}.Debug|iPhoneSimulator.Build.0 = Debug|Any CPU
		{C46BF2F6-696E-48AA-A624-246C8B92A0CA}.Release|iPhoneSimulator.ActiveCfg = Release|Any CPU
		{C46BF2F6-696E-48AA-A624-246C8B92A0CA}.Release|iPhoneSimulator.Build.0 = Release|Any CPU
		{C46BF2F6-696E-48AA-A624-246C8B92A0CA}.Debug|iPhone.ActiveCfg = Debug|Any CPU
		{C46BF2F6-696E-48AA-A624-246C8B92A0CA}.Debug|iPhone.Build.0 = Debug|Any CPU
		{C46BF2F6-696E-48AA-A624-246C8B92A0CA}.Release|iPhone.ActiveCfg = Release|Any CPU
		{C46BF2F6-696E-48AA-A624-246C8B92A0CA}.Release|iPhone.Build.0 = Release|Any CPU
		{C46BF2F6-696E-48AA-A624-246C8B92A0CA}.Ad-Hoc|iPhone.ActiveCfg = Debug|Any CPU
		{C46BF2F6-696E-48AA-A624-246C8B92A0CA}.Ad-Hoc|iPhone.Build.0 = Debug|Any CPU
		{C46BF2F6-696E-48AA-A624-246C8B92A0CA}.AppStore|iPhone.ActiveCfg = Debug|Any CPU
		{C46BF2F6-696E-48AA-A624-246C8B92A0CA}.AppStore|iPhone.Build.0 = Debug|Any CPU
	EndGlobalSection
EndGlobal
