
Microsoft Visual Studio Solution File, Format Version 12.00
# Visual Studio 15
VisualStudioVersion = 15.0.27428.2005
MinimumVisualStudioVersion = 10.0.40219.1
Project("{FAE04EC0-301F-11D3-BF4B-00C04F79EFBC}") = "FeedReader.Android", "FeedReader\FeedReader.Android\FeedReader.Android.csproj", "{9EC9D90E-1CD8-4E0F-9DE9-B46928F46DA3}"
EndProject
Project("{FAE04EC0-301F-11D3-BF4B-00C04F79EFBC}") = "FeedReader.iOS", "FeedReader\FeedReader.iOS\FeedReader.iOS.csproj", "{0CD5221E-3DD6-4D42-9228-C3571606939F}"
EndProject
Project("{FAE04EC0-301F-11D3-BF4B-00C04F79EFBC}") = "FeedReader.UWP", "FeedReader\FeedReader.UWP\FeedReader.UWP.csproj", "{685FD03F-2220-49EA-B333-8EDAF10B93DA}"
EndProject
Project("{FAE04EC0-301F-11D3-BF4B-00C04F79EFBC}") = "FeedReader", "FeedReader\FeedReader\FeedReader.csproj", "{76FF0DC2-BFCC-4ADB-B5E6-31CABA0846A1}"
EndProject
Project("{FAE04EC0-301F-11D3-BF4B-00C04F79EFBC}") = "FeedReader.Core", "FeedReader.Core\FeedReader.Core.csproj", "{E8602BD2-7AF1-453D-AF75-ACEF6C910D43}"
EndProject
Project("{FAE04EC0-301F-11D3-BF4B-00C04F79EFBC}") = "FeedReader.Core.Tests", "FeedReader.Core.Tests\FeedReader.Core.Tests.csproj", "{A34C89B8-9766-43E2-9A87-1823F3F9EC23}"
EndProject
Global
	GlobalSection(SolutionConfigurationPlatforms) = preSolution
		Ad-Hoc|Any CPU = Ad-Hoc|Any CPU
		Ad-Hoc|ARM = Ad-Hoc|ARM
		Ad-Hoc|iPhone = Ad-Hoc|iPhone
		Ad-Hoc|iPhoneSimulator = Ad-Hoc|iPhoneSimulator
		Ad-Hoc|x64 = Ad-Hoc|x64
		Ad-Hoc|x86 = Ad-Hoc|x86
		AppStore|Any CPU = AppStore|Any CPU
		AppStore|ARM = AppStore|ARM
		AppStore|iPhone = AppStore|iPhone
		AppStore|iPhoneSimulator = AppStore|iPhoneSimulator
		AppStore|x64 = AppStore|x64
		AppStore|x86 = AppStore|x86
		Debug|Any CPU = Debug|Any CPU
		Debug|ARM = Debug|ARM
		Debug|iPhone = Debug|iPhone
		Debug|iPhoneSimulator = Debug|iPhoneSimulator
		Debug|x64 = Debug|x64
		Debug|x86 = Debug|x86
		Release|Any CPU = Release|Any CPU
		Release|ARM = Release|ARM
		Release|iPhone = Release|iPhone
		Release|iPhoneSimulator = Release|iPhoneSimulator
		Release|x64 = Release|x64
		Release|x86 = Release|x86
	EndGlobalSection
	GlobalSection(ProjectConfigurationPlatforms) = postSolution
		{9EC9D90E-1CD8-4E0F-9DE9-B46928F46DA3}.Ad-Hoc|Any CPU.ActiveCfg = Release|Any CPU
		{9EC9D90E-1CD8-4E0F-9DE9-B46928F46DA3}.Ad-Hoc|Any CPU.Build.0 = Release|Any CPU
		{9EC9D90E-1CD8-4E0F-9DE9-B46928F46DA3}.Ad-Hoc|Any CPU.Deploy.0 = Release|Any CPU
		{9EC9D90E-1CD8-4E0F-9DE9-B46928F46DA3}.Ad-Hoc|ARM.ActiveCfg = Release|Any CPU
		{9EC9D90E-1CD8-4E0F-9DE9-B46928F46DA3}.Ad-Hoc|ARM.Build.0 = Release|Any CPU
		{9EC9D90E-1CD8-4E0F-9DE9-B46928F46DA3}.Ad-Hoc|ARM.Deploy.0 = Release|Any CPU
		{9EC9D90E-1CD8-4E0F-9DE9-B46928F46DA3}.Ad-Hoc|iPhone.ActiveCfg = Release|Any CPU
		{9EC9D90E-1CD8-4E0F-9DE9-B46928F46DA3}.Ad-Hoc|iPhone.Build.0 = Release|Any CPU
		{9EC9D90E-1CD8-4E0F-9DE9-B46928F46DA3}.Ad-Hoc|iPhone.Deploy.0 = Release|Any CPU
		{9EC9D90E-1CD8-4E0F-9DE9-B46928F46DA3}.Ad-Hoc|iPhoneSimulator.ActiveCfg = Release|Any CPU
		{9EC9D90E-1CD8-4E0F-9DE9-B46928F46DA3}.Ad-Hoc|iPhoneSimulator.Build.0 = Release|Any CPU
		{9EC9D90E-1CD8-4E0F-9DE9-B46928F46DA3}.Ad-Hoc|iPhoneSimulator.Deploy.0 = Release|Any CPU
		{9EC9D90E-1CD8-4E0F-9DE9-B46928F46DA3}.Ad-Hoc|x64.ActiveCfg = Release|Any CPU
		{9EC9D90E-1CD8-4E0F-9DE9-B46928F46DA3}.Ad-Hoc|x64.Build.0 = Release|Any CPU
		{9EC9D90E-1CD8-4E0F-9DE9-B46928F46DA3}.Ad-Hoc|x64.Deploy.0 = Release|Any CPU
		{9EC9D90E-1CD8-4E0F-9DE9-B46928F46DA3}.Ad-Hoc|x86.ActiveCfg = Release|Any CPU
		{9EC9D90E-1CD8-4E0F-9DE9-B46928F46DA3}.Ad-Hoc|x86.Build.0 = Release|Any CPU
		{9EC9D90E-1CD8-4E0F-9DE9-B46928F46DA3}.Ad-Hoc|x86.Deploy.0 = Release|Any CPU
		{9EC9D90E-1CD8-4E0F-9DE9-B46928F46DA3}.AppStore|Any CPU.ActiveCfg = Release|Any CPU
		{9EC9D90E-1CD8-4E0F-9DE9-B46928F46DA3}.AppStore|Any CPU.Build.0 = Release|Any CPU
		{9EC9D90E-1CD8-4E0F-9DE9-B46928F46DA3}.AppStore|Any CPU.Deploy.0 = Release|Any CPU
		{9EC9D90E-1CD8-4E0F-9DE9-B46928F46DA3}.AppStore|ARM.ActiveCfg = Release|Any CPU
		{9EC9D90E-1CD8-4E0F-9DE9-B46928F46DA3}.AppStore|ARM.Build.0 = Release|Any CPU
		{9EC9D90E-1CD8-4E0F-9DE9-B46928F46DA3}.AppStore|ARM.Deploy.0 = Release|Any CPU
		{9EC9D90E-1CD8-4E0F-9DE9-B46928F46DA3}.AppStore|iPhone.ActiveCfg = Release|Any CPU
		{9EC9D90E-1CD8-4E0F-9DE9-B46928F46DA3}.AppStore|iPhone.Build.0 = Release|Any CPU
		{9EC9D90E-1CD8-4E0F-9DE9-B46928F46DA3}.AppStore|iPhone.Deploy.0 = Release|Any CPU
		{9EC9D90E-1CD8-4E0F-9DE9-B46928F46DA3}.AppStore|iPhoneSimulator.ActiveCfg = Release|Any CPU
		{9EC9D90E-1CD8-4E0F-9DE9-B46928F46DA3}.AppStore|iPhoneSimulator.Build.0 = Release|Any CPU
		{9EC9D90E-1CD8-4E0F-9DE9-B46928F46DA3}.AppStore|iPhoneSimulator.Deploy.0 = Release|Any CPU
		{9EC9D90E-1CD8-4E0F-9DE9-B46928F46DA3}.AppStore|x64.ActiveCfg = Release|Any CPU
		{9EC9D90E-1CD8-4E0F-9DE9-B46928F46DA3}.AppStore|x64.Build.0 = Release|Any CPU
		{9EC9D90E-1CD8-4E0F-9DE9-B46928F46DA3}.AppStore|x64.Deploy.0 = Release|Any CPU
		{9EC9D90E-1CD8-4E0F-9DE9-B46928F46DA3}.AppStore|x86.ActiveCfg = Release|Any CPU
		{9EC9D90E-1CD8-4E0F-9DE9-B46928F46DA3}.AppStore|x86.Build.0 = Release|Any CPU
		{9EC9D90E-1CD8-4E0F-9DE9-B46928F46DA3}.AppStore|x86.Deploy.0 = Release|Any CPU
		{9EC9D90E-1CD8-4E0F-9DE9-B46928F46DA3}.Debug|Any CPU.ActiveCfg = Debug|Any CPU
		{9EC9D90E-1CD8-4E0F-9DE9-B46928F46DA3}.Debug|Any CPU.Build.0 = Debug|Any CPU
		{9EC9D90E-1CD8-4E0F-9DE9-B46928F46DA3}.Debug|Any CPU.Deploy.0 = Debug|Any CPU
		{9EC9D90E-1CD8-4E0F-9DE9-B46928F46DA3}.Debug|ARM.ActiveCfg = Debug|Any CPU
		{9EC9D90E-1CD8-4E0F-9DE9-B46928F46DA3}.Debug|ARM.Build.0 = Debug|Any CPU
		{9EC9D90E-1CD8-4E0F-9DE9-B46928F46DA3}.Debug|ARM.Deploy.0 = Debug|Any CPU
		{9EC9D90E-1CD8-4E0F-9DE9-B46928F46DA3}.Debug|iPhone.ActiveCfg = Debug|Any CPU
		{9EC9D90E-1CD8-4E0F-9DE9-B46928F46DA3}.Debug|iPhone.Build.0 = Debug|Any CPU
		{9EC9D90E-1CD8-4E0F-9DE9-B46928F46DA3}.Debug|iPhone.Deploy.0 = Debug|Any CPU
		{9EC9D90E-1CD8-4E0F-9DE9-B46928F46DA3}.Debug|iPhoneSimulator.ActiveCfg = Debug|Any CPU
		{9EC9D90E-1CD8-4E0F-9DE9-B46928F46DA3}.Debug|iPhoneSimulator.Build.0 = Debug|Any CPU
		{9EC9D90E-1CD8-4E0F-9DE9-B46928F46DA3}.Debug|iPhoneSimulator.Deploy.0 = Debug|Any CPU
		{9EC9D90E-1CD8-4E0F-9DE9-B46928F46DA3}.Debug|x64.ActiveCfg = Debug|Any CPU
		{9EC9D90E-1CD8-4E0F-9DE9-B46928F46DA3}.Debug|x64.Build.0 = Debug|Any CPU
		{9EC9D90E-1CD8-4E0F-9DE9-B46928F46DA3}.Debug|x64.Deploy.0 = Debug|Any CPU
		{9EC9D90E-1CD8-4E0F-9DE9-B46928F46DA3}.Debug|x86.ActiveCfg = Debug|Any CPU
		{9EC9D90E-1CD8-4E0F-9DE9-B46928F46DA3}.Debug|x86.Build.0 = Debug|Any CPU
		{9EC9D90E-1CD8-4E0F-9DE9-B46928F46DA3}.Debug|x86.Deploy.0 = Debug|Any CPU
		{9EC9D90E-1CD8-4E0F-9DE9-B46928F46DA3}.Release|Any CPU.ActiveCfg = Release|Any CPU
		{9EC9D90E-1CD8-4E0F-9DE9-B46928F46DA3}.Release|Any CPU.Build.0 = Release|Any CPU
		{9EC9D90E-1CD8-4E0F-9DE9-B46928F46DA3}.Release|Any CPU.Deploy.0 = Release|Any CPU
		{9EC9D90E-1CD8-4E0F-9DE9-B46928F46DA3}.Release|ARM.ActiveCfg = Release|Any CPU
		{9EC9D90E-1CD8-4E0F-9DE9-B46928F46DA3}.Release|ARM.Build.0 = Release|Any CPU
		{9EC9D90E-1CD8-4E0F-9DE9-B46928F46DA3}.Release|ARM.Deploy.0 = Release|Any CPU
		{9EC9D90E-1CD8-4E0F-9DE9-B46928F46DA3}.Release|iPhone.ActiveCfg = Release|Any CPU
		{9EC9D90E-1CD8-4E0F-9DE9-B46928F46DA3}.Release|iPhone.Build.0 = Release|Any CPU
		{9EC9D90E-1CD8-4E0F-9DE9-B46928F46DA3}.Release|iPhone.Deploy.0 = Release|Any CPU
		{9EC9D90E-1CD8-4E0F-9DE9-B46928F46DA3}.Release|iPhoneSimulator.ActiveCfg = Release|Any CPU
		{9EC9D90E-1CD8-4E0F-9DE9-B46928F46DA3}.Release|iPhoneSimulator.Build.0 = Release|Any CPU
		{9EC9D90E-1CD8-4E0F-9DE9-B46928F46DA3}.Release|iPhoneSimulator.Deploy.0 = Release|Any CPU
		{9EC9D90E-1CD8-4E0F-9DE9-B46928F46DA3}.Release|x64.ActiveCfg = Release|Any CPU
		{9EC9D90E-1CD8-4E0F-9DE9-B46928F46DA3}.Release|x64.Build.0 = Release|Any CPU
		{9EC9D90E-1CD8-4E0F-9DE9-B46928F46DA3}.Release|x64.Deploy.0 = Release|Any CPU
		{9EC9D90E-1CD8-4E0F-9DE9-B46928F46DA3}.Release|x86.ActiveCfg = Release|Any CPU
		{9EC9D90E-1CD8-4E0F-9DE9-B46928F46DA3}.Release|x86.Build.0 = Release|Any CPU
		{9EC9D90E-1CD8-4E0F-9DE9-B46928F46DA3}.Release|x86.Deploy.0 = Release|Any CPU
		{0CD5221E-3DD6-4D42-9228-C3571606939F}.Ad-Hoc|Any CPU.ActiveCfg = Ad-Hoc|iPhone
		{0CD5221E-3DD6-4D42-9228-C3571606939F}.Ad-Hoc|ARM.ActiveCfg = Ad-Hoc|iPhone
		{0CD5221E-3DD6-4D42-9228-C3571606939F}.Ad-Hoc|iPhone.ActiveCfg = Ad-Hoc|iPhone
		{0CD5221E-3DD6-4D42-9228-C3571606939F}.Ad-Hoc|iPhone.Build.0 = Ad-Hoc|iPhone
		{0CD5221E-3DD6-4D42-9228-C3571606939F}.Ad-Hoc|iPhoneSimulator.ActiveCfg = Ad-Hoc|iPhoneSimulator
		{0CD5221E-3DD6-4D42-9228-C3571606939F}.Ad-Hoc|iPhoneSimulator.Build.0 = Ad-Hoc|iPhoneSimulator
		{0CD5221E-3DD6-4D42-9228-C3571606939F}.Ad-Hoc|x64.ActiveCfg = Ad-Hoc|iPhone
		{0CD5221E-3DD6-4D42-9228-C3571606939F}.Ad-Hoc|x86.ActiveCfg = Ad-Hoc|iPhone
		{0CD5221E-3DD6-4D42-9228-C3571606939F}.AppStore|Any CPU.ActiveCfg = AppStore|iPhone
		{0CD5221E-3DD6-4D42-9228-C3571606939F}.AppStore|ARM.ActiveCfg = AppStore|iPhone
		{0CD5221E-3DD6-4D42-9228-C3571606939F}.AppStore|iPhone.ActiveCfg = AppStore|iPhone
		{0CD5221E-3DD6-4D42-9228-C3571606939F}.AppStore|iPhone.Build.0 = AppStore|iPhone
		{0CD5221E-3DD6-4D42-9228-C3571606939F}.AppStore|iPhoneSimulator.ActiveCfg = AppStore|iPhoneSimulator
		{0CD5221E-3DD6-4D42-9228-C3571606939F}.AppStore|iPhoneSimulator.Build.0 = AppStore|iPhoneSimulator
		{0CD5221E-3DD6-4D42-9228-C3571606939F}.AppStore|x64.ActiveCfg = AppStore|iPhone
		{0CD5221E-3DD6-4D42-9228-C3571606939F}.AppStore|x86.ActiveCfg = AppStore|iPhone
		{0CD5221E-3DD6-4D42-9228-C3571606939F}.Debug|Any CPU.ActiveCfg = Debug|iPhone
		{0CD5221E-3DD6-4D42-9228-C3571606939F}.Debug|ARM.ActiveCfg = Debug|iPhone
		{0CD5221E-3DD6-4D42-9228-C3571606939F}.Debug|iPhone.ActiveCfg = Debug|iPhone
		{0CD5221E-3DD6-4D42-9228-C3571606939F}.Debug|iPhone.Build.0 = Debug|iPhone
		{0CD5221E-3DD6-4D42-9228-C3571606939F}.Debug|iPhoneSimulator.ActiveCfg = Debug|iPhoneSimulator
		{0CD5221E-3DD6-4D42-9228-C3571606939F}.Debug|iPhoneSimulator.Build.0 = Debug|iPhoneSimulator
		{0CD5221E-3DD6-4D42-9228-C3571606939F}.Debug|x64.ActiveCfg = Debug|iPhone
		{0CD5221E-3DD6-4D42-9228-C3571606939F}.Debug|x86.ActiveCfg = Debug|iPhone
		{0CD5221E-3DD6-4D42-9228-C3571606939F}.Release|Any CPU.ActiveCfg = Release|iPhone
		{0CD5221E-3DD6-4D42-9228-C3571606939F}.Release|ARM.ActiveCfg = Release|iPhone
		{0CD5221E-3DD6-4D42-9228-C3571606939F}.Release|iPhone.ActiveCfg = Release|iPhone
		{0CD5221E-3DD6-4D42-9228-C3571606939F}.Release|iPhone.Build.0 = Release|iPhone
		{0CD5221E-3DD6-4D42-9228-C3571606939F}.Release|iPhoneSimulator.ActiveCfg = Release|iPhoneSimulator
		{0CD5221E-3DD6-4D42-9228-C3571606939F}.Release|iPhoneSimulator.Build.0 = Release|iPhoneSimulator
		{0CD5221E-3DD6-4D42-9228-C3571606939F}.Release|x64.ActiveCfg = Release|iPhone
		{0CD5221E-3DD6-4D42-9228-C3571606939F}.Release|x86.ActiveCfg = Release|iPhone
		{685FD03F-2220-49EA-B333-8EDAF10B93DA}.Ad-Hoc|Any CPU.ActiveCfg = Release|x86
		{685FD03F-2220-49EA-B333-8EDAF10B93DA}.Ad-Hoc|Any CPU.Build.0 = Release|x86
		{685FD03F-2220-49EA-B333-8EDAF10B93DA}.Ad-Hoc|Any CPU.Deploy.0 = Release|x86
		{685FD03F-2220-49EA-B333-8EDAF10B93DA}.Ad-Hoc|ARM.ActiveCfg = Release|ARM
		{685FD03F-2220-49EA-B333-8EDAF10B93DA}.Ad-Hoc|ARM.Build.0 = Release|ARM
		{685FD03F-2220-49EA-B333-8EDAF10B93DA}.Ad-Hoc|ARM.Deploy.0 = Release|ARM
		{685FD03F-2220-49EA-B333-8EDAF10B93DA}.Ad-Hoc|iPhone.ActiveCfg = Release|x86
		{685FD03F-2220-49EA-B333-8EDAF10B93DA}.Ad-Hoc|iPhone.Build.0 = Release|x86
		{685FD03F-2220-49EA-B333-8EDAF10B93DA}.Ad-Hoc|iPhone.Deploy.0 = Release|x86
		{685FD03F-2220-49EA-B333-8EDAF10B93DA}.Ad-Hoc|iPhoneSimulator.ActiveCfg = Release|x86
		{685FD03F-2220-49EA-B333-8EDAF10B93DA}.Ad-Hoc|iPhoneSimulator.Build.0 = Release|x86
		{685FD03F-2220-49EA-B333-8EDAF10B93DA}.Ad-Hoc|iPhoneSimulator.Deploy.0 = Release|x86
		{685FD03F-2220-49EA-B333-8EDAF10B93DA}.Ad-Hoc|x64.ActiveCfg = Release|x64
		{685FD03F-2220-49EA-B333-8EDAF10B93DA}.Ad-Hoc|x64.Build.0 = Release|x64
		{685FD03F-2220-49EA-B333-8EDAF10B93DA}.Ad-Hoc|x64.Deploy.0 = Release|x64
		{685FD03F-2220-49EA-B333-8EDAF10B93DA}.Ad-Hoc|x86.ActiveCfg = Release|x86
		{685FD03F-2220-49EA-B333-8EDAF10B93DA}.Ad-Hoc|x86.Build.0 = Release|x86
		{685FD03F-2220-49EA-B333-8EDAF10B93DA}.Ad-Hoc|x86.Deploy.0 = Release|x86
		{685FD03F-2220-49EA-B333-8EDAF10B93DA}.AppStore|Any CPU.ActiveCfg = Release|x86
		{685FD03F-2220-49EA-B333-8EDAF10B93DA}.AppStore|Any CPU.Build.0 = Release|x86
		{685FD03F-2220-49EA-B333-8EDAF10B93DA}.AppStore|Any CPU.Deploy.0 = Release|x86
		{685FD03F-2220-49EA-B333-8EDAF10B93DA}.AppStore|ARM.ActiveCfg = Release|ARM
		{685FD03F-2220-49EA-B333-8EDAF10B93DA}.AppStore|ARM.Build.0 = Release|ARM
		{685FD03F-2220-49EA-B333-8EDAF10B93DA}.AppStore|ARM.Deploy.0 = Release|ARM
		{685FD03F-2220-49EA-B333-8EDAF10B93DA}.AppStore|iPhone.ActiveCfg = Release|x86
		{685FD03F-2220-49EA-B333-8EDAF10B93DA}.AppStore|iPhone.Build.0 = Release|x86
		{685FD03F-2220-49EA-B333-8EDAF10B93DA}.AppStore|iPhone.Deploy.0 = Release|x86
		{685FD03F-2220-49EA-B333-8EDAF10B93DA}.AppStore|iPhoneSimulator.ActiveCfg = Release|x86
		{685FD03F-2220-49EA-B333-8EDAF10B93DA}.AppStore|iPhoneSimulator.Build.0 = Release|x86
		{685FD03F-2220-49EA-B333-8EDAF10B93DA}.AppStore|iPhoneSimulator.Deploy.0 = Release|x86
		{685FD03F-2220-49EA-B333-8EDAF10B93DA}.AppStore|x64.ActiveCfg = Release|x64
		{685FD03F-2220-49EA-B333-8EDAF10B93DA}.AppStore|x64.Build.0 = Release|x64
		{685FD03F-2220-49EA-B333-8EDAF10B93DA}.AppStore|x64.Deploy.0 = Release|x64
		{685FD03F-2220-49EA-B333-8EDAF10B93DA}.AppStore|x86.ActiveCfg = Release|x86
		{685FD03F-2220-49EA-B333-8EDAF10B93DA}.AppStore|x86.Build.0 = Release|x86
		{685FD03F-2220-49EA-B333-8EDAF10B93DA}.AppStore|x86.Deploy.0 = Release|x86
		{685FD03F-2220-49EA-B333-8EDAF10B93DA}.Debug|Any CPU.ActiveCfg = Debug|x86
		{685FD03F-2220-49EA-B333-8EDAF10B93DA}.Debug|ARM.ActiveCfg = Debug|ARM
		{685FD03F-2220-49EA-B333-8EDAF10B93DA}.Debug|ARM.Build.0 = Debug|ARM
		{685FD03F-2220-49EA-B333-8EDAF10B93DA}.Debug|ARM.Deploy.0 = Debug|ARM
		{685FD03F-2220-49EA-B333-8EDAF10B93DA}.Debug|iPhone.ActiveCfg = Debug|x86
		{685FD03F-2220-49EA-B333-8EDAF10B93DA}.Debug|iPhoneSimulator.ActiveCfg = Debug|x86
		{685FD03F-2220-49EA-B333-8EDAF10B93DA}.Debug|x64.ActiveCfg = Debug|x64
		{685FD03F-2220-49EA-B333-8EDAF10B93DA}.Debug|x64.Build.0 = Debug|x64
		{685FD03F-2220-49EA-B333-8EDAF10B93DA}.Debug|x64.Deploy.0 = Debug|x64
		{685FD03F-2220-49EA-B333-8EDAF10B93DA}.Debug|x86.ActiveCfg = Debug|x86
		{685FD03F-2220-49EA-B333-8EDAF10B93DA}.Debug|x86.Build.0 = Debug|x86
		{685FD03F-2220-49EA-B333-8EDAF10B93DA}.Debug|x86.Deploy.0 = Debug|x86
		{685FD03F-2220-49EA-B333-8EDAF10B93DA}.Release|Any CPU.ActiveCfg = Release|x86
		{685FD03F-2220-49EA-B333-8EDAF10B93DA}.Release|ARM.ActiveCfg = Release|ARM
		{685FD03F-2220-49EA-B333-8EDAF10B93DA}.Release|ARM.Build.0 = Release|ARM
		{685FD03F-2220-49EA-B333-8EDAF10B93DA}.Release|ARM.Deploy.0 = Release|ARM
		{685FD03F-2220-49EA-B333-8EDAF10B93DA}.Release|iPhone.ActiveCfg = Release|x86
		{685FD03F-2220-49EA-B333-8EDAF10B93DA}.Release|iPhoneSimulator.ActiveCfg = Release|x86
		{685FD03F-2220-49EA-B333-8EDAF10B93DA}.Release|x64.ActiveCfg = Release|x64
		{685FD03F-2220-49EA-B333-8EDAF10B93DA}.Release|x64.Build.0 = Release|x64
		{685FD03F-2220-49EA-B333-8EDAF10B93DA}.Release|x64.Deploy.0 = Release|x64
		{685FD03F-2220-49EA-B333-8EDAF10B93DA}.Release|x86.ActiveCfg = Release|x86
		{685FD03F-2220-49EA-B333-8EDAF10B93DA}.Release|x86.Build.0 = Release|x86
		{685FD03F-2220-49EA-B333-8EDAF10B93DA}.Release|x86.Deploy.0 = Release|x86
		{76FF0DC2-BFCC-4ADB-B5E6-31CABA0846A1}.Ad-Hoc|Any CPU.ActiveCfg = Debug|Any CPU
		{76FF0DC2-BFCC-4ADB-B5E6-31CABA0846A1}.Ad-Hoc|Any CPU.Build.0 = Debug|Any CPU
		{76FF0DC2-BFCC-4ADB-B5E6-31CABA0846A1}.Ad-Hoc|ARM.ActiveCfg = Debug|Any CPU
		{76FF0DC2-BFCC-4ADB-B5E6-31CABA0846A1}.Ad-Hoc|ARM.Build.0 = Debug|Any CPU
		{76FF0DC2-BFCC-4ADB-B5E6-31CABA0846A1}.Ad-Hoc|iPhone.ActiveCfg = Debug|Any CPU
		{76FF0DC2-BFCC-4ADB-B5E6-31CABA0846A1}.Ad-Hoc|iPhone.Build.0 = Debug|Any CPU
		{76FF0DC2-BFCC-4ADB-B5E6-31CABA0846A1}.Ad-Hoc|iPhoneSimulator.ActiveCfg = Debug|Any CPU
		{76FF0DC2-BFCC-4ADB-B5E6-31CABA0846A1}.Ad-Hoc|iPhoneSimulator.Build.0 = Debug|Any CPU
		{76FF0DC2-BFCC-4ADB-B5E6-31CABA0846A1}.Ad-Hoc|x64.ActiveCfg = Debug|Any CPU
		{76FF0DC2-BFCC-4ADB-B5E6-31CABA0846A1}.Ad-Hoc|x64.Build.0 = Debug|Any CPU
		{76FF0DC2-BFCC-4ADB-B5E6-31CABA0846A1}.Ad-Hoc|x86.ActiveCfg = Debug|Any CPU
		{76FF0DC2-BFCC-4ADB-B5E6-31CABA0846A1}.Ad-Hoc|x86.Build.0 = Debug|Any CPU
		{76FF0DC2-BFCC-4ADB-B5E6-31CABA0846A1}.AppStore|Any CPU.ActiveCfg = Debug|Any CPU
		{76FF0DC2-BFCC-4ADB-B5E6-31CABA0846A1}.AppStore|Any CPU.Build.0 = Debug|Any CPU
		{76FF0DC2-BFCC-4ADB-B5E6-31CABA0846A1}.AppStore|ARM.ActiveCfg = Debug|Any CPU
		{76FF0DC2-BFCC-4ADB-B5E6-31CABA0846A1}.AppStore|ARM.Build.0 = Debug|Any CPU
		{76FF0DC2-BFCC-4ADB-B5E6-31CABA0846A1}.AppStore|iPhone.ActiveCfg = Debug|Any CPU
		{76FF0DC2-BFCC-4ADB-B5E6-31CABA0846A1}.AppStore|iPhone.Build.0 = Debug|Any CPU
		{76FF0DC2-BFCC-4ADB-B5E6-31CABA0846A1}.AppStore|iPhoneSimulator.ActiveCfg = Debug|Any CPU
		{76FF0DC2-BFCC-4ADB-B5E6-31CABA0846A1}.AppStore|iPhoneSimulator.Build.0 = Debug|Any CPU
		{76FF0DC2-BFCC-4ADB-B5E6-31CABA0846A1}.AppStore|x64.ActiveCfg = Debug|Any CPU
		{76FF0DC2-BFCC-4ADB-B5E6-31CABA0846A1}.AppStore|x64.Build.0 = Debug|Any CPU
		{76FF0DC2-BFCC-4ADB-B5E6-31CABA0846A1}.AppStore|x86.ActiveCfg = Debug|Any CPU
		{76FF0DC2-BFCC-4ADB-B5E6-31CABA0846A1}.AppStore|x86.Build.0 = Debug|Any CPU
		{76FF0DC2-BFCC-4ADB-B5E6-31CABA0846A1}.Debug|Any CPU.ActiveCfg = Debug|Any CPU
		{76FF0DC2-BFCC-4ADB-B5E6-31CABA0846A1}.Debug|Any CPU.Build.0 = Debug|Any CPU
		{76FF0DC2-BFCC-4ADB-B5E6-31CABA0846A1}.Debug|ARM.ActiveCfg = Debug|Any CPU
		{76FF0DC2-BFCC-4ADB-B5E6-31CABA0846A1}.Debug|ARM.Build.0 = Debug|Any CPU
		{76FF0DC2-BFCC-4ADB-B5E6-31CABA0846A1}.Debug|iPhone.ActiveCfg = Debug|Any CPU
		{76FF0DC2-BFCC-4ADB-B5E6-31CABA0846A1}.Debug|iPhone.Build.0 = Debug|Any CPU
		{76FF0DC2-BFCC-4ADB-B5E6-31CABA0846A1}.Debug|iPhoneSimulator.ActiveCfg = Debug|Any CPU
		{76FF0DC2-BFCC-4ADB-B5E6-31CABA0846A1}.Debug|iPhoneSimulator.Build.0 = Debug|Any CPU
		{76FF0DC2-BFCC-4ADB-B5E6-31CABA0846A1}.Debug|x64.ActiveCfg = Debug|Any CPU
		{76FF0DC2-BFCC-4ADB-B5E6-31CABA0846A1}.Debug|x64.Build.0 = Debug|Any CPU
		{76FF0DC2-BFCC-4ADB-B5E6-31CABA0846A1}.Debug|x86.ActiveCfg = Debug|Any CPU
		{76FF0DC2-BFCC-4ADB-B5E6-31CABA0846A1}.Debug|x86.Build.0 = Debug|Any CPU
		{76FF0DC2-BFCC-4ADB-B5E6-31CABA0846A1}.Release|Any CPU.ActiveCfg = Release|Any CPU
		{76FF0DC2-BFCC-4ADB-B5E6-31CABA0846A1}.Release|Any CPU.Build.0 = Release|Any CPU
		{76FF0DC2-BFCC-4ADB-B5E6-31CABA0846A1}.Release|ARM.ActiveCfg = Release|Any CPU
		{76FF0DC2-BFCC-4ADB-B5E6-31CABA0846A1}.Release|ARM.Build.0 = Release|Any CPU
		{76FF0DC2-BFCC-4ADB-B5E6-31CABA0846A1}.Release|iPhone.ActiveCfg = Release|Any CPU
		{76FF0DC2-BFCC-4ADB-B5E6-31CABA0846A1}.Release|iPhone.Build.0 = Release|Any CPU
		{76FF0DC2-BFCC-4ADB-B5E6-31CABA0846A1}.Release|iPhoneSimulator.ActiveCfg = Release|Any CPU
		{76FF0DC2-BFCC-4ADB-B5E6-31CABA0846A1}.Release|iPhoneSimulator.Build.0 = Release|Any CPU
		{76FF0DC2-BFCC-4ADB-B5E6-31CABA0846A1}.Release|x64.ActiveCfg = Release|Any CPU
		{76FF0DC2-BFCC-4ADB-B5E6-31CABA0846A1}.Release|x64.Build.0 = Release|Any CPU
		{76FF0DC2-BFCC-4ADB-B5E6-31CABA0846A1}.Release|x86.ActiveCfg = Release|Any CPU
		{76FF0DC2-BFCC-4ADB-B5E6-31CABA0846A1}.Release|x86.Build.0 = Release|Any CPU
		{E8602BD2-7AF1-453D-AF75-ACEF6C910D43}.Ad-Hoc|Any CPU.ActiveCfg = Debug|Any CPU
		{E8602BD2-7AF1-453D-AF75-ACEF6C910D43}.Ad-Hoc|Any CPU.Build.0 = Debug|Any CPU
		{E8602BD2-7AF1-453D-AF75-ACEF6C910D43}.Ad-Hoc|ARM.ActiveCfg = Debug|Any CPU
		{E8602BD2-7AF1-453D-AF75-ACEF6C910D43}.Ad-Hoc|ARM.Build.0 = Debug|Any CPU
		{E8602BD2-7AF1-453D-AF75-ACEF6C910D43}.Ad-Hoc|iPhone.ActiveCfg = Debug|Any CPU
		{E8602BD2-7AF1-453D-AF75-ACEF6C910D43}.Ad-Hoc|iPhone.Build.0 = Debug|Any CPU
		{E8602BD2-7AF1-453D-AF75-ACEF6C910D43}.Ad-Hoc|iPhoneSimulator.ActiveCfg = Debug|Any CPU
		{E8602BD2-7AF1-453D-AF75-ACEF6C910D43}.Ad-Hoc|iPhoneSimulator.Build.0 = Debug|Any CPU
		{E8602BD2-7AF1-453D-AF75-ACEF6C910D43}.Ad-Hoc|x64.ActiveCfg = Debug|Any CPU
		{E8602BD2-7AF1-453D-AF75-ACEF6C910D43}.Ad-Hoc|x64.Build.0 = Debug|Any CPU
		{E8602BD2-7AF1-453D-AF75-ACEF6C910D43}.Ad-Hoc|x86.ActiveCfg = Debug|Any CPU
		{E8602BD2-7AF1-453D-AF75-ACEF6C910D43}.Ad-Hoc|x86.Build.0 = Debug|Any CPU
		{E8602BD2-7AF1-453D-AF75-ACEF6C910D43}.AppStore|Any CPU.ActiveCfg = Debug|Any CPU
		{E8602BD2-7AF1-453D-AF75-ACEF6C910D43}.AppStore|Any CPU.Build.0 = Debug|Any CPU
		{E8602BD2-7AF1-453D-AF75-ACEF6C910D43}.AppStore|ARM.ActiveCfg = Debug|Any CPU
		{E8602BD2-7AF1-453D-AF75-ACEF6C910D43}.AppStore|ARM.Build.0 = Debug|Any CPU
		{E8602BD2-7AF1-453D-AF75-ACEF6C910D43}.AppStore|iPhone.ActiveCfg = Debug|Any CPU
		{E8602BD2-7AF1-453D-AF75-ACEF6C910D43}.AppStore|iPhone.Build.0 = Debug|Any CPU
		{E8602BD2-7AF1-453D-AF75-ACEF6C910D43}.AppStore|iPhoneSimulator.ActiveCfg = Debug|Any CPU
		{E8602BD2-7AF1-453D-AF75-ACEF6C910D43}.AppStore|iPhoneSimulator.Build.0 = Debug|Any CPU
		{E8602BD2-7AF1-453D-AF75-ACEF6C910D43}.AppStore|x64.ActiveCfg = Debug|Any CPU
		{E8602BD2-7AF1-453D-AF75-ACEF6C910D43}.AppStore|x64.Build.0 = Debug|Any CPU
		{E8602BD2-7AF1-453D-AF75-ACEF6C910D43}.AppStore|x86.ActiveCfg = Debug|Any CPU
		{E8602BD2-7AF1-453D-AF75-ACEF6C910D43}.AppStore|x86.Build.0 = Debug|Any CPU
		{E8602BD2-7AF1-453D-AF75-ACEF6C910D43}.Debug|Any CPU.ActiveCfg = Debug|Any CPU
		{E8602BD2-7AF1-453D-AF75-ACEF6C910D43}.Debug|Any CPU.Build.0 = Debug|Any CPU
		{E8602BD2-7AF1-453D-AF75-ACEF6C910D43}.Debug|ARM.ActiveCfg = Debug|Any CPU
		{E8602BD2-7AF1-453D-AF75-ACEF6C910D43}.Debug|ARM.Build.0 = Debug|Any CPU
		{E8602BD2-7AF1-453D-AF75-ACEF6C910D43}.Debug|iPhone.ActiveCfg = Debug|Any CPU
		{E8602BD2-7AF1-453D-AF75-ACEF6C910D43}.Debug|iPhone.Build.0 = Debug|Any CPU
		{E8602BD2-7AF1-453D-AF75-ACEF6C910D43}.Debug|iPhoneSimulator.ActiveCfg = Debug|Any CPU
		{E8602BD2-7AF1-453D-AF75-ACEF6C910D43}.Debug|iPhoneSimulator.Build.0 = Debug|Any CPU
		{E8602BD2-7AF1-453D-AF75-ACEF6C910D43}.Debug|x64.ActiveCfg = Debug|Any CPU
		{E8602BD2-7AF1-453D-AF75-ACEF6C910D43}.Debug|x64.Build.0 = Debug|Any CPU
		{E8602BD2-7AF1-453D-AF75-ACEF6C910D43}.Debug|x86.ActiveCfg = Debug|Any CPU
		{E8602BD2-7AF1-453D-AF75-ACEF6C910D43}.Debug|x86.Build.0 = Debug|Any CPU
		{E8602BD2-7AF1-453D-AF75-ACEF6C910D43}.Release|Any CPU.ActiveCfg = Release|Any CPU
		{E8602BD2-7AF1-453D-AF75-ACEF6C910D43}.Release|Any CPU.Build.0 = Release|Any CPU
		{E8602BD2-7AF1-453D-AF75-ACEF6C910D43}.Release|ARM.ActiveCfg = Release|Any CPU
		{E8602BD2-7AF1-453D-AF75-ACEF6C910D43}.Release|ARM.Build.0 = Release|Any CPU
		{E8602BD2-7AF1-453D-AF75-ACEF6C910D43}.Release|iPhone.ActiveCfg = Release|Any CPU
		{E8602BD2-7AF1-453D-AF75-ACEF6C910D43}.Release|iPhone.Build.0 = Release|Any CPU
		{E8602BD2-7AF1-453D-AF75-ACEF6C910D43}.Release|iPhoneSimulator.ActiveCfg = Release|Any CPU
		{E8602BD2-7AF1-453D-AF75-ACEF6C910D43}.Release|iPhoneSimulator.Build.0 = Release|Any CPU
		{E8602BD2-7AF1-453D-AF75-ACEF6C910D43}.Release|x64.ActiveCfg = Release|Any CPU
		{E8602BD2-7AF1-453D-AF75-ACEF6C910D43}.Release|x64.Build.0 = Release|Any CPU
		{E8602BD2-7AF1-453D-AF75-ACEF6C910D43}.Release|x86.ActiveCfg = Release|Any CPU
		{E8602BD2-7AF1-453D-AF75-ACEF6C910D43}.Release|x86.Build.0 = Release|Any CPU
		{A34C89B8-9766-43E2-9A87-1823F3F9EC23}.Ad-Hoc|Any CPU.ActiveCfg = Release|Any CPU
		{A34C89B8-9766-43E2-9A87-1823F3F9EC23}.Ad-Hoc|Any CPU.Build.0 = Release|Any CPU
		{A34C89B8-9766-43E2-9A87-1823F3F9EC23}.Ad-Hoc|ARM.ActiveCfg = Release|Any CPU
		{A34C89B8-9766-43E2-9A87-1823F3F9EC23}.Ad-Hoc|ARM.Build.0 = Release|Any CPU
		{A34C89B8-9766-43E2-9A87-1823F3F9EC23}.Ad-Hoc|iPhone.ActiveCfg = Release|Any CPU
		{A34C89B8-9766-43E2-9A87-1823F3F9EC23}.Ad-Hoc|iPhone.Build.0 = Release|Any CPU
		{A34C89B8-9766-43E2-9A87-1823F3F9EC23}.Ad-Hoc|iPhoneSimulator.ActiveCfg = Release|Any CPU
		{A34C89B8-9766-43E2-9A87-1823F3F9EC23}.Ad-Hoc|iPhoneSimulator.Build.0 = Release|Any CPU
		{A34C89B8-9766-43E2-9A87-1823F3F9EC23}.Ad-Hoc|x64.ActiveCfg = Release|Any CPU
		{A34C89B8-9766-43E2-9A87-1823F3F9EC23}.Ad-Hoc|x64.Build.0 = Release|Any CPU
		{A34C89B8-9766-43E2-9A87-1823F3F9EC23}.Ad-Hoc|x86.ActiveCfg = Release|Any CPU
		{A34C89B8-9766-43E2-9A87-1823F3F9EC23}.Ad-Hoc|x86.Build.0 = Release|Any CPU
		{A34C89B8-9766-43E2-9A87-1823F3F9EC23}.AppStore|Any CPU.ActiveCfg = Release|Any CPU
		{A34C89B8-9766-43E2-9A87-1823F3F9EC23}.AppStore|Any CPU.Build.0 = Release|Any CPU
		{A34C89B8-9766-43E2-9A87-1823F3F9EC23}.AppStore|ARM.ActiveCfg = Release|Any CPU
		{A34C89B8-9766-43E2-9A87-1823F3F9EC23}.AppStore|ARM.Build.0 = Release|Any CPU
		{A34C89B8-9766-43E2-9A87-1823F3F9EC23}.AppStore|iPhone.ActiveCfg = Release|Any CPU
		{A34C89B8-9766-43E2-9A87-1823F3F9EC23}.AppStore|iPhone.Build.0 = Release|Any CPU
		{A34C89B8-9766-43E2-9A87-1823F3F9EC23}.AppStore|iPhoneSimulator.ActiveCfg = Release|Any CPU
		{A34C89B8-9766-43E2-9A87-1823F3F9EC23}.AppStore|iPhoneSimulator.Build.0 = Release|Any CPU
		{A34C89B8-9766-43E2-9A87-1823F3F9EC23}.AppStore|x64.ActiveCfg = Release|Any CPU
		{A34C89B8-9766-43E2-9A87-1823F3F9EC23}.AppStore|x64.Build.0 = Release|Any CPU
		{A34C89B8-9766-43E2-9A87-1823F3F9EC23}.AppStore|x86.ActiveCfg = Release|Any CPU
		{A34C89B8-9766-43E2-9A87-1823F3F9EC23}.AppStore|x86.Build.0 = Release|Any CPU
		{A34C89B8-9766-43E2-9A87-1823F3F9EC23}.Debug|Any CPU.ActiveCfg = Debug|Any CPU
		{A34C89B8-9766-43E2-9A87-1823F3F9EC23}.Debug|Any CPU.Build.0 = Debug|Any CPU
		{A34C89B8-9766-43E2-9A87-1823F3F9EC23}.Debug|ARM.ActiveCfg = Debug|Any CPU
		{A34C89B8-9766-43E2-9A87-1823F3F9EC23}.Debug|ARM.Build.0 = Debug|Any CPU
		{A34C89B8-9766-43E2-9A87-1823F3F9EC23}.Debug|iPhone.ActiveCfg = Debug|Any CPU
		{A34C89B8-9766-43E2-9A87-1823F3F9EC23}.Debug|iPhone.Build.0 = Debug|Any CPU
		{A34C89B8-9766-43E2-9A87-1823F3F9EC23}.Debug|iPhoneSimulator.ActiveCfg = Debug|Any CPU
		{A34C89B8-9766-43E2-9A87-1823F3F9EC23}.Debug|iPhoneSimulator.Build.0 = Debug|Any CPU
		{A34C89B8-9766-43E2-9A87-1823F3F9EC23}.Debug|x64.ActiveCfg = Debug|Any CPU
		{A34C89B8-9766-43E2-9A87-1823F3F9EC23}.Debug|x64.Build.0 = Debug|Any CPU
		{A34C89B8-9766-43E2-9A87-1823F3F9EC23}.Debug|x86.ActiveCfg = Debug|Any CPU
		{A34C89B8-9766-43E2-9A87-1823F3F9EC23}.Debug|x86.Build.0 = Debug|Any CPU
		{A34C89B8-9766-43E2-9A87-1823F3F9EC23}.Release|Any CPU.ActiveCfg = Release|Any CPU
		{A34C89B8-9766-43E2-9A87-1823F3F9EC23}.Release|Any CPU.Build.0 = Release|Any CPU
		{A34C89B8-9766-43E2-9A87-1823F3F9EC23}.Release|ARM.ActiveCfg = Release|Any CPU
		{A34C89B8-9766-43E2-9A87-1823F3F9EC23}.Release|ARM.Build.0 = Release|Any CPU
		{A34C89B8-9766-43E2-9A87-1823F3F9EC23}.Release|iPhone.ActiveCfg = Release|Any CPU
		{A34C89B8-9766-43E2-9A87-1823F3F9EC23}.Release|iPhone.Build.0 = Release|Any CPU
		{A34C89B8-9766-43E2-9A87-1823F3F9EC23}.Release|iPhoneSimulator.ActiveCfg = Release|Any CPU
		{A34C89B8-9766-43E2-9A87-1823F3F9EC23}.Release|iPhoneSimulator.Build.0 = Release|Any CPU
		{A34C89B8-9766-43E2-9A87-1823F3F9EC23}.Release|x64.ActiveCfg = Release|Any CPU
		{A34C89B8-9766-43E2-9A87-1823F3F9EC23}.Release|x64.Build.0 = Release|Any CPU
		{A34C89B8-9766-43E2-9A87-1823F3F9EC23}.Release|x86.ActiveCfg = Release|Any CPU
		{A34C89B8-9766-43E2-9A87-1823F3F9EC23}.Release|x86.Build.0 = Release|Any CPU
	EndGlobalSection
	GlobalSection(SolutionProperties) = preSolution
		HideSolutionNode = FALSE
	EndGlobalSection
	GlobalSection(ExtensibilityGlobals) = postSolution
		SolutionGuid = {27B160CF-22EB-4696-B1CA-A19D117968C6}
	EndGlobalSection
EndGlobal
